// !$*UTF8*$!
{
	archiveVersion = 1;
	classes = {
	};
	objectVersion = 46;
	objects = {

/* Begin PBXBuildFile section */
		830EEB4A19C55A6500C81EA5 /* cxSpine.json in Resources */ = {isa = PBXBuildFile; fileRef = 830EEB4919C55A6500C81EA5 /* cxSpine.json */; };
		830EEBB819C5CB4500C81EA5 /* cxLabelBMP.json in Resources */ = {isa = PBXBuildFile; fileRef = 830EEBB719C5CB4500C81EA5 /* cxLabelBMP.json */; };
		831ABCBC19249044001A86F1 /* cxParticle.json in Resources */ = {isa = PBXBuildFile; fileRef = 831ABCBB19249044001A86F1 /* cxParticle.json */; };
		831ABCC319249D23001A86F1 /* cxView.json in Resources */ = {isa = PBXBuildFile; fileRef = 831ABCC219249D23001A86F1 /* cxView.json */; };
		831ABCC61924C69F001A86F1 /* cxSprite.json in Resources */ = {isa = PBXBuildFile; fileRef = 831ABCC51924C69F001A86F1 /* cxSprite.json */; };
		8321071219CC746900B1AA1E /* candy.json in Resources */ = {isa = PBXBuildFile; fileRef = 8321071019CC746900B1AA1E /* candy.json */; };
		8321071319CC746900B1AA1E /* candy.png in Resources */ = {isa = PBXBuildFile; fileRef = 8321071119CC746900B1AA1E /* candy.png */; };
		83314F6918D9C5D00093FF54 /* libevent.a in Frameworks */ = {isa = PBXBuildFile; fileRef = 83314F6018D9C5D00093FF54 /* libevent.a */; };
		83314F6C18D9C5D00093FF54 /* libjansson.a in Frameworks */ = {isa = PBXBuildFile; fileRef = 83314F6318D9C5D00093FF54 /* libjansson.a */; };
		83314F6D18D9C5D00093FF54 /* libjpeg.a in Frameworks */ = {isa = PBXBuildFile; fileRef = 83314F6418D9C5D00093FF54 /* libjpeg.a */; };
		83314F6F18D9C5D00093FF54 /* libpcre.a in Frameworks */ = {isa = PBXBuildFile; fileRef = 83314F6618D9C5D00093FF54 /* libpcre.a */; };
		83314F7018D9C5D00093FF54 /* libpng.a in Frameworks */ = {isa = PBXBuildFile; fileRef = 83314F6718D9C5D00093FF54 /* libpng.a */; };
		83314F7318D9C6530093FF54 /* main.c in Sources */ = {isa = PBXBuildFile; fileRef = 83314F7218D9C6530093FF54 /* main.c */; };
		8341C69D182280C20045A66F /* AudioToolbox.framework in Frameworks */ = {isa = PBXBuildFile; fileRef = 8341C69C182280C20045A66F /* AudioToolbox.framework */; };
		8341C69F182280E20045A66F /* libz.dylib in Frameworks */ = {isa = PBXBuildFile; fileRef = 8341C69E182280E20045A66F /* libz.dylib */; };
		8341C6A3182280ED0045A66F /* libiconv.dylib in Frameworks */ = {isa = PBXBuildFile; fileRef = 8341C6A2182280ED0045A66F /* libiconv.dylib */; };
		834327B619B8011900B4927F /* cxTable.json in Resources */ = {isa = PBXBuildFile; fileRef = 834327B519B8011900B4927F /* cxTable.json */; };
		834327BB19B8034400B4927F /* red.png in Resources */ = {isa = PBXBuildFile; fileRef = 834327B819B8034400B4927F /* red.png */; };
		834327BC19B8034400B4927F /* t.png in Resources */ = {isa = PBXBuildFile; fileRef = 834327B919B8034400B4927F /* t.png */; };
		834327BD19B8034400B4927F /* yellow.png in Resources */ = {isa = PBXBuildFile; fileRef = 834327BA19B8034400B4927F /* yellow.png */; };
		8344F0AB18D3F46C0003E410 /* OpenGLES.framework in Frameworks */ = {isa = PBXBuildFile; fileRef = 8344F0AA18D3F46C0003E410 /* OpenGLES.framework */; };
		8344F0AC18D3F47A0003E410 /* UIKit.framework in Frameworks */ = {isa = PBXBuildFile; fileRef = 8344F0A818D3F4380003E410 /* UIKit.framework */; };
		8344F0AE18D3F4830003E410 /* QuartzCore.framework in Frameworks */ = {isa = PBXBuildFile; fileRef = 8344F0AD18D3F4830003E410 /* QuartzCore.framework */; };
		8344F0B018D3F4960003E410 /* CoreGraphics.framework in Frameworks */ = {isa = PBXBuildFile; fileRef = 8344F0AF18D3F4960003E410 /* CoreGraphics.framework */; };
		8344F0B218D3F4A50003E410 /* OpenAL.framework in Frameworks */ = {isa = PBXBuildFile; fileRef = 8344F0B118D3F4A50003E410 /* OpenAL.framework */; };
		8344F0B418D3F4A90003E410 /* Foundation.framework in Frameworks */ = {isa = PBXBuildFile; fileRef = 8344F0B318D3F4A90003E410 /* Foundation.framework */; };
		83583428185EB87E0057E40B /* AVFoundation.framework in Frameworks */ = {isa = PBXBuildFile; fileRef = 83583427185EB87E0057E40B /* AVFoundation.framework */; };
		835D3B2D19AF21680004155D /* texture.png in Resources */ = {isa = PBXBuildFile; fileRef = 835D3B2C19AF21680004155D /* texture.png */; };
		835DB19919C44C650037DA5B /* spineboy.atlas in Resources */ = {isa = PBXBuildFile; fileRef = 835DB19519C44C650037DA5B /* spineboy.atlas */; };
		835DB19A19C44C650037DA5B /* spineboy.json in Resources */ = {isa = PBXBuildFile; fileRef = 835DB19619C44C650037DA5B /* spineboy.json */; };
		835DB19B19C44C650037DA5B /* spineboy.png in Resources */ = {isa = PBXBuildFile; fileRef = 835DB19719C44C650037DA5B /* spineboy.png */; };
		835DB19C19C44C650037DA5B /* t.pkm in Resources */ = {isa = PBXBuildFile; fileRef = 835DB19819C44C650037DA5B /* t.pkm */; };
		835DB1C419C4A0F80037DA5B /* goblins.atlas in Resources */ = {isa = PBXBuildFile; fileRef = 835DB1C119C4A0F80037DA5B /* goblins.atlas */; };
		835DB1C519C4A0F80037DA5B /* goblins.json in Resources */ = {isa = PBXBuildFile; fileRef = 835DB1C219C4A0F80037DA5B /* goblins.json */; };
		835DB1C619C4A0F80037DA5B /* goblins.png in Resources */ = {isa = PBXBuildFile; fileRef = 835DB1C319C4A0F80037DA5B /* goblins.png */; };
		836165D618F67BC400FFF173 /* Default-568h@2x.png in Resources */ = {isa = PBXBuildFile; fileRef = 836165D518F67BC400FFF173 /* Default-568h@2x.png */; };
		836D8DA7191B8C02000F0230 /* cxScroll.json in Resources */ = {isa = PBXBuildFile; fileRef = 836D8DA6191B8C02000F0230 /* cxScroll.json */; };
		83732B4219B9BF740049D09A /* cxAnimate.json in Resources */ = {isa = PBXBuildFile; fileRef = 83732B4119B9BF740049D09A /* cxAnimate.json */; };
		83771AC218D9C70200CFC7F6 /* libcxEngineIOS.a in Frameworks */ = {isa = PBXBuildFile; fileRef = 83771AC118D9C6F900CFC7F6 /* libcxEngineIOS.a */; };
		839722AE19161746006D0F89 /* font.json in Resources */ = {isa = PBXBuildFile; fileRef = 839722AC19161746006D0F89 /* font.json */; };
		839722AF19161746006D0F89 /* font.png in Resources */ = {isa = PBXBuildFile; fileRef = 839722AD19161746006D0F89 /* font.png */; };
		839E42D119E18F5000A3498A /* cxSprites.json in Resources */ = {isa = PBXBuildFile; fileRef = 839E42D019E18F5000A3498A /* cxSprites.json */; };
		83D9FFA019CB32B400F0EAB2 /* odus_cutout.pkm in Resources */ = {isa = PBXBuildFile; fileRef = 83D9FF9E19CB32B400F0EAB2 /* odus_cutout.pkm */; };
		83D9FFA119CB32B400F0EAB2 /* odus_cutout.pkm.alpha in Resources */ = {isa = PBXBuildFile; fileRef = 83D9FF9F19CB32B400F0EAB2 /* odus_cutout.pkm.alpha */; };
		83DAD700191A14A6000A7D1F /* ui.json in Resources */ = {isa = PBXBuildFile; fileRef = 83DAD6FF191A14A6000A7D1F /* ui.json */; };
		83DAD707191A26BF000A7D1F /* pvr.json in Resources */ = {isa = PBXBuildFile; fileRef = 83DAD705191A26BF000A7D1F /* pvr.json */; };
		83DAD708191A26BF000A7D1F /* texture.pvr in Resources */ = {isa = PBXBuildFile; fileRef = 83DAD706191A26BF000A7D1F /* texture.pvr */; };
		83DAD70A191A386C000A7D1F /* cxLabelTTF.json in Resources */ = {isa = PBXBuildFile; fileRef = 83DAD709191A386C000A7D1F /* cxLabelTTF.json */; };
		83F3CCD0191B674D00D6BCFB /* cxAtlas.json in Resources */ = {isa = PBXBuildFile; fileRef = 83F3CCCF191B674D00D6BCFB /* cxAtlas.json */; };
/* End PBXBuildFile section */

/* Begin PBXContainerItemProxy section */
		83771AC018D9C6F900CFC7F6 /* PBXContainerItemProxy */ = {
			isa = PBXContainerItemProxy;
			containerPortal = 83771ABC18D9C6F900CFC7F6 /* cxEngineIOS.xcodeproj */;
			proxyType = 2;
			remoteGlobalIDString = 8341C34B18227C310045A66F;
			remoteInfo = cxEngineIOS;
		};
/* End PBXContainerItemProxy section */

/* Begin PBXFileReference section */
		8300651F18232BE000AF680D /* test.app */ = {isa = PBXFileReference; explicitFileType = wrapper.application; includeInIndex = 0; path = test.app; sourceTree = BUILT_PRODUCTS_DIR; };
		830EEB4919C55A6500C81EA5 /* cxSpine.json */ = {isa = PBXFileReference; fileEncoding = 4; lastKnownFileType = text.json; name = cxSpine.json; path = res/cxSpine.json; sourceTree = SOURCE_ROOT; };
		830EEBB719C5CB4500C81EA5 /* cxLabelBMP.json */ = {isa = PBXFileReference; fileEncoding = 4; lastKnownFileType = text.json; name = cxLabelBMP.json; path = res/cxLabelBMP.json; sourceTree = SOURCE_ROOT; };
		831ABCBB19249044001A86F1 /* cxParticle.json */ = {isa = PBXFileReference; fileEncoding = 4; lastKnownFileType = text.json; name = cxParticle.json; path = res/cxParticle.json; sourceTree = SOURCE_ROOT; };
		831ABCC219249D23001A86F1 /* cxView.json */ = {isa = PBXFileReference; fileEncoding = 4; lastKnownFileType = text.json; name = cxView.json; path = res/cxView.json; sourceTree = SOURCE_ROOT; };
		831ABCC51924C69F001A86F1 /* cxSprite.json */ = {isa = PBXFileReference; fileEncoding = 4; lastKnownFileType = text.json; name = cxSprite.json; path = res/cxSprite.json; sourceTree = SOURCE_ROOT; };
		8321071019CC746900B1AA1E /* candy.json */ = {isa = PBXFileReference; fileEncoding = 4; lastKnownFileType = text.json; name = candy.json; path = res/candy.json; sourceTree = SOURCE_ROOT; };
		8321071119CC746900B1AA1E /* candy.png */ = {isa = PBXFileReference; lastKnownFileType = image.png; name = candy.png; path = res/candy.png; sourceTree = SOURCE_ROOT; };
		83314F6018D9C5D00093FF54 /* libevent.a */ = {isa = PBXFileReference; lastKnownFileType = archive.ar; name = libevent.a; path = ../libs/ios/lib/libevent.a; sourceTree = "<group>"; };
		83314F6318D9C5D00093FF54 /* libjansson.a */ = {isa = PBXFileReference; lastKnownFileType = archive.ar; name = libjansson.a; path = ../libs/ios/lib/libjansson.a; sourceTree = "<group>"; };
		83314F6418D9C5D00093FF54 /* libjpeg.a */ = {isa = PBXFileReference; lastKnownFileType = archive.ar; name = libjpeg.a; path = ../libs/ios/lib/libjpeg.a; sourceTree = "<group>"; };
		83314F6618D9C5D00093FF54 /* libpcre.a */ = {isa = PBXFileReference; lastKnownFileType = archive.ar; name = libpcre.a; path = ../libs/ios/lib/libpcre.a; sourceTree = "<group>"; };
		83314F6718D9C5D00093FF54 /* libpng.a */ = {isa = PBXFileReference; lastKnownFileType = archive.ar; name = libpng.a; path = ../libs/ios/lib/libpng.a; sourceTree = "<group>"; };
		83314F7218D9C6530093FF54 /* main.c */ = {isa = PBXFileReference; fileEncoding = 4; lastKnownFileType = sourcecode.c.c; path = main.c; sourceTree = SOURCE_ROOT; };
		8341C69C182280C20045A66F /* AudioToolbox.framework */ = {isa = PBXFileReference; lastKnownFileType = wrapper.framework; name = AudioToolbox.framework; path = System/Library/Frameworks/AudioToolbox.framework; sourceTree = SDKROOT; };
		8341C69E182280E20045A66F /* libz.dylib */ = {isa = PBXFileReference; lastKnownFileType = "compiled.mach-o.dylib"; name = libz.dylib; path = usr/lib/libz.dylib; sourceTree = SDKROOT; };
		8341C6A2182280ED0045A66F /* libiconv.dylib */ = {isa = PBXFileReference; lastKnownFileType = "compiled.mach-o.dylib"; name = libiconv.dylib; path = usr/lib/libiconv.dylib; sourceTree = SDKROOT; };
		834327B519B8011900B4927F /* cxTable.json */ = {isa = PBXFileReference; fileEncoding = 4; lastKnownFileType = text.json; name = cxTable.json; path = res/cxTable.json; sourceTree = SOURCE_ROOT; };
		834327B819B8034400B4927F /* red.png */ = {isa = PBXFileReference; lastKnownFileType = image.png; name = red.png; path = res/red.png; sourceTree = SOURCE_ROOT; };
		834327B919B8034400B4927F /* t.png */ = {isa = PBXFileReference; lastKnownFileType = image.png; name = t.png; path = res/t.png; sourceTree = SOURCE_ROOT; };
		834327BA19B8034400B4927F /* yellow.png */ = {isa = PBXFileReference; lastKnownFileType = image.png; name = yellow.png; path = res/yellow.png; sourceTree = SOURCE_ROOT; };
		8344F0A818D3F4380003E410 /* UIKit.framework */ = {isa = PBXFileReference; lastKnownFileType = wrapper.framework; name = UIKit.framework; path = System/Library/Frameworks/UIKit.framework; sourceTree = SDKROOT; };
		8344F0AA18D3F46C0003E410 /* OpenGLES.framework */ = {isa = PBXFileReference; lastKnownFileType = wrapper.framework; name = OpenGLES.framework; path = System/Library/Frameworks/OpenGLES.framework; sourceTree = SDKROOT; };
		8344F0AD18D3F4830003E410 /* QuartzCore.framework */ = {isa = PBXFileReference; lastKnownFileType = wrapper.framework; name = QuartzCore.framework; path = System/Library/Frameworks/QuartzCore.framework; sourceTree = SDKROOT; };
		8344F0AF18D3F4960003E410 /* CoreGraphics.framework */ = {isa = PBXFileReference; lastKnownFileType = wrapper.framework; name = CoreGraphics.framework; path = System/Library/Frameworks/CoreGraphics.framework; sourceTree = SDKROOT; };
		8344F0B118D3F4A50003E410 /* OpenAL.framework */ = {isa = PBXFileReference; lastKnownFileType = wrapper.framework; name = OpenAL.framework; path = System/Library/Frameworks/OpenAL.framework; sourceTree = SDKROOT; };
		8344F0B318D3F4A90003E410 /* Foundation.framework */ = {isa = PBXFileReference; lastKnownFileType = wrapper.framework; name = Foundation.framework; path = System/Library/Frameworks/Foundation.framework; sourceTree = SDKROOT; };
		83583427185EB87E0057E40B /* AVFoundation.framework */ = {isa = PBXFileReference; lastKnownFileType = wrapper.framework; name = AVFoundation.framework; path = System/Library/Frameworks/AVFoundation.framework; sourceTree = SDKROOT; };
		835D3B2C19AF21680004155D /* texture.png */ = {isa = PBXFileReference; lastKnownFileType = image.png; name = texture.png; path = res/texture.png; sourceTree = SOURCE_ROOT; };
		835DB19519C44C650037DA5B /* spineboy.atlas */ = {isa = PBXFileReference; fileEncoding = 4; lastKnownFileType = text; name = spineboy.atlas; path = res/spineboy.atlas; sourceTree = SOURCE_ROOT; };
		835DB19619C44C650037DA5B /* spineboy.json */ = {isa = PBXFileReference; fileEncoding = 4; lastKnownFileType = text.json; name = spineboy.json; path = res/spineboy.json; sourceTree = SOURCE_ROOT; };
		835DB19719C44C650037DA5B /* spineboy.png */ = {isa = PBXFileReference; lastKnownFileType = image.png; name = spineboy.png; path = res/spineboy.png; sourceTree = SOURCE_ROOT; };
		835DB19819C44C650037DA5B /* t.pkm */ = {isa = PBXFileReference; lastKnownFileType = file; name = t.pkm; path = res/t.pkm; sourceTree = SOURCE_ROOT; };
		835DB1C119C4A0F80037DA5B /* goblins.atlas */ = {isa = PBXFileReference; fileEncoding = 4; lastKnownFileType = text; name = goblins.atlas; path = res/goblins.atlas; sourceTree = SOURCE_ROOT; };
		835DB1C219C4A0F80037DA5B /* goblins.json */ = {isa = PBXFileReference; fileEncoding = 4; lastKnownFileType = text.json; name = goblins.json; path = res/goblins.json; sourceTree = SOURCE_ROOT; };
		835DB1C319C4A0F80037DA5B /* goblins.png */ = {isa = PBXFileReference; lastKnownFileType = image.png; name = goblins.png; path = res/goblins.png; sourceTree = SOURCE_ROOT; };
		836165D518F67BC400FFF173 /* Default-568h@2x.png */ = {isa = PBXFileReference; lastKnownFileType = image.png; path = "Default-568h@2x.png"; sourceTree = SOURCE_ROOT; };
		836D8DA6191B8C02000F0230 /* cxScroll.json */ = {isa = PBXFileReference; fileEncoding = 4; lastKnownFileType = text.json; name = cxScroll.json; path = res/cxScroll.json; sourceTree = SOURCE_ROOT; };
		83732B4119B9BF740049D09A /* cxAnimate.json */ = {isa = PBXFileReference; fileEncoding = 4; lastKnownFileType = text.json; name = cxAnimate.json; path = res/cxAnimate.json; sourceTree = SOURCE_ROOT; };
		83771ABC18D9C6F900CFC7F6 /* cxEngineIOS.xcodeproj */ = {isa = PBXFileReference; lastKnownFileType = "wrapper.pb-project"; name = cxEngineIOS.xcodeproj; path = ../cxEngineIOS.xcodeproj; sourceTree = "<group>"; };
		839722AC19161746006D0F89 /* font.json */ = {isa = PBXFileReference; fileEncoding = 4; lastKnownFileType = text.json; name = font.json; path = res/font.json; sourceTree = SOURCE_ROOT; };
		839722AD19161746006D0F89 /* font.png */ = {isa = PBXFileReference; lastKnownFileType = image.png; name = font.png; path = res/font.png; sourceTree = SOURCE_ROOT; };
		839E42D019E18F5000A3498A /* cxSprites.json */ = {isa = PBXFileReference; fileEncoding = 4; lastKnownFileType = text.json; name = cxSprites.json; path = res/cxSprites.json; sourceTree = SOURCE_ROOT; };
		83D9FF9E19CB32B400F0EAB2 /* odus_cutout.pkm */ = {isa = PBXFileReference; lastKnownFileType = file; name = odus_cutout.pkm; path = res/odus_cutout.pkm; sourceTree = SOURCE_ROOT; };
		83D9FF9F19CB32B400F0EAB2 /* odus_cutout.pkm.alpha */ = {isa = PBXFileReference; lastKnownFileType = file; name = odus_cutout.pkm.alpha; path = res/odus_cutout.pkm.alpha; sourceTree = SOURCE_ROOT; };
		83DAD6FF191A14A6000A7D1F /* ui.json */ = {isa = PBXFileReference; fileEncoding = 4; lastKnownFileType = text.json; name = ui.json; path = res/ui.json; sourceTree = SOURCE_ROOT; };
		83DAD705191A26BF000A7D1F /* pvr.json */ = {isa = PBXFileReference; fileEncoding = 4; lastKnownFileType = text.json; name = pvr.json; path = res/pvr.json; sourceTree = SOURCE_ROOT; };
		83DAD706191A26BF000A7D1F /* texture.pvr */ = {isa = PBXFileReference; lastKnownFileType = file; name = texture.pvr; path = res/texture.pvr; sourceTree = SOURCE_ROOT; };
		83DAD709191A386C000A7D1F /* cxLabelTTF.json */ = {isa = PBXFileReference; fileEncoding = 4; lastKnownFileType = text.json; name = cxLabelTTF.json; path = res/cxLabelTTF.json; sourceTree = SOURCE_ROOT; };
		83F3CCCF191B674D00D6BCFB /* cxAtlas.json */ = {isa = PBXFileReference; fileEncoding = 4; lastKnownFileType = text.json; name = cxAtlas.json; path = res/cxAtlas.json; sourceTree = SOURCE_ROOT; };
/* End PBXFileReference section */

/* Begin PBXFrameworksBuildPhase section */
		839E7A4317F1BC7600B0F5EC /* Frameworks */ = {
			isa = PBXFrameworksBuildPhase;
			buildActionMask = 2147483647;
			files = (
				83771AC218D9C70200CFC7F6 /* libcxEngineIOS.a in Frameworks */,
				83314F6918D9C5D00093FF54 /* libevent.a in Frameworks */,
				83314F6C18D9C5D00093FF54 /* libjansson.a in Frameworks */,
				83314F6D18D9C5D00093FF54 /* libjpeg.a in Frameworks */,
				83314F6F18D9C5D00093FF54 /* libpcre.a in Frameworks */,
				83314F7018D9C5D00093FF54 /* libpng.a in Frameworks */,
				8344F0B418D3F4A90003E410 /* Foundation.framework in Frameworks */,
				8344F0B218D3F4A50003E410 /* OpenAL.framework in Frameworks */,
				8344F0B018D3F4960003E410 /* CoreGraphics.framework in Frameworks */,
				8344F0AE18D3F4830003E410 /* QuartzCore.framework in Frameworks */,
				8344F0AC18D3F47A0003E410 /* UIKit.framework in Frameworks */,
				8344F0AB18D3F46C0003E410 /* OpenGLES.framework in Frameworks */,
				83583428185EB87E0057E40B /* AVFoundation.framework in Frameworks */,
				8341C69D182280C20045A66F /* AudioToolbox.framework in Frameworks */,
				8341C6A3182280ED0045A66F /* libiconv.dylib in Frameworks */,
				8341C69F182280E20045A66F /* libz.dylib in Frameworks */,
			);
			runOnlyForDeploymentPostprocessing = 0;
		};
/* End PBXFrameworksBuildPhase section */

/* Begin PBXGroup section */
		83771ABD18D9C6F900CFC7F6 /* Products */ = {
			isa = PBXGroup;
			children = (
				83771AC118D9C6F900CFC7F6 /* libcxEngineIOS.a */,
			);
			name = Products;
			sourceTree = "<group>";
		};
		839E7A3D17F1BC7600B0F5EC = {
			isa = PBXGroup;
			children = (
				83771ABC18D9C6F900CFC7F6 /* cxEngineIOS.xcodeproj */,
				839E7A5317F1BC7600B0F5EC /* test */,
				839E7A4817F1BC7600B0F5EC /* Frameworks */,
				839E7A5417F1BC7600B0F5EC /* Supporting Files */,
				8300651F18232BE000AF680D /* test.app */,
			);
			sourceTree = "<group>";
		};
		839E7A4817F1BC7600B0F5EC /* Frameworks */ = {
			isa = PBXGroup;
			children = (
				83314F6018D9C5D00093FF54 /* libevent.a */,
				83314F6318D9C5D00093FF54 /* libjansson.a */,
				83314F6418D9C5D00093FF54 /* libjpeg.a */,
				83314F6618D9C5D00093FF54 /* libpcre.a */,
				83314F6718D9C5D00093FF54 /* libpng.a */,
				8344F0B318D3F4A90003E410 /* Foundation.framework */,
				8344F0B118D3F4A50003E410 /* OpenAL.framework */,
				8344F0AF18D3F4960003E410 /* CoreGraphics.framework */,
				8344F0AD18D3F4830003E410 /* QuartzCore.framework */,
				8344F0AA18D3F46C0003E410 /* OpenGLES.framework */,
				8344F0A818D3F4380003E410 /* UIKit.framework */,
				83583427185EB87E0057E40B /* AVFoundation.framework */,
				8341C6A2182280ED0045A66F /* libiconv.dylib */,
				8341C69E182280E20045A66F /* libz.dylib */,
				8341C69C182280C20045A66F /* AudioToolbox.framework */,
			);
			name = Frameworks;
			sourceTree = "<group>";
		};
		839E7A5317F1BC7600B0F5EC /* test */ = {
			isa = PBXGroup;
			children = (
				83314F7218D9C6530093FF54 /* main.c */,
			);
			name = test;
			path = cxEngine;
			sourceTree = "<group>";
		};
		839E7A5417F1BC7600B0F5EC /* Supporting Files */ = {
			isa = PBXGroup;
			children = (
				839E42D019E18F5000A3498A /* cxSprites.json */,
				8321071019CC746900B1AA1E /* candy.json */,
				8321071119CC746900B1AA1E /* candy.png */,
				83D9FF9E19CB32B400F0EAB2 /* odus_cutout.pkm */,
				83D9FF9F19CB32B400F0EAB2 /* odus_cutout.pkm.alpha */,
				830EEB4919C55A6500C81EA5 /* cxSpine.json */,
				835DB1C119C4A0F80037DA5B /* goblins.atlas */,
				835DB1C219C4A0F80037DA5B /* goblins.json */,
				835DB1C319C4A0F80037DA5B /* goblins.png */,
				835DB19519C44C650037DA5B /* spineboy.atlas */,
				835DB19619C44C650037DA5B /* spineboy.json */,
				835DB19719C44C650037DA5B /* spineboy.png */,
				835DB19819C44C650037DA5B /* t.pkm */,
				83732B4119B9BF740049D09A /* cxAnimate.json */,
				834327B819B8034400B4927F /* red.png */,
				834327B919B8034400B4927F /* t.png */,
				834327BA19B8034400B4927F /* yellow.png */,
				834327B519B8011900B4927F /* cxTable.json */,
				831ABCC219249D23001A86F1 /* cxView.json */,
				831ABCC51924C69F001A86F1 /* cxSprite.json */,
				831ABCBB19249044001A86F1 /* cxParticle.json */,
				836D8DA6191B8C02000F0230 /* cxScroll.json */,
				83F3CCCF191B674D00D6BCFB /* cxAtlas.json */,
				83DAD709191A386C000A7D1F /* cxLabelTTF.json */,
				830EEBB719C5CB4500C81EA5 /* cxLabelBMP.json */,
				83DAD705191A26BF000A7D1F /* pvr.json */,
				83DAD706191A26BF000A7D1F /* texture.pvr */,
				835D3B2C19AF21680004155D /* texture.png */,
				83DAD6FF191A14A6000A7D1F /* ui.json */,
				839722AC19161746006D0F89 /* font.json */,
				839722AD19161746006D0F89 /* font.png */,
				836165D518F67BC400FFF173 /* Default-568h@2x.png */,
			);
			name = "Supporting Files";
			path = cxEngine;
			sourceTree = "<group>";
		};
/* End PBXGroup section */

/* Begin PBXNativeTarget section */
		839E7A4517F1BC7600B0F5EC /* test */ = {
			isa = PBXNativeTarget;
			buildConfigurationList = 839E7A8017F1BC7600B0F5EC /* Build configuration list for PBXNativeTarget "test" */;
			buildPhases = (
				839E7A4217F1BC7600B0F5EC /* Sources */,
				839E7A4317F1BC7600B0F5EC /* Frameworks */,
				839E7A4417F1BC7600B0F5EC /* Resources */,
			);
			buildRules = (
			);
			dependencies = (
			);
			name = test;
			productName = cxEngine;
			productReference = 8300651F18232BE000AF680D /* test.app */;
			productType = "com.apple.product-type.application";
		};
/* End PBXNativeTarget section */

/* Begin PBXProject section */
		839E7A3E17F1BC7600B0F5EC /* Project object */ = {
			isa = PBXProject;
			attributes = {
				CLASSPREFIX = cx;
				LastUpgradeCheck = 0600;
				ORGANIZATIONNAME = xuhua;
				TargetAttributes = {
					839E7A4517F1BC7600B0F5EC = {
						DevelopmentTeam = A7FD348C73;
					};
				};
			};
			buildConfigurationList = 839E7A4117F1BC7600B0F5EC /* Build configuration list for PBXProject "test" */;
			compatibilityVersion = "Xcode 3.2";
			developmentRegion = English;
			hasScannedForEncodings = 0;
			knownRegions = (
				en,
				Base,
			);
			mainGroup = 839E7A3D17F1BC7600B0F5EC;
			productRefGroup = 839E7A3D17F1BC7600B0F5EC;
			projectDirPath = "";
			projectReferences = (
				{
					ProductGroup = 83771ABD18D9C6F900CFC7F6 /* Products */;
					ProjectRef = 83771ABC18D9C6F900CFC7F6 /* cxEngineIOS.xcodeproj */;
				},
			);
			projectRoot = "";
			targets = (
				839E7A4517F1BC7600B0F5EC /* test */,
			);
		};
/* End PBXProject section */

/* Begin PBXReferenceProxy section */
		83771AC118D9C6F900CFC7F6 /* libcxEngineIOS.a */ = {
			isa = PBXReferenceProxy;
			fileType = archive.ar;
			path = libcxEngineIOS.a;
			remoteRef = 83771AC018D9C6F900CFC7F6 /* PBXContainerItemProxy */;
			sourceTree = BUILT_PRODUCTS_DIR;
		};
/* End PBXReferenceProxy section */

/* Begin PBXResourcesBuildPhase section */
		839E7A4417F1BC7600B0F5EC /* Resources */ = {
			isa = PBXResourcesBuildPhase;
			buildActionMask = 2147483647;
			files = (
				83D9FFA019CB32B400F0EAB2 /* odus_cutout.pkm in Resources */,
				83DAD708191A26BF000A7D1F /* texture.pvr in Resources */,
				839722AE19161746006D0F89 /* font.json in Resources */,
				83DAD700191A14A6000A7D1F /* ui.json in Resources */,
				834327BB19B8034400B4927F /* red.png in Resources */,
				835DB19B19C44C650037DA5B /* spineboy.png in Resources */,
				831ABCC61924C69F001A86F1 /* cxSprite.json in Resources */,
				836165D618F67BC400FFF173 /* Default-568h@2x.png in Resources */,
				835D3B2D19AF21680004155D /* texture.png in Resources */,
				831ABCBC19249044001A86F1 /* cxParticle.json in Resources */,
				835DB19A19C44C650037DA5B /* spineboy.json in Resources */,
				8321071319CC746900B1AA1E /* candy.png in Resources */,
				83732B4219B9BF740049D09A /* cxAnimate.json in Resources */,
				83F3CCD0191B674D00D6BCFB /* cxAtlas.json in Resources */,
				835DB19919C44C650037DA5B /* spineboy.atlas in Resources */,
				836D8DA7191B8C02000F0230 /* cxScroll.json in Resources */,
				835DB1C619C4A0F80037DA5B /* goblins.png in Resources */,
				83DAD707191A26BF000A7D1F /* pvr.json in Resources */,
				835DB19C19C44C650037DA5B /* t.pkm in Resources */,
				830EEB4A19C55A6500C81EA5 /* cxSpine.json in Resources */,
				839722AF19161746006D0F89 /* font.png in Resources */,
				8321071219CC746900B1AA1E /* candy.json in Resources */,
				834327BC19B8034400B4927F /* t.png in Resources */,
				831ABCC319249D23001A86F1 /* cxView.json in Resources */,
				834327BD19B8034400B4927F /* yellow.png in Resources */,
				83DAD70A191A386C000A7D1F /* cxLabelTTF.json in Resources */,
				83D9FFA119CB32B400F0EAB2 /* odus_cutout.pkm.alpha in Resources */,
				839E42D119E18F5000A3498A /* cxSprites.json in Resources */,
				835DB1C419C4A0F80037DA5B /* goblins.atlas in Resources */,
				830EEBB819C5CB4500C81EA5 /* cxLabelBMP.json in Resources */,
				835DB1C519C4A0F80037DA5B /* goblins.json in Resources */,
				834327B619B8011900B4927F /* cxTable.json in Resources */,
			);
			runOnlyForDeploymentPostprocessing = 0;
		};
/* End PBXResourcesBuildPhase section */

/* Begin PBXSourcesBuildPhase section */
		839E7A4217F1BC7600B0F5EC /* Sources */ = {
			isa = PBXSourcesBuildPhase;
			buildActionMask = 2147483647;
			files = (
				83314F7318D9C6530093FF54 /* main.c in Sources */,
			);
			runOnlyForDeploymentPostprocessing = 0;
		};
/* End PBXSourcesBuildPhase section */

/* Begin XCBuildConfiguration section */
		839E7A7E17F1BC7600B0F5EC /* Debug */ = {
			isa = XCBuildConfiguration;
			buildSettings = {
				ALWAYS_SEARCH_USER_PATHS = NO;
				CLANG_CXX_LANGUAGE_STANDARD = "gnu++0x";
				CLANG_CXX_LIBRARY = "libc++";
				CLANG_ENABLE_MODULES = YES;
				CLANG_ENABLE_OBJC_ARC = YES;
				CLANG_WARN_BOOL_CONVERSION = YES;
				CLANG_WARN_CONSTANT_CONVERSION = YES;
				CLANG_WARN_DIRECT_OBJC_ISA_USAGE = YES_ERROR;
				CLANG_WARN_EMPTY_BODY = YES;
				CLANG_WARN_ENUM_CONVERSION = YES;
				CLANG_WARN_INT_CONVERSION = YES;
				CLANG_WARN_OBJC_ROOT_CLASS = YES_ERROR;
				CLANG_WARN__DUPLICATE_METHOD_MATCH = YES;
				"CODE_SIGN_IDENTITY[sdk=iphoneos*]" = "iPhone Developer";
				COPY_PHASE_STRIP = NO;
				GCC_C_LANGUAGE_STANDARD = gnu99;
				GCC_DYNAMIC_NO_PIC = NO;
				GCC_OPTIMIZATION_LEVEL = 0;
				GCC_PREPROCESSOR_DEFINITIONS = (
					"DEBUG=1",
					"$(inherited)",
				);
				GCC_SYMBOLS_PRIVATE_EXTERN = NO;
				GCC_WARN_64_TO_32_BIT_CONVERSION = YES;
				GCC_WARN_ABOUT_RETURN_TYPE = YES_ERROR;
				GCC_WARN_UNDECLARED_SELECTOR = YES;
				GCC_WARN_UNINITIALIZED_AUTOS = YES;
				GCC_WARN_UNUSED_FUNCTION = YES;
				GCC_WARN_UNUSED_VARIABLE = YES;
				IPHONEOS_DEPLOYMENT_TARGET = 6.0;
				ONLY_ACTIVE_ARCH = YES;
				SDKROOT = iphoneos;
			};
			name = Debug;
		};
		839E7A7F17F1BC7600B0F5EC /* Release */ = {
			isa = XCBuildConfiguration;
			buildSettings = {
				ALWAYS_SEARCH_USER_PATHS = NO;
				CLANG_CXX_LANGUAGE_STANDARD = "gnu++0x";
				CLANG_CXX_LIBRARY = "libc++";
				CLANG_ENABLE_MODULES = YES;
				CLANG_ENABLE_OBJC_ARC = YES;
				CLANG_WARN_BOOL_CONVERSION = YES;
				CLANG_WARN_CONSTANT_CONVERSION = YES;
				CLANG_WARN_DIRECT_OBJC_ISA_USAGE = YES_ERROR;
				CLANG_WARN_EMPTY_BODY = YES;
				CLANG_WARN_ENUM_CONVERSION = YES;
				CLANG_WARN_INT_CONVERSION = YES;
				CLANG_WARN_OBJC_ROOT_CLASS = YES_ERROR;
				CLANG_WARN__DUPLICATE_METHOD_MATCH = YES;
				"CODE_SIGN_IDENTITY[sdk=iphoneos*]" = "iPhone Developer";
				COPY_PHASE_STRIP = YES;
				ENABLE_NS_ASSERTIONS = NO;
				GCC_C_LANGUAGE_STANDARD = gnu99;
				GCC_WARN_64_TO_32_BIT_CONVERSION = YES;
				GCC_WARN_ABOUT_RETURN_TYPE = YES_ERROR;
				GCC_WARN_UNDECLARED_SELECTOR = YES;
				GCC_WARN_UNINITIALIZED_AUTOS = YES;
				GCC_WARN_UNUSED_FUNCTION = YES;
				GCC_WARN_UNUSED_VARIABLE = YES;
				IPHONEOS_DEPLOYMENT_TARGET = 6.0;
				ONLY_ACTIVE_ARCH = NO;
				SDKROOT = iphoneos;
				VALIDATE_PRODUCT = YES;
			};
			name = Release;
		};
		839E7A8117F1BC7600B0F5EC /* Debug */ = {
			isa = XCBuildConfiguration;
			buildSettings = {
				ASSETCATALOG_COMPILER_APPICON_NAME = AppIcon;
				ASSETCATALOG_COMPILER_LAUNCHIMAGE_NAME = LaunchImage;
				CLANG_ENABLE_OBJC_ARC = NO;
				CODE_SIGN_IDENTITY = "iPhone Developer: Hua Luo (4AZ9G639XA)";
				"CODE_SIGN_IDENTITY[sdk=iphoneos*]" = "iPhone Developer: Hua Luo (4AZ9G639XA)";
				COMPRESS_PNG_FILES = NO;
				GCC_PRECOMPILE_PREFIX_HEADER = YES;
				GCC_PREFIX_HEADER = "test-Prefix.pch";
				GCC_PREPROCESSOR_DEFINITIONS = (
					"DEBUG=1",
					"CX_TARGET_IOS=1",
				);
				HEADER_SEARCH_PATHS = (
					"$(SRCROOT)",
					"$(SRCROOT)/../",
					"$(SRCROOT)/../libs/ios/include",
				);
				INFOPLIST_FILE = "test-Info.plist";
				IPHONEOS_DEPLOYMENT_TARGET = 6.0;
				LIBRARY_SEARCH_PATHS = "$(SRCROOT)/../libs/ios/lib";
				ONLY_ACTIVE_ARCH = NO;
				PRODUCT_NAME = test;
				PROVISIONING_PROFILE = "";
				TARGETED_DEVICE_FAMILY = "1,2";
				VALID_ARCHS = "armv7 armv7s";
				WRAPPER_EXTENSION = app;
			};
			name = Debug;
		};
		839E7A8217F1BC7600B0F5EC /* Release */ = {
			isa = XCBuildConfiguration;
			buildSettings = {
				ASSETCATALOG_COMPILER_APPICON_NAME = AppIcon;
				ASSETCATALOG_COMPILER_LAUNCHIMAGE_NAME = LaunchImage;
				CLANG_ENABLE_OBJC_ARC = NO;
				CODE_SIGN_IDENTITY = "iPhone Developer: Hua Luo (4AZ9G639XA)";
				"CODE_SIGN_IDENTITY[sdk=iphoneos*]" = "iPhone Developer";
				COMPRESS_PNG_FILES = NO;
				GCC_PRECOMPILE_PREFIX_HEADER = YES;
				GCC_PREFIX_HEADER = "test-Prefix.pch";
				GCC_PREPROCESSOR_DEFINITIONS = (
					"NDEBUG=1",
					"CX_TARGET_IOS=1",
				);
				HEADER_SEARCH_PATHS = (
					"$(SRCROOT)",
					"$(SRCROOT)/../",
					"$(SRCROOT)/../libs/ios/include",
				);
				INFOPLIST_FILE = "test-Info.plist";
				IPHONEOS_DEPLOYMENT_TARGET = 6.0;
				LIBRARY_SEARCH_PATHS = "$(SRCROOT)/../libs/ios/lib";
				PRODUCT_NAME = test;
				PROVISIONING_PROFILE = "";
				TARGETED_DEVICE_FAMILY = "1,2";
				VALID_ARCHS = "armv7 armv7s";
				WRAPPER_EXTENSION = app;
			};
			name = Release;
		};
/* End XCBuildConfiguration section */

/* Begin XCConfigurationList section */
		839E7A4117F1BC7600B0F5EC /* Build configuration list for PBXProject "test" */ = {
			isa = XCConfigurationList;
			buildConfigurations = (
				839E7A7E17F1BC7600B0F5EC /* Debug */,
				839E7A7F17F1BC7600B0F5EC /* Release */,
			);
			defaultConfigurationIsVisible = 0;
			defaultConfigurationName = Release;
		};
		839E7A8017F1BC7600B0F5EC /* Build configuration list for PBXNativeTarget "test" */ = {
			isa = XCConfigurationList;
			buildConfigurations = (
				839E7A8117F1BC7600B0F5EC /* Debug */,
				839E7A8217F1BC7600B0F5EC /* Release */,
			);
			defaultConfigurationIsVisible = 0;
			defaultConfigurationName = Release;
		};
/* End XCConfigurationList section */
	};
	rootObject = 839E7A3E17F1BC7600B0F5EC /* Project object */;
}
