// !$*UTF8*$!
{
	archiveVersion = 1;
	classes = {
	};
	objectVersion = 46;
	objects = {

/* Begin PBXBuildFile section */
		8340AD23180E8D3600250FCF /* Cocoa.framework in Frameworks */ = {isa = PBXBuildFile; fileRef = 8340AD22180E8D3600250FCF /* Cocoa.framework */; };
		8340AD2D180E8D3600250FCF /* InfoPlist.strings in Resources */ = {isa = PBXBuildFile; fileRef = 8340AD2B180E8D3600250FCF /* InfoPlist.strings */; };
		8340AD2F180E8D3600250FCF /* main.m in Sources */ = {isa = PBXBuildFile; fileRef = 8340AD2E180E8D3600250FCF /* main.m */; };
		8340AD33180E8D3600250FCF /* Credits.rtf in Resources */ = {isa = PBXBuildFile; fileRef = 8340AD31180E8D3600250FCF /* Credits.rtf */; };
		8340AD3B180E8D3600250FCF /* Images.xcassets in Resources */ = {isa = PBXBuildFile; fileRef = 8340AD3A180E8D3600250FCF /* Images.xcassets */; };
		8340AD42180E8D3600250FCF /* XCTest.framework in Frameworks */ = {isa = PBXBuildFile; fileRef = 8340AD41180E8D3600250FCF /* XCTest.framework */; };
		8340AD43180E8D3600250FCF /* Cocoa.framework in Frameworks */ = {isa = PBXBuildFile; fileRef = 8340AD22180E8D3600250FCF /* Cocoa.framework */; };
		8340AD4B180E8D3600250FCF /* InfoPlist.strings in Resources */ = {isa = PBXBuildFile; fileRef = 8340AD49180E8D3600250FCF /* InfoPlist.strings */; };
		8340AD4D180E8D3600250FCF /* cxEngineMacTests.m in Sources */ = {isa = PBXBuildFile; fileRef = 8340AD4C180E8D3600250FCF /* cxEngineMacTests.m */; };
		8340AD58180E8DD800250FCF /* OpenAL.framework in Frameworks */ = {isa = PBXBuildFile; fileRef = 8340AD56180E8DD800250FCF /* OpenAL.framework */; };
		8340AD59180E8DD800250FCF /* OpenGL.framework in Frameworks */ = {isa = PBXBuildFile; fileRef = 8340AD57180E8DD800250FCF /* OpenGL.framework */; };
		8340AD5B180E8DE300250FCF /* QuartzCore.framework in Frameworks */ = {isa = PBXBuildFile; fileRef = 8340AD5A180E8DE300250FCF /* QuartzCore.framework */; };
		8340AE17180E902800250FCF /* cxCurve.c in Sources */ = {isa = PBXBuildFile; fileRef = 8340AD5D180E902700250FCF /* cxCurve.c */; };
		8340AE18180E902800250FCF /* cxMove.c in Sources */ = {isa = PBXBuildFile; fileRef = 8340AD5F180E902800250FCF /* cxMove.c */; };
		8340AE19180E902800250FCF /* cxRotate.c in Sources */ = {isa = PBXBuildFile; fileRef = 8340AD61180E902800250FCF /* cxRotate.c */; };
		8340AE1A180E902800250FCF /* cxScale.c in Sources */ = {isa = PBXBuildFile; fileRef = 8340AD63180E902800250FCF /* cxScale.c */; };
		8340AE1B180E902800250FCF /* chipmunk.c in Sources */ = {isa = PBXBuildFile; fileRef = 8340AD66180E902800250FCF /* chipmunk.c */; };
		8340AE1C180E902800250FCF /* cpConstraint.c in Sources */ = {isa = PBXBuildFile; fileRef = 8340AD6D180E902800250FCF /* cpConstraint.c */; };
		8340AE1D180E902800250FCF /* cpDampedRotarySpring.c in Sources */ = {isa = PBXBuildFile; fileRef = 8340AD6F180E902800250FCF /* cpDampedRotarySpring.c */; };
		8340AE1E180E902800250FCF /* cpDampedSpring.c in Sources */ = {isa = PBXBuildFile; fileRef = 8340AD71180E902800250FCF /* cpDampedSpring.c */; };
		8340AE1F180E902800250FCF /* cpGearJoint.c in Sources */ = {isa = PBXBuildFile; fileRef = 8340AD73180E902800250FCF /* cpGearJoint.c */; };
		8340AE20180E902800250FCF /* cpGrooveJoint.c in Sources */ = {isa = PBXBuildFile; fileRef = 8340AD75180E902800250FCF /* cpGrooveJoint.c */; };
		8340AE21180E902800250FCF /* cpPinJoint.c in Sources */ = {isa = PBXBuildFile; fileRef = 8340AD77180E902800250FCF /* cpPinJoint.c */; };
		8340AE22180E902800250FCF /* cpPivotJoint.c in Sources */ = {isa = PBXBuildFile; fileRef = 8340AD79180E902800250FCF /* cpPivotJoint.c */; };
		8340AE23180E902800250FCF /* cpRatchetJoint.c in Sources */ = {isa = PBXBuildFile; fileRef = 8340AD7B180E902800250FCF /* cpRatchetJoint.c */; };
		8340AE24180E902800250FCF /* cpRotaryLimitJoint.c in Sources */ = {isa = PBXBuildFile; fileRef = 8340AD7D180E902800250FCF /* cpRotaryLimitJoint.c */; };
		8340AE25180E902800250FCF /* cpSimpleMotor.c in Sources */ = {isa = PBXBuildFile; fileRef = 8340AD7F180E902800250FCF /* cpSimpleMotor.c */; };
		8340AE26180E902800250FCF /* cpSlideJoint.c in Sources */ = {isa = PBXBuildFile; fileRef = 8340AD81180E902800250FCF /* cpSlideJoint.c */; };
		8340AE27180E902800250FCF /* cpArbiter.c in Sources */ = {isa = PBXBuildFile; fileRef = 8340AD84180E902800250FCF /* cpArbiter.c */; };
		8340AE28180E902800250FCF /* cpArray.c in Sources */ = {isa = PBXBuildFile; fileRef = 8340AD86180E902800250FCF /* cpArray.c */; };
		8340AE29180E902800250FCF /* cpBB.c in Sources */ = {isa = PBXBuildFile; fileRef = 8340AD87180E902800250FCF /* cpBB.c */; };
		8340AE2A180E902800250FCF /* cpBBTree.c in Sources */ = {isa = PBXBuildFile; fileRef = 8340AD89180E902800250FCF /* cpBBTree.c */; };
		8340AE2B180E902800250FCF /* cpBody.c in Sources */ = {isa = PBXBuildFile; fileRef = 8340AD8A180E902800250FCF /* cpBody.c */; };
		8340AE2C180E902800250FCF /* cpCollision.c in Sources */ = {isa = PBXBuildFile; fileRef = 8340AD8C180E902800250FCF /* cpCollision.c */; };
		8340AE2D180E902800250FCF /* cpHashSet.c in Sources */ = {isa = PBXBuildFile; fileRef = 8340AD8D180E902800250FCF /* cpHashSet.c */; };
		8340AE2E180E902800250FCF /* cpPolyShape.c in Sources */ = {isa = PBXBuildFile; fileRef = 8340AD8E180E902800250FCF /* cpPolyShape.c */; };
		8340AE2F180E902800250FCF /* cpShape.c in Sources */ = {isa = PBXBuildFile; fileRef = 8340AD90180E902800250FCF /* cpShape.c */; };
		8340AE30180E902800250FCF /* cpSpace.c in Sources */ = {isa = PBXBuildFile; fileRef = 8340AD92180E902800250FCF /* cpSpace.c */; };
		8340AE31180E902800250FCF /* cpSpaceComponent.c in Sources */ = {isa = PBXBuildFile; fileRef = 8340AD94180E902800250FCF /* cpSpaceComponent.c */; };
		8340AE32180E902800250FCF /* cpSpaceHash.c in Sources */ = {isa = PBXBuildFile; fileRef = 8340AD95180E902800250FCF /* cpSpaceHash.c */; };
		8340AE33180E902800250FCF /* cpSpaceQuery.c in Sources */ = {isa = PBXBuildFile; fileRef = 8340AD96180E902800250FCF /* cpSpaceQuery.c */; };
		8340AE34180E902800250FCF /* cpSpaceStep.c in Sources */ = {isa = PBXBuildFile; fileRef = 8340AD97180E902800250FCF /* cpSpaceStep.c */; };
		8340AE35180E902800250FCF /* cpSpatialIndex.c in Sources */ = {isa = PBXBuildFile; fileRef = 8340AD98180E902800250FCF /* cpSpatialIndex.c */; };
		8340AE36180E902800250FCF /* cpSweep1D.c in Sources */ = {isa = PBXBuildFile; fileRef = 8340AD9A180E902800250FCF /* cpSweep1D.c */; };
		8340AE37180E902800250FCF /* cpVect.c in Sources */ = {isa = PBXBuildFile; fileRef = 8340AD9B180E902800250FCF /* cpVect.c */; };
		8340AE38180E902800250FCF /* cxAction.c in Sources */ = {isa = PBXBuildFile; fileRef = 8340AD9F180E902800250FCF /* cxAction.c */; };
		8340AE39180E902800250FCF /* cxActionXML.c in Sources */ = {isa = PBXBuildFile; fileRef = 8340ADA1180E902800250FCF /* cxActionXML.c */; };
		8340AE3A180E902800250FCF /* cxAllocator.c in Sources */ = {isa = PBXBuildFile; fileRef = 8340ADA3180E902800250FCF /* cxAllocator.c */; };
		8340AE3B180E902800250FCF /* cxArray.c in Sources */ = {isa = PBXBuildFile; fileRef = 8340ADA5180E902800250FCF /* cxArray.c */; };
		8340AE3C180E902800250FCF /* cxAutoPool.c in Sources */ = {isa = PBXBuildFile; fileRef = 8340ADA7180E902800250FCF /* cxAutoPool.c */; };
		8340AE3D180E902800250FCF /* cxBase.c in Sources */ = {isa = PBXBuildFile; fileRef = 8340ADA9180E902800250FCF /* cxBase.c */; };
		8340AE3E180E902800250FCF /* cxConfig.c in Sources */ = {isa = PBXBuildFile; fileRef = 8340ADAB180E902800250FCF /* cxConfig.c */; };
		8340AE3F180E902800250FCF /* cxEngine.c in Sources */ = {isa = PBXBuildFile; fileRef = 8340ADAD180E902800250FCF /* cxEngine.c */; };
		8340AE40180E902800250FCF /* cxEventArg.c in Sources */ = {isa = PBXBuildFile; fileRef = 8340ADAF180E902800250FCF /* cxEventArg.c */; };
		8340AE41180E902800250FCF /* cxEventItem.c in Sources */ = {isa = PBXBuildFile; fileRef = 8340ADB1180E902800250FCF /* cxEventItem.c */; };
		8340AE42180E902800250FCF /* cxHash.c in Sources */ = {isa = PBXBuildFile; fileRef = 8340ADB3180E902800250FCF /* cxHash.c */; };
		8340AE43180E902800250FCF /* cxList.c in Sources */ = {isa = PBXBuildFile; fileRef = 8340ADB6180E902800250FCF /* cxList.c */; };
		8340AE44180E902800250FCF /* cxOpenGL.c in Sources */ = {isa = PBXBuildFile; fileRef = 8340ADB8180E902800250FCF /* cxOpenGL.c */; };
		8340AE45180E902800250FCF /* cxShader.c in Sources */ = {isa = PBXBuildFile; fileRef = 8340ADBA180E902800250FCF /* cxShader.c */; };
		8340AE46180E902800250FCF /* cxStack.c in Sources */ = {isa = PBXBuildFile; fileRef = 8340ADBC180E902800250FCF /* cxStack.c */; };
		8340AE47180E902800250FCF /* cxStream.c in Sources */ = {isa = PBXBuildFile; fileRef = 8340ADBE180E902800250FCF /* cxStream.c */; };
		8340AE48180E902800250FCF /* cxString.c in Sources */ = {isa = PBXBuildFile; fileRef = 8340ADC0180E902800250FCF /* cxString.c */; };
		8340AE49180E902800250FCF /* cxTexture.c in Sources */ = {isa = PBXBuildFile; fileRef = 8340ADC2180E902800250FCF /* cxTexture.c */; };
		8340AE4A180E902800250FCF /* cxTypes.c in Sources */ = {isa = PBXBuildFile; fileRef = 8340ADC4180E902800250FCF /* cxTypes.c */; };
		8340AE4B180E902800250FCF /* cxUtil.c in Sources */ = {isa = PBXBuildFile; fileRef = 8340ADC6180E902800250FCF /* cxUtil.c */; };
		8340AE4C180E902800250FCF /* cxView.c in Sources */ = {isa = PBXBuildFile; fileRef = 8340ADC8180E902800250FCF /* cxView.c */; };
		8340AE4D180E902800250FCF /* cxViewXML.c in Sources */ = {isa = PBXBuildFile; fileRef = 8340ADCA180E902800250FCF /* cxViewXML.c */; };
		8340AE4E180E902800250FCF /* cxXMLScript.c in Sources */ = {isa = PBXBuildFile; fileRef = 8340ADCC180E902800250FCF /* cxXMLScript.c */; };
		8340AE4F180E902800250FCF /* dump.c in Sources */ = {isa = PBXBuildFile; fileRef = 8340ADCF180E902800250FCF /* dump.c */; };
		8340AE50180E902800250FCF /* error.c in Sources */ = {isa = PBXBuildFile; fileRef = 8340ADD0180E902800250FCF /* error.c */; };
		8340AE51180E902800250FCF /* hashtable.c in Sources */ = {isa = PBXBuildFile; fileRef = 8340ADD1180E902800250FCF /* hashtable.c */; };
		8340AE52180E902800250FCF /* load.c in Sources */ = {isa = PBXBuildFile; fileRef = 8340ADD6180E902800250FCF /* load.c */; };
		8340AE53180E902800250FCF /* memory.c in Sources */ = {isa = PBXBuildFile; fileRef = 8340ADD7180E902800250FCF /* memory.c */; };
		8340AE54180E902800250FCF /* pack_unpack.c in Sources */ = {isa = PBXBuildFile; fileRef = 8340ADD8180E902800250FCF /* pack_unpack.c */; };
		8340AE55180E902800250FCF /* strbuffer.c in Sources */ = {isa = PBXBuildFile; fileRef = 8340ADD9180E902800250FCF /* strbuffer.c */; };
		8340AE56180E902800250FCF /* strconv.c in Sources */ = {isa = PBXBuildFile; fileRef = 8340ADDB180E902800250FCF /* strconv.c */; };
		8340AE57180E902800250FCF /* utf.c in Sources */ = {isa = PBXBuildFile; fileRef = 8340ADDC180E902800250FCF /* utf.c */; };
		8340AE58180E902800250FCF /* value.c in Sources */ = {isa = PBXBuildFile; fileRef = 8340ADDE180E902800250FCF /* value.c */; };
		8340AE59180E902800250FCF /* aabb.c in Sources */ = {isa = PBXBuildFile; fileRef = 8340ADE0180E902800250FCF /* aabb.c */; };
		8340AE5A180E902800250FCF /* mat3.c in Sources */ = {isa = PBXBuildFile; fileRef = 8340ADE3180E902800250FCF /* mat3.c */; };
		8340AE5B180E902800250FCF /* mat4.c in Sources */ = {isa = PBXBuildFile; fileRef = 8340ADE5180E902800250FCF /* mat4.c */; };
		8340AE5C180E902800250FCF /* mat4stack.c in Sources */ = {isa = PBXBuildFile; fileRef = 8340ADE7180E902800250FCF /* mat4stack.c */; };
		8340AE5D180E902800250FCF /* matrix.c in Sources */ = {isa = PBXBuildFile; fileRef = 8340ADE9180E902800250FCF /* matrix.c */; };
		8340AE5E180E902800250FCF /* plane.c in Sources */ = {isa = PBXBuildFile; fileRef = 8340ADEB180E902800250FCF /* plane.c */; };
		8340AE5F180E902800250FCF /* quaternion.c in Sources */ = {isa = PBXBuildFile; fileRef = 8340ADED180E902800250FCF /* quaternion.c */; };
		8340AE60180E902800250FCF /* ray2.c in Sources */ = {isa = PBXBuildFile; fileRef = 8340ADEF180E902800250FCF /* ray2.c */; };
		8340AE61180E902800250FCF /* ray3.c in Sources */ = {isa = PBXBuildFile; fileRef = 8340ADF1180E902800250FCF /* ray3.c */; };
		8340AE62180E902800250FCF /* utility.c in Sources */ = {isa = PBXBuildFile; fileRef = 8340ADF3180E902800250FCF /* utility.c */; };
		8340AE63180E902800250FCF /* vec2.c in Sources */ = {isa = PBXBuildFile; fileRef = 8340ADF5180E902800250FCF /* vec2.c */; };
		8340AE64180E902800250FCF /* vec3.c in Sources */ = {isa = PBXBuildFile; fileRef = 8340ADF7180E902800250FCF /* vec3.c */; };
		8340AE65180E902800250FCF /* vec4.c in Sources */ = {isa = PBXBuildFile; fileRef = 8340ADF9180E902800250FCF /* vec4.c */; };
		8340AE66180E902800250FCF /* cxShaderDefault.c in Sources */ = {isa = PBXBuildFile; fileRef = 8340ADFC180E902800250FCF /* cxShaderDefault.c */; };
		8340AE67180E902800250FCF /* cxShaderPositionColor.c in Sources */ = {isa = PBXBuildFile; fileRef = 8340ADFE180E902800250FCF /* cxShaderPositionColor.c */; };
		8340AE68180E902800250FCF /* cxAssetsStream.c in Sources */ = {isa = PBXBuildFile; fileRef = 8340AE01180E902800250FCF /* cxAssetsStream.c */; };
		8340AE69180E902800250FCF /* cxMemStream.c in Sources */ = {isa = PBXBuildFile; fileRef = 8340AE03180E902800250FCF /* cxMemStream.c */; };
		8340AE6A180E902800250FCF /* cxTextureFactory.c in Sources */ = {isa = PBXBuildFile; fileRef = 8340AE06180E902800250FCF /* cxTextureFactory.c */; };
		8340AE6B180E902800250FCF /* cxTexturePKM.c in Sources */ = {isa = PBXBuildFile; fileRef = 8340AE08180E902800250FCF /* cxTexturePKM.c */; };
		8340AE6C180E902800250FCF /* cxTexturePNG.c in Sources */ = {isa = PBXBuildFile; fileRef = 8340AE0A180E902800250FCF /* cxTexturePNG.c */; };
		8340AE6D180E902800250FCF /* cxTexturePVR.c in Sources */ = {isa = PBXBuildFile; fileRef = 8340AE0C180E902800250FCF /* cxTexturePVR.c */; };
		8340AE6E180E902800250FCF /* cxTextureXML.c in Sources */ = {isa = PBXBuildFile; fileRef = 8340AE0E180E902800250FCF /* cxTextureXML.c */; };
		8340AE6F180E902800250FCF /* cxButton.c in Sources */ = {isa = PBXBuildFile; fileRef = 8340AE11180E902800250FCF /* cxButton.c */; };
		8340AE70180E902800250FCF /* cxSprite.c in Sources */ = {isa = PBXBuildFile; fileRef = 8340AE13180E902800250FCF /* cxSprite.c */; };
		8340AE71180E902800250FCF /* cxWindow.c in Sources */ = {isa = PBXBuildFile; fileRef = 8340AE15180E902800250FCF /* cxWindow.c */; };
		8340AE73180E925300250FCF /* libxml2.dylib in Frameworks */ = {isa = PBXBuildFile; fileRef = 8340AE72180E925300250FCF /* libxml2.dylib */; };
		8340AE7E180E92E400250FCF /* 2.pvr in Resources */ = {isa = PBXBuildFile; fileRef = 8340AE75180E92E400250FCF /* 2.pvr */; };
		8340AE7F180E92E400250FCF /* 4.pvr in Resources */ = {isa = PBXBuildFile; fileRef = 8340AE76180E92E400250FCF /* 4.pvr */; };
		8340AE80180E92E400250FCF /* actions.xml in Resources */ = {isa = PBXBuildFile; fileRef = 8340AE77180E92E400250FCF /* actions.xml */; };
		8340AE81180E92E400250FCF /* candy.png in Resources */ = {isa = PBXBuildFile; fileRef = 8340AE78180E92E400250FCF /* candy.png */; };
		8340AE82180E92E400250FCF /* candy.pvr in Resources */ = {isa = PBXBuildFile; fileRef = 8340AE79180E92E400250FCF /* candy.pvr */; };
		8340AE83180E92E400250FCF /* candy.xml in Resources */ = {isa = PBXBuildFile; fileRef = 8340AE7A180E92E400250FCF /* candy.xml */; };
		8340AE84180E92E400250FCF /* orange.png in Resources */ = {isa = PBXBuildFile; fileRef = 8340AE7B180E92E400250FCF /* orange.png */; };
		8340AE85180E92E400250FCF /* view.xml in Resources */ = {isa = PBXBuildFile; fileRef = 8340AE7C180E92E400250FCF /* view.xml */; };
		8340AE86180E92E400250FCF /* view2.xml in Resources */ = {isa = PBXBuildFile; fileRef = 8340AE7D180E92E400250FCF /* view2.xml */; };
		8340AE88180E93D300250FCF /* libpng16.a in Frameworks */ = {isa = PBXBuildFile; fileRef = 8340AE87180E93D300250FCF /* libpng16.a */; };
		8340AE8A180E93DC00250FCF /* libz.dylib in Frameworks */ = {isa = PBXBuildFile; fileRef = 8340AE89180E93DC00250FCF /* libz.dylib */; };
		83FEC2F3180EAEAF0053E84E /* GLUT.framework in Frameworks */ = {isa = PBXBuildFile; fileRef = 83FEC2F2180EAEAF0053E84E /* GLUT.framework */; };
		83FEC2F6180EAF7B0053E84E /* cxUnit.m in Sources */ = {isa = PBXBuildFile; fileRef = 83FEC2F5180EAF7B0053E84E /* cxUnit.m */; };
		83FEC2FC180EC2400053E84E /* cxMain.c in Sources */ = {isa = PBXBuildFile; fileRef = 83FEC2FA180EC2400053E84E /* cxMain.c */; };
/* End PBXBuildFile section */

/* Begin PBXContainerItemProxy section */
		8340AD44180E8D3600250FCF /* PBXContainerItemProxy */ = {
			isa = PBXContainerItemProxy;
			containerPortal = 8340AD17180E8D3600250FCF /* Project object */;
			proxyType = 1;
			remoteGlobalIDString = 8340AD1E180E8D3600250FCF;
			remoteInfo = cxEngineMac;
		};
/* End PBXContainerItemProxy section */

/* Begin PBXFileReference section */
		8340AD1F180E8D3600250FCF /* cxEngineMac.app */ = {isa = PBXFileReference; explicitFileType = wrapper.application; includeInIndex = 0; path = cxEngineMac.app; sourceTree = BUILT_PRODUCTS_DIR; };
		8340AD22180E8D3600250FCF /* Cocoa.framework */ = {isa = PBXFileReference; lastKnownFileType = wrapper.framework; name = Cocoa.framework; path = System/Library/Frameworks/Cocoa.framework; sourceTree = SDKROOT; };
		8340AD25180E8D3600250FCF /* AppKit.framework */ = {isa = PBXFileReference; lastKnownFileType = wrapper.framework; name = AppKit.framework; path = System/Library/Frameworks/AppKit.framework; sourceTree = SDKROOT; };
		8340AD26180E8D3600250FCF /* CoreData.framework */ = {isa = PBXFileReference; lastKnownFileType = wrapper.framework; name = CoreData.framework; path = System/Library/Frameworks/CoreData.framework; sourceTree = SDKROOT; };
		8340AD27180E8D3600250FCF /* Foundation.framework */ = {isa = PBXFileReference; lastKnownFileType = wrapper.framework; name = Foundation.framework; path = System/Library/Frameworks/Foundation.framework; sourceTree = SDKROOT; };
		8340AD2A180E8D3600250FCF /* cxEngineMac-Info.plist */ = {isa = PBXFileReference; lastKnownFileType = text.plist.xml; path = "cxEngineMac-Info.plist"; sourceTree = "<group>"; };
		8340AD2C180E8D3600250FCF /* en */ = {isa = PBXFileReference; lastKnownFileType = text.plist.strings; name = en; path = en.lproj/InfoPlist.strings; sourceTree = "<group>"; };
		8340AD2E180E8D3600250FCF /* main.m */ = {isa = PBXFileReference; lastKnownFileType = sourcecode.c.objc; path = main.m; sourceTree = "<group>"; };
		8340AD30180E8D3600250FCF /* cxEngineMac-Prefix.pch */ = {isa = PBXFileReference; lastKnownFileType = sourcecode.c.h; path = "cxEngineMac-Prefix.pch"; sourceTree = "<group>"; };
		8340AD32180E8D3600250FCF /* en */ = {isa = PBXFileReference; lastKnownFileType = text.rtf; name = en; path = en.lproj/Credits.rtf; sourceTree = "<group>"; };
		8340AD3A180E8D3600250FCF /* Images.xcassets */ = {isa = PBXFileReference; lastKnownFileType = folder.assetcatalog; path = Images.xcassets; sourceTree = "<group>"; };
		8340AD40180E8D3600250FCF /* cxEngineMacTests.xctest */ = {isa = PBXFileReference; explicitFileType = wrapper.cfbundle; includeInIndex = 0; path = cxEngineMacTests.xctest; sourceTree = BUILT_PRODUCTS_DIR; };
		8340AD41180E8D3600250FCF /* XCTest.framework */ = {isa = PBXFileReference; lastKnownFileType = wrapper.framework; name = XCTest.framework; path = Library/Frameworks/XCTest.framework; sourceTree = DEVELOPER_DIR; };
		8340AD48180E8D3600250FCF /* cxEngineMacTests-Info.plist */ = {isa = PBXFileReference; lastKnownFileType = text.plist.xml; path = "cxEngineMacTests-Info.plist"; sourceTree = "<group>"; };
		8340AD4A180E8D3600250FCF /* en */ = {isa = PBXFileReference; lastKnownFileType = text.plist.strings; name = en; path = en.lproj/InfoPlist.strings; sourceTree = "<group>"; };
		8340AD4C180E8D3600250FCF /* cxEngineMacTests.m */ = {isa = PBXFileReference; lastKnownFileType = sourcecode.c.objc; path = cxEngineMacTests.m; sourceTree = "<group>"; };
		8340AD56180E8DD800250FCF /* OpenAL.framework */ = {isa = PBXFileReference; lastKnownFileType = wrapper.framework; name = OpenAL.framework; path = System/Library/Frameworks/OpenAL.framework; sourceTree = SDKROOT; };
		8340AD57180E8DD800250FCF /* OpenGL.framework */ = {isa = PBXFileReference; lastKnownFileType = wrapper.framework; name = OpenGL.framework; path = System/Library/Frameworks/OpenGL.framework; sourceTree = SDKROOT; };
		8340AD5A180E8DE300250FCF /* QuartzCore.framework */ = {isa = PBXFileReference; lastKnownFileType = wrapper.framework; name = QuartzCore.framework; path = System/Library/Frameworks/QuartzCore.framework; sourceTree = SDKROOT; };
		8340AD5D180E902700250FCF /* cxCurve.c */ = {isa = PBXFileReference; fileEncoding = 4; lastKnownFileType = sourcecode.c.c; path = cxCurve.c; sourceTree = "<group>"; };
		8340AD5E180E902800250FCF /* cxCurve.h */ = {isa = PBXFileReference; fileEncoding = 4; lastKnownFileType = sourcecode.c.h; path = cxCurve.h; sourceTree = "<group>"; };
		8340AD5F180E902800250FCF /* cxMove.c */ = {isa = PBXFileReference; fileEncoding = 4; lastKnownFileType = sourcecode.c.c; path = cxMove.c; sourceTree = "<group>"; };
		8340AD60180E902800250FCF /* cxMove.h */ = {isa = PBXFileReference; fileEncoding = 4; lastKnownFileType = sourcecode.c.h; path = cxMove.h; sourceTree = "<group>"; };
		8340AD61180E902800250FCF /* cxRotate.c */ = {isa = PBXFileReference; fileEncoding = 4; lastKnownFileType = sourcecode.c.c; path = cxRotate.c; sourceTree = "<group>"; };
		8340AD62180E902800250FCF /* cxRotate.h */ = {isa = PBXFileReference; fileEncoding = 4; lastKnownFileType = sourcecode.c.h; path = cxRotate.h; sourceTree = "<group>"; };
		8340AD63180E902800250FCF /* cxScale.c */ = {isa = PBXFileReference; fileEncoding = 4; lastKnownFileType = sourcecode.c.c; path = cxScale.c; sourceTree = "<group>"; };
		8340AD64180E902800250FCF /* cxScale.h */ = {isa = PBXFileReference; fileEncoding = 4; lastKnownFileType = sourcecode.c.h; path = cxScale.h; sourceTree = "<group>"; };
		8340AD66180E902800250FCF /* chipmunk.c */ = {isa = PBXFileReference; fileEncoding = 4; lastKnownFileType = sourcecode.c.c; path = chipmunk.c; sourceTree = "<group>"; };
		8340AD67180E902800250FCF /* chipmunk.h */ = {isa = PBXFileReference; fileEncoding = 4; lastKnownFileType = sourcecode.c.h; path = chipmunk.h; sourceTree = "<group>"; };
		8340AD68180E902800250FCF /* chipmunk_ffi.h */ = {isa = PBXFileReference; fileEncoding = 4; lastKnownFileType = sourcecode.c.h; path = chipmunk_ffi.h; sourceTree = "<group>"; };
		8340AD69180E902800250FCF /* chipmunk_private.h */ = {isa = PBXFileReference; fileEncoding = 4; lastKnownFileType = sourcecode.c.h; path = chipmunk_private.h; sourceTree = "<group>"; };
		8340AD6A180E902800250FCF /* chipmunk_types.h */ = {isa = PBXFileReference; fileEncoding = 4; lastKnownFileType = sourcecode.c.h; path = chipmunk_types.h; sourceTree = "<group>"; };
		8340AD6B180E902800250FCF /* chipmunk_unsafe.h */ = {isa = PBXFileReference; fileEncoding = 4; lastKnownFileType = sourcecode.c.h; path = chipmunk_unsafe.h; sourceTree = "<group>"; };
		8340AD6D180E902800250FCF /* cpConstraint.c */ = {isa = PBXFileReference; fileEncoding = 4; lastKnownFileType = sourcecode.c.c; path = cpConstraint.c; sourceTree = "<group>"; };
		8340AD6E180E902800250FCF /* cpConstraint.h */ = {isa = PBXFileReference; fileEncoding = 4; lastKnownFileType = sourcecode.c.h; path = cpConstraint.h; sourceTree = "<group>"; };
		8340AD6F180E902800250FCF /* cpDampedRotarySpring.c */ = {isa = PBXFileReference; fileEncoding = 4; lastKnownFileType = sourcecode.c.c; path = cpDampedRotarySpring.c; sourceTree = "<group>"; };
		8340AD70180E902800250FCF /* cpDampedRotarySpring.h */ = {isa = PBXFileReference; fileEncoding = 4; lastKnownFileType = sourcecode.c.h; path = cpDampedRotarySpring.h; sourceTree = "<group>"; };
		8340AD71180E902800250FCF /* cpDampedSpring.c */ = {isa = PBXFileReference; fileEncoding = 4; lastKnownFileType = sourcecode.c.c; path = cpDampedSpring.c; sourceTree = "<group>"; };
		8340AD72180E902800250FCF /* cpDampedSpring.h */ = {isa = PBXFileReference; fileEncoding = 4; lastKnownFileType = sourcecode.c.h; path = cpDampedSpring.h; sourceTree = "<group>"; };
		8340AD73180E902800250FCF /* cpGearJoint.c */ = {isa = PBXFileReference; fileEncoding = 4; lastKnownFileType = sourcecode.c.c; path = cpGearJoint.c; sourceTree = "<group>"; };
		8340AD74180E902800250FCF /* cpGearJoint.h */ = {isa = PBXFileReference; fileEncoding = 4; lastKnownFileType = sourcecode.c.h; path = cpGearJoint.h; sourceTree = "<group>"; };
		8340AD75180E902800250FCF /* cpGrooveJoint.c */ = {isa = PBXFileReference; fileEncoding = 4; lastKnownFileType = sourcecode.c.c; path = cpGrooveJoint.c; sourceTree = "<group>"; };
		8340AD76180E902800250FCF /* cpGrooveJoint.h */ = {isa = PBXFileReference; fileEncoding = 4; lastKnownFileType = sourcecode.c.h; path = cpGrooveJoint.h; sourceTree = "<group>"; };
		8340AD77180E902800250FCF /* cpPinJoint.c */ = {isa = PBXFileReference; fileEncoding = 4; lastKnownFileType = sourcecode.c.c; path = cpPinJoint.c; sourceTree = "<group>"; };
		8340AD78180E902800250FCF /* cpPinJoint.h */ = {isa = PBXFileReference; fileEncoding = 4; lastKnownFileType = sourcecode.c.h; path = cpPinJoint.h; sourceTree = "<group>"; };
		8340AD79180E902800250FCF /* cpPivotJoint.c */ = {isa = PBXFileReference; fileEncoding = 4; lastKnownFileType = sourcecode.c.c; path = cpPivotJoint.c; sourceTree = "<group>"; };
		8340AD7A180E902800250FCF /* cpPivotJoint.h */ = {isa = PBXFileReference; fileEncoding = 4; lastKnownFileType = sourcecode.c.h; path = cpPivotJoint.h; sourceTree = "<group>"; };
		8340AD7B180E902800250FCF /* cpRatchetJoint.c */ = {isa = PBXFileReference; fileEncoding = 4; lastKnownFileType = sourcecode.c.c; path = cpRatchetJoint.c; sourceTree = "<group>"; };
		8340AD7C180E902800250FCF /* cpRatchetJoint.h */ = {isa = PBXFileReference; fileEncoding = 4; lastKnownFileType = sourcecode.c.h; path = cpRatchetJoint.h; sourceTree = "<group>"; };
		8340AD7D180E902800250FCF /* cpRotaryLimitJoint.c */ = {isa = PBXFileReference; fileEncoding = 4; lastKnownFileType = sourcecode.c.c; path = cpRotaryLimitJoint.c; sourceTree = "<group>"; };
		8340AD7E180E902800250FCF /* cpRotaryLimitJoint.h */ = {isa = PBXFileReference; fileEncoding = 4; lastKnownFileType = sourcecode.c.h; path = cpRotaryLimitJoint.h; sourceTree = "<group>"; };
		8340AD7F180E902800250FCF /* cpSimpleMotor.c */ = {isa = PBXFileReference; fileEncoding = 4; lastKnownFileType = sourcecode.c.c; path = cpSimpleMotor.c; sourceTree = "<group>"; };
		8340AD80180E902800250FCF /* cpSimpleMotor.h */ = {isa = PBXFileReference; fileEncoding = 4; lastKnownFileType = sourcecode.c.h; path = cpSimpleMotor.h; sourceTree = "<group>"; };
		8340AD81180E902800250FCF /* cpSlideJoint.c */ = {isa = PBXFileReference; fileEncoding = 4; lastKnownFileType = sourcecode.c.c; path = cpSlideJoint.c; sourceTree = "<group>"; };
		8340AD82180E902800250FCF /* cpSlideJoint.h */ = {isa = PBXFileReference; fileEncoding = 4; lastKnownFileType = sourcecode.c.h; path = cpSlideJoint.h; sourceTree = "<group>"; };
		8340AD83180E902800250FCF /* util.h */ = {isa = PBXFileReference; fileEncoding = 4; lastKnownFileType = sourcecode.c.h; path = util.h; sourceTree = "<group>"; };
		8340AD84180E902800250FCF /* cpArbiter.c */ = {isa = PBXFileReference; fileEncoding = 4; lastKnownFileType = sourcecode.c.c; path = cpArbiter.c; sourceTree = "<group>"; };
		8340AD85180E902800250FCF /* cpArbiter.h */ = {isa = PBXFileReference; fileEncoding = 4; lastKnownFileType = sourcecode.c.h; path = cpArbiter.h; sourceTree = "<group>"; };
		8340AD86180E902800250FCF /* cpArray.c */ = {isa = PBXFileReference; fileEncoding = 4; lastKnownFileType = sourcecode.c.c; path = cpArray.c; sourceTree = "<group>"; };
		8340AD87180E902800250FCF /* cpBB.c */ = {isa = PBXFileReference; fileEncoding = 4; lastKnownFileType = sourcecode.c.c; path = cpBB.c; sourceTree = "<group>"; };
		8340AD88180E902800250FCF /* cpBB.h */ = {isa = PBXFileReference; fileEncoding = 4; lastKnownFileType = sourcecode.c.h; path = cpBB.h; sourceTree = "<group>"; };
		8340AD89180E902800250FCF /* cpBBTree.c */ = {isa = PBXFileReference; fileEncoding = 4; lastKnownFileType = sourcecode.c.c; path = cpBBTree.c; sourceTree = "<group>"; };
		8340AD8A180E902800250FCF /* cpBody.c */ = {isa = PBXFileReference; fileEncoding = 4; lastKnownFileType = sourcecode.c.c; path = cpBody.c; sourceTree = "<group>"; };
		8340AD8B180E902800250FCF /* cpBody.h */ = {isa = PBXFileReference; fileEncoding = 4; lastKnownFileType = sourcecode.c.h; path = cpBody.h; sourceTree = "<group>"; };
		8340AD8C180E902800250FCF /* cpCollision.c */ = {isa = PBXFileReference; fileEncoding = 4; lastKnownFileType = sourcecode.c.c; path = cpCollision.c; sourceTree = "<group>"; };
		8340AD8D180E902800250FCF /* cpHashSet.c */ = {isa = PBXFileReference; fileEncoding = 4; lastKnownFileType = sourcecode.c.c; path = cpHashSet.c; sourceTree = "<group>"; };
		8340AD8E180E902800250FCF /* cpPolyShape.c */ = {isa = PBXFileReference; fileEncoding = 4; lastKnownFileType = sourcecode.c.c; path = cpPolyShape.c; sourceTree = "<group>"; };
		8340AD8F180E902800250FCF /* cpPolyShape.h */ = {isa = PBXFileReference; fileEncoding = 4; lastKnownFileType = sourcecode.c.h; path = cpPolyShape.h; sourceTree = "<group>"; };
		8340AD90180E902800250FCF /* cpShape.c */ = {isa = PBXFileReference; fileEncoding = 4; lastKnownFileType = sourcecode.c.c; path = cpShape.c; sourceTree = "<group>"; };
		8340AD91180E902800250FCF /* cpShape.h */ = {isa = PBXFileReference; fileEncoding = 4; lastKnownFileType = sourcecode.c.h; path = cpShape.h; sourceTree = "<group>"; };
		8340AD92180E902800250FCF /* cpSpace.c */ = {isa = PBXFileReference; fileEncoding = 4; lastKnownFileType = sourcecode.c.c; path = cpSpace.c; sourceTree = "<group>"; };
		8340AD93180E902800250FCF /* cpSpace.h */ = {isa = PBXFileReference; fileEncoding = 4; lastKnownFileType = sourcecode.c.h; path = cpSpace.h; sourceTree = "<group>"; };
		8340AD94180E902800250FCF /* cpSpaceComponent.c */ = {isa = PBXFileReference; fileEncoding = 4; lastKnownFileType = sourcecode.c.c; path = cpSpaceComponent.c; sourceTree = "<group>"; };
		8340AD95180E902800250FCF /* cpSpaceHash.c */ = {isa = PBXFileReference; fileEncoding = 4; lastKnownFileType = sourcecode.c.c; path = cpSpaceHash.c; sourceTree = "<group>"; };
		8340AD96180E902800250FCF /* cpSpaceQuery.c */ = {isa = PBXFileReference; fileEncoding = 4; lastKnownFileType = sourcecode.c.c; path = cpSpaceQuery.c; sourceTree = "<group>"; };
		8340AD97180E902800250FCF /* cpSpaceStep.c */ = {isa = PBXFileReference; fileEncoding = 4; lastKnownFileType = sourcecode.c.c; path = cpSpaceStep.c; sourceTree = "<group>"; };
		8340AD98180E902800250FCF /* cpSpatialIndex.c */ = {isa = PBXFileReference; fileEncoding = 4; lastKnownFileType = sourcecode.c.c; path = cpSpatialIndex.c; sourceTree = "<group>"; };
		8340AD99180E902800250FCF /* cpSpatialIndex.h */ = {isa = PBXFileReference; fileEncoding = 4; lastKnownFileType = sourcecode.c.h; path = cpSpatialIndex.h; sourceTree = "<group>"; };
		8340AD9A180E902800250FCF /* cpSweep1D.c */ = {isa = PBXFileReference; fileEncoding = 4; lastKnownFileType = sourcecode.c.c; path = cpSweep1D.c; sourceTree = "<group>"; };
		8340AD9B180E902800250FCF /* cpVect.c */ = {isa = PBXFileReference; fileEncoding = 4; lastKnownFileType = sourcecode.c.c; path = cpVect.c; sourceTree = "<group>"; };
		8340AD9C180E902800250FCF /* cpVect.h */ = {isa = PBXFileReference; fileEncoding = 4; lastKnownFileType = sourcecode.c.h; path = cpVect.h; sourceTree = "<group>"; };
		8340AD9D180E902800250FCF /* prime.h */ = {isa = PBXFileReference; fileEncoding = 4; lastKnownFileType = sourcecode.c.h; path = prime.h; sourceTree = "<group>"; };
		8340AD9F180E902800250FCF /* cxAction.c */ = {isa = PBXFileReference; fileEncoding = 4; lastKnownFileType = sourcecode.c.c; path = cxAction.c; sourceTree = "<group>"; };
		8340ADA0180E902800250FCF /* cxAction.h */ = {isa = PBXFileReference; fileEncoding = 4; lastKnownFileType = sourcecode.c.h; path = cxAction.h; sourceTree = "<group>"; };
		8340ADA1180E902800250FCF /* cxActionXML.c */ = {isa = PBXFileReference; fileEncoding = 4; lastKnownFileType = sourcecode.c.c; path = cxActionXML.c; sourceTree = "<group>"; };
		8340ADA2180E902800250FCF /* cxActionXML.h */ = {isa = PBXFileReference; fileEncoding = 4; lastKnownFileType = sourcecode.c.h; path = cxActionXML.h; sourceTree = "<group>"; };
		8340ADA3180E902800250FCF /* cxAllocator.c */ = {isa = PBXFileReference; fileEncoding = 4; lastKnownFileType = sourcecode.c.c; path = cxAllocator.c; sourceTree = "<group>"; };
		8340ADA4180E902800250FCF /* cxAllocator.h */ = {isa = PBXFileReference; fileEncoding = 4; lastKnownFileType = sourcecode.c.h; path = cxAllocator.h; sourceTree = "<group>"; };
		8340ADA5180E902800250FCF /* cxArray.c */ = {isa = PBXFileReference; fileEncoding = 4; lastKnownFileType = sourcecode.c.c; path = cxArray.c; sourceTree = "<group>"; };
		8340ADA6180E902800250FCF /* cxArray.h */ = {isa = PBXFileReference; fileEncoding = 4; lastKnownFileType = sourcecode.c.h; path = cxArray.h; sourceTree = "<group>"; };
		8340ADA7180E902800250FCF /* cxAutoPool.c */ = {isa = PBXFileReference; fileEncoding = 4; lastKnownFileType = sourcecode.c.c; path = cxAutoPool.c; sourceTree = "<group>"; };
		8340ADA8180E902800250FCF /* cxAutoPool.h */ = {isa = PBXFileReference; fileEncoding = 4; lastKnownFileType = sourcecode.c.h; path = cxAutoPool.h; sourceTree = "<group>"; };
		8340ADA9180E902800250FCF /* cxBase.c */ = {isa = PBXFileReference; fileEncoding = 4; lastKnownFileType = sourcecode.c.c; path = cxBase.c; sourceTree = "<group>"; };
		8340ADAA180E902800250FCF /* cxBase.h */ = {isa = PBXFileReference; fileEncoding = 4; lastKnownFileType = sourcecode.c.h; path = cxBase.h; sourceTree = "<group>"; };
		8340ADAB180E902800250FCF /* cxConfig.c */ = {isa = PBXFileReference; fileEncoding = 4; lastKnownFileType = sourcecode.c.c; path = cxConfig.c; sourceTree = "<group>"; };
		8340ADAC180E902800250FCF /* cxConfig.h */ = {isa = PBXFileReference; fileEncoding = 4; lastKnownFileType = sourcecode.c.h; path = cxConfig.h; sourceTree = "<group>"; };
		8340ADAD180E902800250FCF /* cxEngine.c */ = {isa = PBXFileReference; fileEncoding = 4; lastKnownFileType = sourcecode.c.c; path = cxEngine.c; sourceTree = "<group>"; };
		8340ADAE180E902800250FCF /* cxEngine.h */ = {isa = PBXFileReference; fileEncoding = 4; lastKnownFileType = sourcecode.c.h; path = cxEngine.h; sourceTree = "<group>"; };
		8340ADAF180E902800250FCF /* cxEventArg.c */ = {isa = PBXFileReference; fileEncoding = 4; lastKnownFileType = sourcecode.c.c; path = cxEventArg.c; sourceTree = "<group>"; };
		8340ADB0180E902800250FCF /* cxEventArg.h */ = {isa = PBXFileReference; fileEncoding = 4; lastKnownFileType = sourcecode.c.h; path = cxEventArg.h; sourceTree = "<group>"; };
		8340ADB1180E902800250FCF /* cxEventItem.c */ = {isa = PBXFileReference; fileEncoding = 4; lastKnownFileType = sourcecode.c.c; path = cxEventItem.c; sourceTree = "<group>"; };
		8340ADB2180E902800250FCF /* cxEventItem.h */ = {isa = PBXFileReference; fileEncoding = 4; lastKnownFileType = sourcecode.c.h; path = cxEventItem.h; sourceTree = "<group>"; };
		8340ADB3180E902800250FCF /* cxHash.c */ = {isa = PBXFileReference; fileEncoding = 4; lastKnownFileType = sourcecode.c.c; path = cxHash.c; sourceTree = "<group>"; };
		8340ADB4180E902800250FCF /* cxHash.h */ = {isa = PBXFileReference; fileEncoding = 4; lastKnownFileType = sourcecode.c.h; path = cxHash.h; sourceTree = "<group>"; };
		8340ADB5180E902800250FCF /* cxInput.h */ = {isa = PBXFileReference; fileEncoding = 4; lastKnownFileType = sourcecode.c.h; path = cxInput.h; sourceTree = "<group>"; };
		8340ADB6180E902800250FCF /* cxList.c */ = {isa = PBXFileReference; fileEncoding = 4; lastKnownFileType = sourcecode.c.c; path = cxList.c; sourceTree = "<group>"; };
		8340ADB7180E902800250FCF /* cxList.h */ = {isa = PBXFileReference; fileEncoding = 4; lastKnownFileType = sourcecode.c.h; path = cxList.h; sourceTree = "<group>"; };
		8340ADB8180E902800250FCF /* cxOpenGL.c */ = {isa = PBXFileReference; fileEncoding = 4; lastKnownFileType = sourcecode.c.c; path = cxOpenGL.c; sourceTree = "<group>"; };
		8340ADB9180E902800250FCF /* cxOpenGL.h */ = {isa = PBXFileReference; fileEncoding = 4; lastKnownFileType = sourcecode.c.h; path = cxOpenGL.h; sourceTree = "<group>"; };
		8340ADBA180E902800250FCF /* cxShader.c */ = {isa = PBXFileReference; fileEncoding = 4; lastKnownFileType = sourcecode.c.c; path = cxShader.c; sourceTree = "<group>"; };
		8340ADBB180E902800250FCF /* cxShader.h */ = {isa = PBXFileReference; fileEncoding = 4; lastKnownFileType = sourcecode.c.h; path = cxShader.h; sourceTree = "<group>"; };
		8340ADBC180E902800250FCF /* cxStack.c */ = {isa = PBXFileReference; fileEncoding = 4; lastKnownFileType = sourcecode.c.c; path = cxStack.c; sourceTree = "<group>"; };
		8340ADBD180E902800250FCF /* cxStack.h */ = {isa = PBXFileReference; fileEncoding = 4; lastKnownFileType = sourcecode.c.h; path = cxStack.h; sourceTree = "<group>"; };
		8340ADBE180E902800250FCF /* cxStream.c */ = {isa = PBXFileReference; fileEncoding = 4; lastKnownFileType = sourcecode.c.c; path = cxStream.c; sourceTree = "<group>"; };
		8340ADBF180E902800250FCF /* cxStream.h */ = {isa = PBXFileReference; fileEncoding = 4; lastKnownFileType = sourcecode.c.h; path = cxStream.h; sourceTree = "<group>"; };
		8340ADC0180E902800250FCF /* cxString.c */ = {isa = PBXFileReference; fileEncoding = 4; lastKnownFileType = sourcecode.c.c; path = cxString.c; sourceTree = "<group>"; };
		8340ADC1180E902800250FCF /* cxString.h */ = {isa = PBXFileReference; fileEncoding = 4; lastKnownFileType = sourcecode.c.h; path = cxString.h; sourceTree = "<group>"; };
		8340ADC2180E902800250FCF /* cxTexture.c */ = {isa = PBXFileReference; fileEncoding = 4; lastKnownFileType = sourcecode.c.c; path = cxTexture.c; sourceTree = "<group>"; };
		8340ADC3180E902800250FCF /* cxTexture.h */ = {isa = PBXFileReference; fileEncoding = 4; lastKnownFileType = sourcecode.c.h; path = cxTexture.h; sourceTree = "<group>"; };
		8340ADC4180E902800250FCF /* cxTypes.c */ = {isa = PBXFileReference; fileEncoding = 4; lastKnownFileType = sourcecode.c.c; path = cxTypes.c; sourceTree = "<group>"; };
		8340ADC5180E902800250FCF /* cxTypes.h */ = {isa = PBXFileReference; fileEncoding = 4; lastKnownFileType = sourcecode.c.h; path = cxTypes.h; sourceTree = "<group>"; };
		8340ADC6180E902800250FCF /* cxUtil.c */ = {isa = PBXFileReference; fileEncoding = 4; lastKnownFileType = sourcecode.c.c; path = cxUtil.c; sourceTree = "<group>"; };
		8340ADC7180E902800250FCF /* cxUtil.h */ = {isa = PBXFileReference; fileEncoding = 4; lastKnownFileType = sourcecode.c.h; path = cxUtil.h; sourceTree = "<group>"; };
		8340ADC8180E902800250FCF /* cxView.c */ = {isa = PBXFileReference; fileEncoding = 4; lastKnownFileType = sourcecode.c.c; path = cxView.c; sourceTree = "<group>"; };
		8340ADC9180E902800250FCF /* cxView.h */ = {isa = PBXFileReference; fileEncoding = 4; lastKnownFileType = sourcecode.c.h; path = cxView.h; sourceTree = "<group>"; };
		8340ADCA180E902800250FCF /* cxViewXML.c */ = {isa = PBXFileReference; fileEncoding = 4; lastKnownFileType = sourcecode.c.c; path = cxViewXML.c; sourceTree = "<group>"; };
		8340ADCB180E902800250FCF /* cxViewXML.h */ = {isa = PBXFileReference; fileEncoding = 4; lastKnownFileType = sourcecode.c.h; path = cxViewXML.h; sourceTree = "<group>"; };
		8340ADCC180E902800250FCF /* cxXMLScript.c */ = {isa = PBXFileReference; fileEncoding = 4; lastKnownFileType = sourcecode.c.c; path = cxXMLScript.c; sourceTree = "<group>"; };
		8340ADCD180E902800250FCF /* cxXMLScript.h */ = {isa = PBXFileReference; fileEncoding = 4; lastKnownFileType = sourcecode.c.h; path = cxXMLScript.h; sourceTree = "<group>"; };
		8340ADCF180E902800250FCF /* dump.c */ = {isa = PBXFileReference; fileEncoding = 4; lastKnownFileType = sourcecode.c.c; path = dump.c; sourceTree = "<group>"; };
		8340ADD0180E902800250FCF /* error.c */ = {isa = PBXFileReference; fileEncoding = 4; lastKnownFileType = sourcecode.c.c; path = error.c; sourceTree = "<group>"; };
		8340ADD1180E902800250FCF /* hashtable.c */ = {isa = PBXFileReference; fileEncoding = 4; lastKnownFileType = sourcecode.c.c; path = hashtable.c; sourceTree = "<group>"; };
		8340ADD2180E902800250FCF /* hashtable.h */ = {isa = PBXFileReference; fileEncoding = 4; lastKnownFileType = sourcecode.c.h; path = hashtable.h; sourceTree = "<group>"; };
		8340ADD3180E902800250FCF /* jansson.h */ = {isa = PBXFileReference; fileEncoding = 4; lastKnownFileType = sourcecode.c.h; path = jansson.h; sourceTree = "<group>"; };
		8340ADD4180E902800250FCF /* jansson_config.h */ = {isa = PBXFileReference; fileEncoding = 4; lastKnownFileType = sourcecode.c.h; path = jansson_config.h; sourceTree = "<group>"; };
		8340ADD5180E902800250FCF /* jansson_private.h */ = {isa = PBXFileReference; fileEncoding = 4; lastKnownFileType = sourcecode.c.h; path = jansson_private.h; sourceTree = "<group>"; };
		8340ADD6180E902800250FCF /* load.c */ = {isa = PBXFileReference; fileEncoding = 4; lastKnownFileType = sourcecode.c.c; path = load.c; sourceTree = "<group>"; };
		8340ADD7180E902800250FCF /* memory.c */ = {isa = PBXFileReference; fileEncoding = 4; lastKnownFileType = sourcecode.c.c; path = memory.c; sourceTree = "<group>"; };
		8340ADD8180E902800250FCF /* pack_unpack.c */ = {isa = PBXFileReference; fileEncoding = 4; lastKnownFileType = sourcecode.c.c; path = pack_unpack.c; sourceTree = "<group>"; };
		8340ADD9180E902800250FCF /* strbuffer.c */ = {isa = PBXFileReference; fileEncoding = 4; lastKnownFileType = sourcecode.c.c; path = strbuffer.c; sourceTree = "<group>"; };
		8340ADDA180E902800250FCF /* strbuffer.h */ = {isa = PBXFileReference; fileEncoding = 4; lastKnownFileType = sourcecode.c.h; path = strbuffer.h; sourceTree = "<group>"; };
		8340ADDB180E902800250FCF /* strconv.c */ = {isa = PBXFileReference; fileEncoding = 4; lastKnownFileType = sourcecode.c.c; path = strconv.c; sourceTree = "<group>"; };
		8340ADDC180E902800250FCF /* utf.c */ = {isa = PBXFileReference; fileEncoding = 4; lastKnownFileType = sourcecode.c.c; path = utf.c; sourceTree = "<group>"; };
		8340ADDD180E902800250FCF /* utf.h */ = {isa = PBXFileReference; fileEncoding = 4; lastKnownFileType = sourcecode.c.h; path = utf.h; sourceTree = "<group>"; };
		8340ADDE180E902800250FCF /* value.c */ = {isa = PBXFileReference; fileEncoding = 4; lastKnownFileType = sourcecode.c.c; path = value.c; sourceTree = "<group>"; };
		8340ADE0180E902800250FCF /* aabb.c */ = {isa = PBXFileReference; fileEncoding = 4; lastKnownFileType = sourcecode.c.c; path = aabb.c; sourceTree = "<group>"; };
		8340ADE1180E902800250FCF /* aabb.h */ = {isa = PBXFileReference; fileEncoding = 4; lastKnownFileType = sourcecode.c.h; path = aabb.h; sourceTree = "<group>"; };
		8340ADE2180E902800250FCF /* kazmath.h */ = {isa = PBXFileReference; fileEncoding = 4; lastKnownFileType = sourcecode.c.h; path = kazmath.h; sourceTree = "<group>"; };
		8340ADE3180E902800250FCF /* mat3.c */ = {isa = PBXFileReference; fileEncoding = 4; lastKnownFileType = sourcecode.c.c; path = mat3.c; sourceTree = "<group>"; };
		8340ADE4180E902800250FCF /* mat3.h */ = {isa = PBXFileReference; fileEncoding = 4; lastKnownFileType = sourcecode.c.h; path = mat3.h; sourceTree = "<group>"; };
		8340ADE5180E902800250FCF /* mat4.c */ = {isa = PBXFileReference; fileEncoding = 4; lastKnownFileType = sourcecode.c.c; path = mat4.c; sourceTree = "<group>"; };
		8340ADE6180E902800250FCF /* mat4.h */ = {isa = PBXFileReference; fileEncoding = 4; lastKnownFileType = sourcecode.c.h; path = mat4.h; sourceTree = "<group>"; };
		8340ADE7180E902800250FCF /* mat4stack.c */ = {isa = PBXFileReference; fileEncoding = 4; lastKnownFileType = sourcecode.c.c; path = mat4stack.c; sourceTree = "<group>"; };
		8340ADE8180E902800250FCF /* mat4stack.h */ = {isa = PBXFileReference; fileEncoding = 4; lastKnownFileType = sourcecode.c.h; path = mat4stack.h; sourceTree = "<group>"; };
		8340ADE9180E902800250FCF /* matrix.c */ = {isa = PBXFileReference; fileEncoding = 4; lastKnownFileType = sourcecode.c.c; path = matrix.c; sourceTree = "<group>"; };
		8340ADEA180E902800250FCF /* matrix.h */ = {isa = PBXFileReference; fileEncoding = 4; lastKnownFileType = sourcecode.c.h; path = matrix.h; sourceTree = "<group>"; };
		8340ADEB180E902800250FCF /* plane.c */ = {isa = PBXFileReference; fileEncoding = 4; lastKnownFileType = sourcecode.c.c; path = plane.c; sourceTree = "<group>"; };
		8340ADEC180E902800250FCF /* plane.h */ = {isa = PBXFileReference; fileEncoding = 4; lastKnownFileType = sourcecode.c.h; path = plane.h; sourceTree = "<group>"; };
		8340ADED180E902800250FCF /* quaternion.c */ = {isa = PBXFileReference; fileEncoding = 4; lastKnownFileType = sourcecode.c.c; path = quaternion.c; sourceTree = "<group>"; };
		8340ADEE180E902800250FCF /* quaternion.h */ = {isa = PBXFileReference; fileEncoding = 4; lastKnownFileType = sourcecode.c.h; path = quaternion.h; sourceTree = "<group>"; };
		8340ADEF180E902800250FCF /* ray2.c */ = {isa = PBXFileReference; fileEncoding = 4; lastKnownFileType = sourcecode.c.c; path = ray2.c; sourceTree = "<group>"; };
		8340ADF0180E902800250FCF /* ray2.h */ = {isa = PBXFileReference; fileEncoding = 4; lastKnownFileType = sourcecode.c.h; path = ray2.h; sourceTree = "<group>"; };
		8340ADF1180E902800250FCF /* ray3.c */ = {isa = PBXFileReference; fileEncoding = 4; lastKnownFileType = sourcecode.c.c; path = ray3.c; sourceTree = "<group>"; };
		8340ADF2180E902800250FCF /* ray3.h */ = {isa = PBXFileReference; fileEncoding = 4; lastKnownFileType = sourcecode.c.h; path = ray3.h; sourceTree = "<group>"; };
		8340ADF3180E902800250FCF /* utility.c */ = {isa = PBXFileReference; fileEncoding = 4; lastKnownFileType = sourcecode.c.c; path = utility.c; sourceTree = "<group>"; };
		8340ADF4180E902800250FCF /* utility.h */ = {isa = PBXFileReference; fileEncoding = 4; lastKnownFileType = sourcecode.c.h; path = utility.h; sourceTree = "<group>"; };
		8340ADF5180E902800250FCF /* vec2.c */ = {isa = PBXFileReference; fileEncoding = 4; lastKnownFileType = sourcecode.c.c; path = vec2.c; sourceTree = "<group>"; };
		8340ADF6180E902800250FCF /* vec2.h */ = {isa = PBXFileReference; fileEncoding = 4; lastKnownFileType = sourcecode.c.h; path = vec2.h; sourceTree = "<group>"; };
		8340ADF7180E902800250FCF /* vec3.c */ = {isa = PBXFileReference; fileEncoding = 4; lastKnownFileType = sourcecode.c.c; path = vec3.c; sourceTree = "<group>"; };
		8340ADF8180E902800250FCF /* vec3.h */ = {isa = PBXFileReference; fileEncoding = 4; lastKnownFileType = sourcecode.c.h; path = vec3.h; sourceTree = "<group>"; };
		8340ADF9180E902800250FCF /* vec4.c */ = {isa = PBXFileReference; fileEncoding = 4; lastKnownFileType = sourcecode.c.c; path = vec4.c; sourceTree = "<group>"; };
		8340ADFA180E902800250FCF /* vec4.h */ = {isa = PBXFileReference; fileEncoding = 4; lastKnownFileType = sourcecode.c.h; path = vec4.h; sourceTree = "<group>"; };
		8340ADFC180E902800250FCF /* cxShaderDefault.c */ = {isa = PBXFileReference; fileEncoding = 4; lastKnownFileType = sourcecode.c.c; path = cxShaderDefault.c; sourceTree = "<group>"; };
		8340ADFD180E902800250FCF /* cxShaderDefault.h */ = {isa = PBXFileReference; fileEncoding = 4; lastKnownFileType = sourcecode.c.h; path = cxShaderDefault.h; sourceTree = "<group>"; };
		8340ADFE180E902800250FCF /* cxShaderPositionColor.c */ = {isa = PBXFileReference; fileEncoding = 4; lastKnownFileType = sourcecode.c.c; path = cxShaderPositionColor.c; sourceTree = "<group>"; };
		8340ADFF180E902800250FCF /* cxShaderPositionColor.h */ = {isa = PBXFileReference; fileEncoding = 4; lastKnownFileType = sourcecode.c.h; path = cxShaderPositionColor.h; sourceTree = "<group>"; };
		8340AE01180E902800250FCF /* cxAssetsStream.c */ = {isa = PBXFileReference; fileEncoding = 4; lastKnownFileType = sourcecode.c.c; path = cxAssetsStream.c; sourceTree = "<group>"; };
		8340AE02180E902800250FCF /* cxAssetsStream.h */ = {isa = PBXFileReference; fileEncoding = 4; lastKnownFileType = sourcecode.c.h; path = cxAssetsStream.h; sourceTree = "<group>"; };
		8340AE03180E902800250FCF /* cxMemStream.c */ = {isa = PBXFileReference; fileEncoding = 4; lastKnownFileType = sourcecode.c.c; path = cxMemStream.c; sourceTree = "<group>"; };
		8340AE04180E902800250FCF /* cxMemStream.h */ = {isa = PBXFileReference; fileEncoding = 4; lastKnownFileType = sourcecode.c.h; path = cxMemStream.h; sourceTree = "<group>"; };
		8340AE06180E902800250FCF /* cxTextureFactory.c */ = {isa = PBXFileReference; fileEncoding = 4; lastKnownFileType = sourcecode.c.c; path = cxTextureFactory.c; sourceTree = "<group>"; };
		8340AE07180E902800250FCF /* cxTextureFactory.h */ = {isa = PBXFileReference; fileEncoding = 4; lastKnownFileType = sourcecode.c.h; path = cxTextureFactory.h; sourceTree = "<group>"; };
		8340AE08180E902800250FCF /* cxTexturePKM.c */ = {isa = PBXFileReference; fileEncoding = 4; lastKnownFileType = sourcecode.c.c; path = cxTexturePKM.c; sourceTree = "<group>"; };
		8340AE09180E902800250FCF /* cxTexturePKM.h */ = {isa = PBXFileReference; fileEncoding = 4; lastKnownFileType = sourcecode.c.h; path = cxTexturePKM.h; sourceTree = "<group>"; };
		8340AE0A180E902800250FCF /* cxTexturePNG.c */ = {isa = PBXFileReference; fileEncoding = 4; lastKnownFileType = sourcecode.c.c; path = cxTexturePNG.c; sourceTree = "<group>"; };
		8340AE0B180E902800250FCF /* cxTexturePNG.h */ = {isa = PBXFileReference; fileEncoding = 4; lastKnownFileType = sourcecode.c.h; path = cxTexturePNG.h; sourceTree = "<group>"; };
		8340AE0C180E902800250FCF /* cxTexturePVR.c */ = {isa = PBXFileReference; fileEncoding = 4; lastKnownFileType = sourcecode.c.c; path = cxTexturePVR.c; sourceTree = "<group>"; };
		8340AE0D180E902800250FCF /* cxTexturePVR.h */ = {isa = PBXFileReference; fileEncoding = 4; lastKnownFileType = sourcecode.c.h; path = cxTexturePVR.h; sourceTree = "<group>"; };
		8340AE0E180E902800250FCF /* cxTextureXML.c */ = {isa = PBXFileReference; fileEncoding = 4; lastKnownFileType = sourcecode.c.c; path = cxTextureXML.c; sourceTree = "<group>"; };
		8340AE0F180E902800250FCF /* cxTextureXML.h */ = {isa = PBXFileReference; fileEncoding = 4; lastKnownFileType = sourcecode.c.h; path = cxTextureXML.h; sourceTree = "<group>"; };
		8340AE11180E902800250FCF /* cxButton.c */ = {isa = PBXFileReference; fileEncoding = 4; lastKnownFileType = sourcecode.c.c; path = cxButton.c; sourceTree = "<group>"; };
		8340AE12180E902800250FCF /* cxButton.h */ = {isa = PBXFileReference; fileEncoding = 4; lastKnownFileType = sourcecode.c.h; path = cxButton.h; sourceTree = "<group>"; };
		8340AE13180E902800250FCF /* cxSprite.c */ = {isa = PBXFileReference; fileEncoding = 4; lastKnownFileType = sourcecode.c.c; path = cxSprite.c; sourceTree = "<group>"; };
		8340AE14180E902800250FCF /* cxSprite.h */ = {isa = PBXFileReference; fileEncoding = 4; lastKnownFileType = sourcecode.c.h; path = cxSprite.h; sourceTree = "<group>"; };
		8340AE15180E902800250FCF /* cxWindow.c */ = {isa = PBXFileReference; fileEncoding = 4; lastKnownFileType = sourcecode.c.c; path = cxWindow.c; sourceTree = "<group>"; };
		8340AE16180E902800250FCF /* cxWindow.h */ = {isa = PBXFileReference; fileEncoding = 4; lastKnownFileType = sourcecode.c.h; path = cxWindow.h; sourceTree = "<group>"; };
		8340AE72180E925300250FCF /* libxml2.dylib */ = {isa = PBXFileReference; lastKnownFileType = "compiled.mach-o.dylib"; name = libxml2.dylib; path = usr/lib/libxml2.dylib; sourceTree = SDKROOT; };
		8340AE75180E92E400250FCF /* 2.pvr */ = {isa = PBXFileReference; lastKnownFileType = file; path = 2.pvr; sourceTree = "<group>"; };
		8340AE76180E92E400250FCF /* 4.pvr */ = {isa = PBXFileReference; lastKnownFileType = file; path = 4.pvr; sourceTree = "<group>"; };
		8340AE77180E92E400250FCF /* actions.xml */ = {isa = PBXFileReference; fileEncoding = 4; lastKnownFileType = text.xml; path = actions.xml; sourceTree = "<group>"; };
		8340AE78180E92E400250FCF /* candy.png */ = {isa = PBXFileReference; lastKnownFileType = image.png; path = candy.png; sourceTree = "<group>"; };
		8340AE79180E92E400250FCF /* candy.pvr */ = {isa = PBXFileReference; lastKnownFileType = file; path = candy.pvr; sourceTree = "<group>"; };
		8340AE7A180E92E400250FCF /* candy.xml */ = {isa = PBXFileReference; fileEncoding = 4; lastKnownFileType = text.xml; path = candy.xml; sourceTree = "<group>"; };
		8340AE7B180E92E400250FCF /* orange.png */ = {isa = PBXFileReference; lastKnownFileType = image.png; path = orange.png; sourceTree = "<group>"; };
		8340AE7C180E92E400250FCF /* view.xml */ = {isa = PBXFileReference; fileEncoding = 4; lastKnownFileType = text.xml; path = view.xml; sourceTree = "<group>"; };
		8340AE7D180E92E400250FCF /* view2.xml */ = {isa = PBXFileReference; fileEncoding = 4; lastKnownFileType = text.xml; path = view2.xml; sourceTree = "<group>"; };
		8340AE87180E93D300250FCF /* libpng16.a */ = {isa = PBXFileReference; lastKnownFileType = archive.ar; name = libpng16.a; path = libs/mac/lib/libpng16.a; sourceTree = "<group>"; };
		8340AE89180E93DC00250FCF /* libz.dylib */ = {isa = PBXFileReference; lastKnownFileType = "compiled.mach-o.dylib"; name = libz.dylib; path = usr/lib/libz.dylib; sourceTree = SDKROOT; };
		83FEC2F2180EAEAF0053E84E /* GLUT.framework */ = {isa = PBXFileReference; lastKnownFileType = wrapper.framework; name = GLUT.framework; path = System/Library/Frameworks/GLUT.framework; sourceTree = SDKROOT; };
		83FEC2F5180EAF7B0053E84E /* cxUnit.m */ = {isa = PBXFileReference; fileEncoding = 4; lastKnownFileType = sourcecode.c.objc; path = cxUnit.m; sourceTree = "<group>"; };
		83FEC2FA180EC2400053E84E /* cxMain.c */ = {isa = PBXFileReference; fileEncoding = 4; lastKnownFileType = sourcecode.c.c; name = cxMain.c; path = cxEngine/cxMain.c; sourceTree = SOURCE_ROOT; };
		83FEC2FB180EC2400053E84E /* cxMain.h */ = {isa = PBXFileReference; fileEncoding = 4; lastKnownFileType = sourcecode.c.h; name = cxMain.h; path = cxEngine/cxMain.h; sourceTree = SOURCE_ROOT; };
/* End PBXFileReference section */

/* Begin PBXFrameworksBuildPhase section */
		8340AD1C180E8D3600250FCF /* Frameworks */ = {
			isa = PBXFrameworksBuildPhase;
			buildActionMask = 2147483647;
			files = (
				83FEC2F3180EAEAF0053E84E /* GLUT.framework in Frameworks */,
				8340AE8A180E93DC00250FCF /* libz.dylib in Frameworks */,
				8340AE88180E93D300250FCF /* libpng16.a in Frameworks */,
				8340AE73180E925300250FCF /* libxml2.dylib in Frameworks */,
				8340AD5B180E8DE300250FCF /* QuartzCore.framework in Frameworks */,
				8340AD58180E8DD800250FCF /* OpenAL.framework in Frameworks */,
				8340AD59180E8DD800250FCF /* OpenGL.framework in Frameworks */,
				8340AD23180E8D3600250FCF /* Cocoa.framework in Frameworks */,
			);
			runOnlyForDeploymentPostprocessing = 0;
		};
		8340AD3D180E8D3600250FCF /* Frameworks */ = {
			isa = PBXFrameworksBuildPhase;
			buildActionMask = 2147483647;
			files = (
				8340AD43180E8D3600250FCF /* Cocoa.framework in Frameworks */,
				8340AD42180E8D3600250FCF /* XCTest.framework in Frameworks */,
			);
			runOnlyForDeploymentPostprocessing = 0;
		};
/* End PBXFrameworksBuildPhase section */

/* Begin PBXGroup section */
		8340AD16180E8D3600250FCF = {
			isa = PBXGroup;
			children = (
				8340AD5C180E902700250FCF /* actions */,
				8340AD65180E902800250FCF /* chipmunk */,
				8340AD9E180E902800250FCF /* core */,
				8340ADCE180E902800250FCF /* json */,
				8340ADDF180E902800250FCF /* kazmath */,
				8340ADFB180E902800250FCF /* shaders */,
				8340AE00180E902800250FCF /* streams */,
				8340AE05180E902800250FCF /* textures */,
				8340AE10180E902800250FCF /* views */,
				8340AD28180E8D3600250FCF /* cxEngineMac */,
				8340AD46180E8D3600250FCF /* cxEngineMacTests */,
				8340AD21180E8D3600250FCF /* Frameworks */,
				8340AD20180E8D3600250FCF /* Products */,
			);
			sourceTree = "<group>";
		};
		8340AD20180E8D3600250FCF /* Products */ = {
			isa = PBXGroup;
			children = (
				8340AD1F180E8D3600250FCF /* cxEngineMac.app */,
				8340AD40180E8D3600250FCF /* cxEngineMacTests.xctest */,
			);
			name = Products;
			sourceTree = "<group>";
		};
		8340AD21180E8D3600250FCF /* Frameworks */ = {
			isa = PBXGroup;
			children = (
				83FEC2F2180EAEAF0053E84E /* GLUT.framework */,
				8340AE89180E93DC00250FCF /* libz.dylib */,
				8340AE87180E93D300250FCF /* libpng16.a */,
				8340AE72180E925300250FCF /* libxml2.dylib */,
				8340AD5A180E8DE300250FCF /* QuartzCore.framework */,
				8340AD56180E8DD800250FCF /* OpenAL.framework */,
				8340AD57180E8DD800250FCF /* OpenGL.framework */,
				8340AD22180E8D3600250FCF /* Cocoa.framework */,
				8340AD41180E8D3600250FCF /* XCTest.framework */,
				8340AD24180E8D3600250FCF /* Other Frameworks */,
			);
			name = Frameworks;
			sourceTree = "<group>";
		};
		8340AD24180E8D3600250FCF /* Other Frameworks */ = {
			isa = PBXGroup;
			children = (
				8340AD25180E8D3600250FCF /* AppKit.framework */,
				8340AD26180E8D3600250FCF /* CoreData.framework */,
				8340AD27180E8D3600250FCF /* Foundation.framework */,
			);
			name = "Other Frameworks";
			sourceTree = "<group>";
		};
		8340AD28180E8D3600250FCF /* cxEngineMac */ = {
			isa = PBXGroup;
			children = (
				8340AD2E180E8D3600250FCF /* main.m */,
				83FEC2FA180EC2400053E84E /* cxMain.c */,
				83FEC2FB180EC2400053E84E /* cxMain.h */,
				8340AD3A180E8D3600250FCF /* Images.xcassets */,
				8340AD29180E8D3600250FCF /* Supporting Files */,
				83FEC2F5180EAF7B0053E84E /* cxUnit.m */,
			);
			path = cxEngineMac;
			sourceTree = "<group>";
		};
		8340AD29180E8D3600250FCF /* Supporting Files */ = {
			isa = PBXGroup;
			children = (
				8340AE74180E92E400250FCF /* res */,
				8340AD2A180E8D3600250FCF /* cxEngineMac-Info.plist */,
				8340AD2B180E8D3600250FCF /* InfoPlist.strings */,
				8340AD30180E8D3600250FCF /* cxEngineMac-Prefix.pch */,
				8340AD31180E8D3600250FCF /* Credits.rtf */,
			);
			name = "Supporting Files";
			sourceTree = "<group>";
		};
		8340AD46180E8D3600250FCF /* cxEngineMacTests */ = {
			isa = PBXGroup;
			children = (
				8340AD4C180E8D3600250FCF /* cxEngineMacTests.m */,
				8340AD47180E8D3600250FCF /* Supporting Files */,
			);
			path = cxEngineMacTests;
			sourceTree = "<group>";
		};
		8340AD47180E8D3600250FCF /* Supporting Files */ = {
			isa = PBXGroup;
			children = (
				8340AD48180E8D3600250FCF /* cxEngineMacTests-Info.plist */,
				8340AD49180E8D3600250FCF /* InfoPlist.strings */,
			);
			name = "Supporting Files";
			sourceTree = "<group>";
		};
		8340AD5C180E902700250FCF /* actions */ = {
			isa = PBXGroup;
			children = (
				8340AD5D180E902700250FCF /* cxCurve.c */,
				8340AD5E180E902800250FCF /* cxCurve.h */,
				8340AD5F180E902800250FCF /* cxMove.c */,
				8340AD60180E902800250FCF /* cxMove.h */,
				8340AD61180E902800250FCF /* cxRotate.c */,
				8340AD62180E902800250FCF /* cxRotate.h */,
				8340AD63180E902800250FCF /* cxScale.c */,
				8340AD64180E902800250FCF /* cxScale.h */,
			);
			path = actions;
			sourceTree = "<group>";
		};
		8340AD65180E902800250FCF /* chipmunk */ = {
			isa = PBXGroup;
			children = (
				8340AD66180E902800250FCF /* chipmunk.c */,
				8340AD67180E902800250FCF /* chipmunk.h */,
				8340AD68180E902800250FCF /* chipmunk_ffi.h */,
				8340AD69180E902800250FCF /* chipmunk_private.h */,
				8340AD6A180E902800250FCF /* chipmunk_types.h */,
				8340AD6B180E902800250FCF /* chipmunk_unsafe.h */,
				8340AD6C180E902800250FCF /* constraints */,
				8340AD84180E902800250FCF /* cpArbiter.c */,
				8340AD85180E902800250FCF /* cpArbiter.h */,
				8340AD86180E902800250FCF /* cpArray.c */,
				8340AD87180E902800250FCF /* cpBB.c */,
				8340AD88180E902800250FCF /* cpBB.h */,
				8340AD89180E902800250FCF /* cpBBTree.c */,
				8340AD8A180E902800250FCF /* cpBody.c */,
				8340AD8B180E902800250FCF /* cpBody.h */,
				8340AD8C180E902800250FCF /* cpCollision.c */,
				8340AD8D180E902800250FCF /* cpHashSet.c */,
				8340AD8E180E902800250FCF /* cpPolyShape.c */,
				8340AD8F180E902800250FCF /* cpPolyShape.h */,
				8340AD90180E902800250FCF /* cpShape.c */,
				8340AD91180E902800250FCF /* cpShape.h */,
				8340AD92180E902800250FCF /* cpSpace.c */,
				8340AD93180E902800250FCF /* cpSpace.h */,
				8340AD94180E902800250FCF /* cpSpaceComponent.c */,
				8340AD95180E902800250FCF /* cpSpaceHash.c */,
				8340AD96180E902800250FCF /* cpSpaceQuery.c */,
				8340AD97180E902800250FCF /* cpSpaceStep.c */,
				8340AD98180E902800250FCF /* cpSpatialIndex.c */,
				8340AD99180E902800250FCF /* cpSpatialIndex.h */,
				8340AD9A180E902800250FCF /* cpSweep1D.c */,
				8340AD9B180E902800250FCF /* cpVect.c */,
				8340AD9C180E902800250FCF /* cpVect.h */,
				8340AD9D180E902800250FCF /* prime.h */,
			);
			path = chipmunk;
			sourceTree = "<group>";
		};
		8340AD6C180E902800250FCF /* constraints */ = {
			isa = PBXGroup;
			children = (
				8340AD6D180E902800250FCF /* cpConstraint.c */,
				8340AD6E180E902800250FCF /* cpConstraint.h */,
				8340AD6F180E902800250FCF /* cpDampedRotarySpring.c */,
				8340AD70180E902800250FCF /* cpDampedRotarySpring.h */,
				8340AD71180E902800250FCF /* cpDampedSpring.c */,
				8340AD72180E902800250FCF /* cpDampedSpring.h */,
				8340AD73180E902800250FCF /* cpGearJoint.c */,
				8340AD74180E902800250FCF /* cpGearJoint.h */,
				8340AD75180E902800250FCF /* cpGrooveJoint.c */,
				8340AD76180E902800250FCF /* cpGrooveJoint.h */,
				8340AD77180E902800250FCF /* cpPinJoint.c */,
				8340AD78180E902800250FCF /* cpPinJoint.h */,
				8340AD79180E902800250FCF /* cpPivotJoint.c */,
				8340AD7A180E902800250FCF /* cpPivotJoint.h */,
				8340AD7B180E902800250FCF /* cpRatchetJoint.c */,
				8340AD7C180E902800250FCF /* cpRatchetJoint.h */,
				8340AD7D180E902800250FCF /* cpRotaryLimitJoint.c */,
				8340AD7E180E902800250FCF /* cpRotaryLimitJoint.h */,
				8340AD7F180E902800250FCF /* cpSimpleMotor.c */,
				8340AD80180E902800250FCF /* cpSimpleMotor.h */,
				8340AD81180E902800250FCF /* cpSlideJoint.c */,
				8340AD82180E902800250FCF /* cpSlideJoint.h */,
				8340AD83180E902800250FCF /* util.h */,
			);
			path = constraints;
			sourceTree = "<group>";
		};
		8340AD9E180E902800250FCF /* core */ = {
			isa = PBXGroup;
			children = (
				8340AD9F180E902800250FCF /* cxAction.c */,
				8340ADA0180E902800250FCF /* cxAction.h */,
				8340ADA1180E902800250FCF /* cxActionXML.c */,
				8340ADA2180E902800250FCF /* cxActionXML.h */,
				8340ADA3180E902800250FCF /* cxAllocator.c */,
				8340ADA4180E902800250FCF /* cxAllocator.h */,
				8340ADA5180E902800250FCF /* cxArray.c */,
				8340ADA6180E902800250FCF /* cxArray.h */,
				8340ADA7180E902800250FCF /* cxAutoPool.c */,
				8340ADA8180E902800250FCF /* cxAutoPool.h */,
				8340ADA9180E902800250FCF /* cxBase.c */,
				8340ADAA180E902800250FCF /* cxBase.h */,
				8340ADAB180E902800250FCF /* cxConfig.c */,
				8340ADAC180E902800250FCF /* cxConfig.h */,
				8340ADAD180E902800250FCF /* cxEngine.c */,
				8340ADAE180E902800250FCF /* cxEngine.h */,
				8340ADAF180E902800250FCF /* cxEventArg.c */,
				8340ADB0180E902800250FCF /* cxEventArg.h */,
				8340ADB1180E902800250FCF /* cxEventItem.c */,
				8340ADB2180E902800250FCF /* cxEventItem.h */,
				8340ADB3180E902800250FCF /* cxHash.c */,
				8340ADB4180E902800250FCF /* cxHash.h */,
				8340ADB5180E902800250FCF /* cxInput.h */,
				8340ADB6180E902800250FCF /* cxList.c */,
				8340ADB7180E902800250FCF /* cxList.h */,
				8340ADB8180E902800250FCF /* cxOpenGL.c */,
				8340ADB9180E902800250FCF /* cxOpenGL.h */,
				8340ADBA180E902800250FCF /* cxShader.c */,
				8340ADBB180E902800250FCF /* cxShader.h */,
				8340ADBC180E902800250FCF /* cxStack.c */,
				8340ADBD180E902800250FCF /* cxStack.h */,
				8340ADBE180E902800250FCF /* cxStream.c */,
				8340ADBF180E902800250FCF /* cxStream.h */,
				8340ADC0180E902800250FCF /* cxString.c */,
				8340ADC1180E902800250FCF /* cxString.h */,
				8340ADC2180E902800250FCF /* cxTexture.c */,
				8340ADC3180E902800250FCF /* cxTexture.h */,
				8340ADC4180E902800250FCF /* cxTypes.c */,
				8340ADC5180E902800250FCF /* cxTypes.h */,
				8340ADC6180E902800250FCF /* cxUtil.c */,
				8340ADC7180E902800250FCF /* cxUtil.h */,
				8340ADC8180E902800250FCF /* cxView.c */,
				8340ADC9180E902800250FCF /* cxView.h */,
				8340ADCA180E902800250FCF /* cxViewXML.c */,
				8340ADCB180E902800250FCF /* cxViewXML.h */,
				8340ADCC180E902800250FCF /* cxXMLScript.c */,
				8340ADCD180E902800250FCF /* cxXMLScript.h */,
			);
			path = core;
			sourceTree = "<group>";
		};
		8340ADCE180E902800250FCF /* json */ = {
			isa = PBXGroup;
			children = (
				8340ADCF180E902800250FCF /* dump.c */,
				8340ADD0180E902800250FCF /* error.c */,
				8340ADD1180E902800250FCF /* hashtable.c */,
				8340ADD2180E902800250FCF /* hashtable.h */,
				8340ADD3180E902800250FCF /* jansson.h */,
				8340ADD4180E902800250FCF /* jansson_config.h */,
				8340ADD5180E902800250FCF /* jansson_private.h */,
				8340ADD6180E902800250FCF /* load.c */,
				8340ADD7180E902800250FCF /* memory.c */,
				8340ADD8180E902800250FCF /* pack_unpack.c */,
				8340ADD9180E902800250FCF /* strbuffer.c */,
				8340ADDA180E902800250FCF /* strbuffer.h */,
				8340ADDB180E902800250FCF /* strconv.c */,
				8340ADDC180E902800250FCF /* utf.c */,
				8340ADDD180E902800250FCF /* utf.h */,
				8340ADDE180E902800250FCF /* value.c */,
			);
			path = json;
			sourceTree = "<group>";
		};
		8340ADDF180E902800250FCF /* kazmath */ = {
			isa = PBXGroup;
			children = (
				8340ADE0180E902800250FCF /* aabb.c */,
				8340ADE1180E902800250FCF /* aabb.h */,
				8340ADE2180E902800250FCF /* kazmath.h */,
				8340ADE3180E902800250FCF /* mat3.c */,
				8340ADE4180E902800250FCF /* mat3.h */,
				8340ADE5180E902800250FCF /* mat4.c */,
				8340ADE6180E902800250FCF /* mat4.h */,
				8340ADE7180E902800250FCF /* mat4stack.c */,
				8340ADE8180E902800250FCF /* mat4stack.h */,
				8340ADE9180E902800250FCF /* matrix.c */,
				8340ADEA180E902800250FCF /* matrix.h */,
				8340ADEB180E902800250FCF /* plane.c */,
				8340ADEC180E902800250FCF /* plane.h */,
				8340ADED180E902800250FCF /* quaternion.c */,
				8340ADEE180E902800250FCF /* quaternion.h */,
				8340ADEF180E902800250FCF /* ray2.c */,
				8340ADF0180E902800250FCF /* ray2.h */,
				8340ADF1180E902800250FCF /* ray3.c */,
				8340ADF2180E902800250FCF /* ray3.h */,
				8340ADF3180E902800250FCF /* utility.c */,
				8340ADF4180E902800250FCF /* utility.h */,
				8340ADF5180E902800250FCF /* vec2.c */,
				8340ADF6180E902800250FCF /* vec2.h */,
				8340ADF7180E902800250FCF /* vec3.c */,
				8340ADF8180E902800250FCF /* vec3.h */,
				8340ADF9180E902800250FCF /* vec4.c */,
				8340ADFA180E902800250FCF /* vec4.h */,
			);
			path = kazmath;
			sourceTree = "<group>";
		};
		8340ADFB180E902800250FCF /* shaders */ = {
			isa = PBXGroup;
			children = (
				8340ADFC180E902800250FCF /* cxShaderDefault.c */,
				8340ADFD180E902800250FCF /* cxShaderDefault.h */,
				8340ADFE180E902800250FCF /* cxShaderPositionColor.c */,
				8340ADFF180E902800250FCF /* cxShaderPositionColor.h */,
			);
			path = shaders;
			sourceTree = "<group>";
		};
		8340AE00180E902800250FCF /* streams */ = {
			isa = PBXGroup;
			children = (
				8340AE01180E902800250FCF /* cxAssetsStream.c */,
				8340AE02180E902800250FCF /* cxAssetsStream.h */,
				8340AE03180E902800250FCF /* cxMemStream.c */,
				8340AE04180E902800250FCF /* cxMemStream.h */,
			);
			path = streams;
			sourceTree = "<group>";
		};
		8340AE05180E902800250FCF /* textures */ = {
			isa = PBXGroup;
			children = (
				8340AE06180E902800250FCF /* cxTextureFactory.c */,
				8340AE07180E902800250FCF /* cxTextureFactory.h */,
				8340AE08180E902800250FCF /* cxTexturePKM.c */,
				8340AE09180E902800250FCF /* cxTexturePKM.h */,
				8340AE0A180E902800250FCF /* cxTexturePNG.c */,
				8340AE0B180E902800250FCF /* cxTexturePNG.h */,
				8340AE0C180E902800250FCF /* cxTexturePVR.c */,
				8340AE0D180E902800250FCF /* cxTexturePVR.h */,
				8340AE0E180E902800250FCF /* cxTextureXML.c */,
				8340AE0F180E902800250FCF /* cxTextureXML.h */,
			);
			path = textures;
			sourceTree = "<group>";
		};
		8340AE10180E902800250FCF /* views */ = {
			isa = PBXGroup;
			children = (
				8340AE11180E902800250FCF /* cxButton.c */,
				8340AE12180E902800250FCF /* cxButton.h */,
				8340AE13180E902800250FCF /* cxSprite.c */,
				8340AE14180E902800250FCF /* cxSprite.h */,
				8340AE15180E902800250FCF /* cxWindow.c */,
				8340AE16180E902800250FCF /* cxWindow.h */,
			);
			path = views;
			sourceTree = "<group>";
		};
		8340AE74180E92E400250FCF /* res */ = {
			isa = PBXGroup;
			children = (
				8340AE75180E92E400250FCF /* 2.pvr */,
				8340AE76180E92E400250FCF /* 4.pvr */,
				8340AE77180E92E400250FCF /* actions.xml */,
				8340AE78180E92E400250FCF /* candy.png */,
				8340AE79180E92E400250FCF /* candy.pvr */,
				8340AE7A180E92E400250FCF /* candy.xml */,
				8340AE7B180E92E400250FCF /* orange.png */,
				8340AE7C180E92E400250FCF /* view.xml */,
				8340AE7D180E92E400250FCF /* view2.xml */,
			);
			path = res;
			sourceTree = "<group>";
		};
/* End PBXGroup section */

/* Begin PBXNativeTarget section */
		8340AD1E180E8D3600250FCF /* cxEngineMac */ = {
			isa = PBXNativeTarget;
			buildConfigurationList = 8340AD50180E8D3600250FCF /* Build configuration list for PBXNativeTarget "cxEngineMac" */;
			buildPhases = (
				8340AD1B180E8D3600250FCF /* Sources */,
				8340AD1C180E8D3600250FCF /* Frameworks */,
				8340AD1D180E8D3600250FCF /* Resources */,
			);
			buildRules = (
			);
			dependencies = (
			);
			name = cxEngineMac;
			productName = cxEngineMac;
			productReference = 8340AD1F180E8D3600250FCF /* cxEngineMac.app */;
			productType = "com.apple.product-type.application";
		};
		8340AD3F180E8D3600250FCF /* cxEngineMacTests */ = {
			isa = PBXNativeTarget;
			buildConfigurationList = 8340AD53180E8D3600250FCF /* Build configuration list for PBXNativeTarget "cxEngineMacTests" */;
			buildPhases = (
				8340AD3C180E8D3600250FCF /* Sources */,
				8340AD3D180E8D3600250FCF /* Frameworks */,
				8340AD3E180E8D3600250FCF /* Resources */,
			);
			buildRules = (
			);
			dependencies = (
				8340AD45180E8D3600250FCF /* PBXTargetDependency */,
			);
			name = cxEngineMacTests;
			productName = cxEngineMacTests;
			productReference = 8340AD40180E8D3600250FCF /* cxEngineMacTests.xctest */;
			productType = "com.apple.product-type.bundle.unit-test";
		};
/* End PBXNativeTarget section */

/* Begin PBXProject section */
		8340AD17180E8D3600250FCF /* Project object */ = {
			isa = PBXProject;
			attributes = {
				CLASSPREFIX = cx;
				LastUpgradeCheck = 0500;
				ORGANIZATIONNAME = xuhua;
				TargetAttributes = {
					8340AD3F180E8D3600250FCF = {
						TestTargetID = 8340AD1E180E8D3600250FCF;
					};
				};
			};
			buildConfigurationList = 8340AD1A180E8D3600250FCF /* Build configuration list for PBXProject "cxEngineMac" */;
			compatibilityVersion = "Xcode 3.2";
			developmentRegion = English;
			hasScannedForEncodings = 0;
			knownRegions = (
				en,
				Base,
			);
			mainGroup = 8340AD16180E8D3600250FCF;
			productRefGroup = 8340AD20180E8D3600250FCF /* Products */;
			projectDirPath = "";
			projectRoot = "";
			targets = (
				8340AD1E180E8D3600250FCF /* cxEngineMac */,
				8340AD3F180E8D3600250FCF /* cxEngineMacTests */,
			);
		};
/* End PBXProject section */

/* Begin PBXResourcesBuildPhase section */
		8340AD1D180E8D3600250FCF /* Resources */ = {
			isa = PBXResourcesBuildPhase;
			buildActionMask = 2147483647;
			files = (
				8340AD2D180E8D3600250FCF /* InfoPlist.strings in Resources */,
				8340AE84180E92E400250FCF /* orange.png in Resources */,
				8340AD3B180E8D3600250FCF /* Images.xcassets in Resources */,
				8340AD33180E8D3600250FCF /* Credits.rtf in Resources */,
				8340AE81180E92E400250FCF /* candy.png in Resources */,
				8340AE86180E92E400250FCF /* view2.xml in Resources */,
				8340AE7F180E92E400250FCF /* 4.pvr in Resources */,
				8340AE85180E92E400250FCF /* view.xml in Resources */,
				8340AE7E180E92E400250FCF /* 2.pvr in Resources */,
				8340AE82180E92E400250FCF /* candy.pvr in Resources */,
				8340AE80180E92E400250FCF /* actions.xml in Resources */,
				8340AE83180E92E400250FCF /* candy.xml in Resources */,
			);
			runOnlyForDeploymentPostprocessing = 0;
		};
		8340AD3E180E8D3600250FCF /* Resources */ = {
			isa = PBXResourcesBuildPhase;
			buildActionMask = 2147483647;
			files = (
				8340AD4B180E8D3600250FCF /* InfoPlist.strings in Resources */,
			);
			runOnlyForDeploymentPostprocessing = 0;
		};
/* End PBXResourcesBuildPhase section */

/* Begin PBXSourcesBuildPhase section */
		8340AD1B180E8D3600250FCF /* Sources */ = {
			isa = PBXSourcesBuildPhase;
			buildActionMask = 2147483647;
			files = (
				8340AE62180E902800250FCF /* utility.c in Sources */,
				83FEC2FC180EC2400053E84E /* cxMain.c in Sources */,
				8340AE70180E902800250FCF /* cxSprite.c in Sources */,
				8340AE5C180E902800250FCF /* mat4stack.c in Sources */,
				8340AE60180E902800250FCF /* ray2.c in Sources */,
				8340AE4A180E902800250FCF /* cxTypes.c in Sources */,
				8340AE2F180E902800250FCF /* cpShape.c in Sources */,
				8340AE21180E902800250FCF /* cpPinJoint.c in Sources */,
				8340AE23180E902800250FCF /* cpRatchetJoint.c in Sources */,
				8340AE2B180E902800250FCF /* cpBody.c in Sources */,
				8340AE27180E902800250FCF /* cpArbiter.c in Sources */,
				8340AE3F180E902800250FCF /* cxEngine.c in Sources */,
				8340AE1E180E902800250FCF /* cpDampedSpring.c in Sources */,
				8340AE1B180E902800250FCF /* chipmunk.c in Sources */,
				8340AE17180E902800250FCF /* cxCurve.c in Sources */,
				8340AE1F180E902800250FCF /* cpGearJoint.c in Sources */,
				8340AE52180E902800250FCF /* load.c in Sources */,
				8340AD2F180E8D3600250FCF /* main.m in Sources */,
				8340AE5F180E902800250FCF /* quaternion.c in Sources */,
				8340AE28180E902800250FCF /* cpArray.c in Sources */,
				8340AE38180E902800250FCF /* cxAction.c in Sources */,
				8340AE1A180E902800250FCF /* cxScale.c in Sources */,
				8340AE6A180E902800250FCF /* cxTextureFactory.c in Sources */,
				8340AE30180E902800250FCF /* cpSpace.c in Sources */,
				8340AE22180E902800250FCF /* cpPivotJoint.c in Sources */,
				8340AE61180E902800250FCF /* ray3.c in Sources */,
				8340AE46180E902800250FCF /* cxStack.c in Sources */,
				8340AE4E180E902800250FCF /* cxXMLScript.c in Sources */,
				8340AE47180E902800250FCF /* cxStream.c in Sources */,
				8340AE32180E902800250FCF /* cpSpaceHash.c in Sources */,
				8340AE2A180E902800250FCF /* cpBBTree.c in Sources */,
				8340AE31180E902800250FCF /* cpSpaceComponent.c in Sources */,
				8340AE3C180E902800250FCF /* cxAutoPool.c in Sources */,
				8340AE68180E902800250FCF /* cxAssetsStream.c in Sources */,
				8340AE29180E902800250FCF /* cpBB.c in Sources */,
				8340AE57180E902800250FCF /* utf.c in Sources */,
				8340AE41180E902800250FCF /* cxEventItem.c in Sources */,
				8340AE71180E902800250FCF /* cxWindow.c in Sources */,
				8340AE63180E902800250FCF /* vec2.c in Sources */,
				8340AE48180E902800250FCF /* cxString.c in Sources */,
				8340AE5A180E902800250FCF /* mat3.c in Sources */,
				8340AE51180E902800250FCF /* hashtable.c in Sources */,
				8340AE6C180E902800250FCF /* cxTexturePNG.c in Sources */,
				8340AE54180E902800250FCF /* pack_unpack.c in Sources */,
				8340AE3D180E902800250FCF /* cxBase.c in Sources */,
				83FEC2F6180EAF7B0053E84E /* cxUnit.m in Sources */,
				8340AE64180E902800250FCF /* vec3.c in Sources */,
				8340AE55180E902800250FCF /* strbuffer.c in Sources */,
				8340AE3E180E902800250FCF /* cxConfig.c in Sources */,
				8340AE6E180E902800250FCF /* cxTextureXML.c in Sources */,
				8340AE18180E902800250FCF /* cxMove.c in Sources */,
				8340AE33180E902800250FCF /* cpSpaceQuery.c in Sources */,
				8340AE44180E902800250FCF /* cxOpenGL.c in Sources */,
				8340AE3A180E902800250FCF /* cxAllocator.c in Sources */,
				8340AE65180E902800250FCF /* vec4.c in Sources */,
				8340AE2E180E902800250FCF /* cpPolyShape.c in Sources */,
				8340AE19180E902800250FCF /* cxRotate.c in Sources */,
				8340AE58180E902800250FCF /* value.c in Sources */,
				8340AE66180E902800250FCF /* cxShaderDefault.c in Sources */,
				8340AE2D180E902800250FCF /* cpHashSet.c in Sources */,
				8340AE25180E902800250FCF /* cpSimpleMotor.c in Sources */,
				8340AE49180E902800250FCF /* cxTexture.c in Sources */,
				8340AE5D180E902800250FCF /* matrix.c in Sources */,
				8340AE34180E902800250FCF /* cpSpaceStep.c in Sources */,
				8340AE4C180E902800250FCF /* cxView.c in Sources */,
				8340AE40180E902800250FCF /* cxEventArg.c in Sources */,
				8340AE26180E902800250FCF /* cpSlideJoint.c in Sources */,
				8340AE37180E902800250FCF /* cpVect.c in Sources */,
				8340AE6B180E902800250FCF /* cxTexturePKM.c in Sources */,
				8340AE67180E902800250FCF /* cxShaderPositionColor.c in Sources */,
				8340AE69180E902800250FCF /* cxMemStream.c in Sources */,
				8340AE24180E902800250FCF /* cpRotaryLimitJoint.c in Sources */,
				8340AE6F180E902800250FCF /* cxButton.c in Sources */,
				8340AE39180E902800250FCF /* cxActionXML.c in Sources */,
				8340AE20180E902800250FCF /* cpGrooveJoint.c in Sources */,
				8340AE5E180E902800250FCF /* plane.c in Sources */,
				8340AE53180E902800250FCF /* memory.c in Sources */,
				8340AE3B180E902800250FCF /* cxArray.c in Sources */,
				8340AE43180E902800250FCF /* cxList.c in Sources */,
				8340AE4D180E902800250FCF /* cxViewXML.c in Sources */,
				8340AE56180E902800250FCF /* strconv.c in Sources */,
				8340AE59180E902800250FCF /* aabb.c in Sources */,
				8340AE42180E902800250FCF /* cxHash.c in Sources */,
				8340AE2C180E902800250FCF /* cpCollision.c in Sources */,
				8340AE1C180E902800250FCF /* cpConstraint.c in Sources */,
				8340AE6D180E902800250FCF /* cxTexturePVR.c in Sources */,
				8340AE5B180E902800250FCF /* mat4.c in Sources */,
				8340AE1D180E902800250FCF /* cpDampedRotarySpring.c in Sources */,
				8340AE50180E902800250FCF /* error.c in Sources */,
				8340AE36180E902800250FCF /* cpSweep1D.c in Sources */,
				8340AE45180E902800250FCF /* cxShader.c in Sources */,
				8340AE4F180E902800250FCF /* dump.c in Sources */,
				8340AE35180E902800250FCF /* cpSpatialIndex.c in Sources */,
				8340AE4B180E902800250FCF /* cxUtil.c in Sources */,
			);
			runOnlyForDeploymentPostprocessing = 0;
		};
		8340AD3C180E8D3600250FCF /* Sources */ = {
			isa = PBXSourcesBuildPhase;
			buildActionMask = 2147483647;
			files = (
				8340AD4D180E8D3600250FCF /* cxEngineMacTests.m in Sources */,
			);
			runOnlyForDeploymentPostprocessing = 0;
		};
/* End PBXSourcesBuildPhase section */

/* Begin PBXTargetDependency section */
		8340AD45180E8D3600250FCF /* PBXTargetDependency */ = {
			isa = PBXTargetDependency;
			target = 8340AD1E180E8D3600250FCF /* cxEngineMac */;
			targetProxy = 8340AD44180E8D3600250FCF /* PBXContainerItemProxy */;
		};
/* End PBXTargetDependency section */

/* Begin PBXVariantGroup section */
		8340AD2B180E8D3600250FCF /* InfoPlist.strings */ = {
			isa = PBXVariantGroup;
			children = (
				8340AD2C180E8D3600250FCF /* en */,
			);
			name = InfoPlist.strings;
			sourceTree = "<group>";
		};
		8340AD31180E8D3600250FCF /* Credits.rtf */ = {
			isa = PBXVariantGroup;
			children = (
				8340AD32180E8D3600250FCF /* en */,
			);
			name = Credits.rtf;
			sourceTree = "<group>";
		};
		8340AD49180E8D3600250FCF /* InfoPlist.strings */ = {
			isa = PBXVariantGroup;
			children = (
				8340AD4A180E8D3600250FCF /* en */,
			);
			name = InfoPlist.strings;
			sourceTree = "<group>";
		};
/* End PBXVariantGroup section */

/* Begin XCBuildConfiguration section */
		8340AD4E180E8D3600250FCF /* Debug */ = {
			isa = XCBuildConfiguration;
			buildSettings = {
				ALWAYS_SEARCH_USER_PATHS = NO;
				CLANG_CXX_LANGUAGE_STANDARD = "gnu++0x";
				CLANG_CXX_LIBRARY = "libc++";
				CLANG_ENABLE_OBJC_ARC = YES;
				CLANG_WARN_BOOL_CONVERSION = YES;
				CLANG_WARN_CONSTANT_CONVERSION = YES;
				CLANG_WARN_DIRECT_OBJC_ISA_USAGE = YES_ERROR;
				CLANG_WARN_EMPTY_BODY = YES;
				CLANG_WARN_ENUM_CONVERSION = YES;
				CLANG_WARN_INT_CONVERSION = YES;
				CLANG_WARN_OBJC_ROOT_CLASS = YES_ERROR;
				CLANG_WARN__DUPLICATE_METHOD_MATCH = YES;
				COPY_PHASE_STRIP = NO;
				GCC_C_LANGUAGE_STANDARD = gnu99;
				GCC_DYNAMIC_NO_PIC = NO;
				GCC_ENABLE_OBJC_EXCEPTIONS = YES;
				GCC_OPTIMIZATION_LEVEL = 0;
				GCC_PREPROCESSOR_DEFINITIONS = (
					"DEBUG=1",
					"$(inherited)",
				);
				GCC_SYMBOLS_PRIVATE_EXTERN = NO;
				GCC_WARN_64_TO_32_BIT_CONVERSION = YES;
				GCC_WARN_ABOUT_RETURN_TYPE = YES_ERROR;
				GCC_WARN_UNDECLARED_SELECTOR = YES;
				GCC_WARN_UNINITIALIZED_AUTOS = YES;
				GCC_WARN_UNUSED_FUNCTION = YES;
				GCC_WARN_UNUSED_VARIABLE = YES;
				MACOSX_DEPLOYMENT_TARGET = 10.8;
				ONLY_ACTIVE_ARCH = YES;
				SDKROOT = macosx;
			};
			name = Debug;
		};
		8340AD4F180E8D3600250FCF /* Release */ = {
			isa = XCBuildConfiguration;
			buildSettings = {
				ALWAYS_SEARCH_USER_PATHS = NO;
				CLANG_CXX_LANGUAGE_STANDARD = "gnu++0x";
				CLANG_CXX_LIBRARY = "libc++";
				CLANG_ENABLE_OBJC_ARC = YES;
				CLANG_WARN_BOOL_CONVERSION = YES;
				CLANG_WARN_CONSTANT_CONVERSION = YES;
				CLANG_WARN_DIRECT_OBJC_ISA_USAGE = YES_ERROR;
				CLANG_WARN_EMPTY_BODY = YES;
				CLANG_WARN_ENUM_CONVERSION = YES;
				CLANG_WARN_INT_CONVERSION = YES;
				CLANG_WARN_OBJC_ROOT_CLASS = YES_ERROR;
				CLANG_WARN__DUPLICATE_METHOD_MATCH = YES;
				COPY_PHASE_STRIP = YES;
				DEBUG_INFORMATION_FORMAT = "dwarf-with-dsym";
				ENABLE_NS_ASSERTIONS = NO;
				GCC_C_LANGUAGE_STANDARD = gnu99;
				GCC_ENABLE_OBJC_EXCEPTIONS = YES;
				GCC_WARN_64_TO_32_BIT_CONVERSION = YES;
				GCC_WARN_ABOUT_RETURN_TYPE = YES_ERROR;
				GCC_WARN_UNDECLARED_SELECTOR = YES;
				GCC_WARN_UNINITIALIZED_AUTOS = YES;
				GCC_WARN_UNUSED_FUNCTION = YES;
				GCC_WARN_UNUSED_VARIABLE = YES;
				MACOSX_DEPLOYMENT_TARGET = 10.8;
				SDKROOT = macosx;
			};
			name = Release;
		};
		8340AD51180E8D3600250FCF /* Debug */ = {
			isa = XCBuildConfiguration;
			buildSettings = {
				ASSETCATALOG_COMPILER_APPICON_NAME = AppIcon;
				COMBINE_HIDPI_IMAGES = YES;
				GCC_PRECOMPILE_PREFIX_HEADER = YES;
				GCC_PREFIX_HEADER = "cxEngineMac/cxEngineMac-Prefix.pch";
				GCC_PREPROCESSOR_DEFINITIONS = (
					"CX_TARGET_OS_MAC=1",
					"DEBUG=1",
				);
				HEADER_SEARCH_PATHS = (
					"$(SRCROOT)",
					"$(SRCROOT)/libs/mac/include",
				);
				INFOPLIST_FILE = "cxEngineMac/cxEngineMac-Info.plist";
				LIBRARY_SEARCH_PATHS = (
					"$(SRCROOT)/libs/mac/lib",
					/Users/xuhua/cxEngine/libs/mac/lib,
				);
				PRODUCT_NAME = "$(TARGET_NAME)";
				WRAPPER_EXTENSION = app;
			};
			name = Debug;
		};
		8340AD52180E8D3600250FCF /* Release */ = {
			isa = XCBuildConfiguration;
			buildSettings = {
				ASSETCATALOG_COMPILER_APPICON_NAME = AppIcon;
				COMBINE_HIDPI_IMAGES = YES;
				GCC_PRECOMPILE_PREFIX_HEADER = YES;
				GCC_PREFIX_HEADER = "cxEngineMac/cxEngineMac-Prefix.pch";
				GCC_PREPROCESSOR_DEFINITIONS = (
					"CX_TARGET_OS_MAC=1",
					"NDEBUG=1",
				);
				HEADER_SEARCH_PATHS = (
					"$(SRCROOT)",
					"$(SRCROOT)/libs/mac/include",
				);
				INFOPLIST_FILE = "cxEngineMac/cxEngineMac-Info.plist";
				LIBRARY_SEARCH_PATHS = (
					"$(SRCROOT)/libs/mac/lib",
					/Users/xuhua/cxEngine/libs/mac/lib,
				);
				PRODUCT_NAME = "$(TARGET_NAME)";
				WRAPPER_EXTENSION = app;
			};
			name = Release;
		};
		8340AD54180E8D3600250FCF /* Debug */ = {
			isa = XCBuildConfiguration;
			buildSettings = {
				BUNDLE_LOADER = "$(BUILT_PRODUCTS_DIR)/cxEngineMac.app/Contents/MacOS/cxEngineMac";
				COMBINE_HIDPI_IMAGES = YES;
				FRAMEWORK_SEARCH_PATHS = (
					"$(DEVELOPER_FRAMEWORKS_DIR)",
					"$(inherited)",
				);
				GCC_PRECOMPILE_PREFIX_HEADER = YES;
				GCC_PREFIX_HEADER = "cxEngineMac/cxEngineMac-Prefix.pch";
				GCC_PREPROCESSOR_DEFINITIONS = (
					"DEBUG=1",
					"$(inherited)",
				);
				INFOPLIST_FILE = "cxEngineMacTests/cxEngineMacTests-Info.plist";
				PRODUCT_NAME = "$(TARGET_NAME)";
				TEST_HOST = "$(BUNDLE_LOADER)";
				WRAPPER_EXTENSION = xctest;
			};
			name = Debug;
		};
		8340AD55180E8D3600250FCF /* Release */ = {
			isa = XCBuildConfiguration;
			buildSettings = {
				BUNDLE_LOADER = "$(BUILT_PRODUCTS_DIR)/cxEngineMac.app/Contents/MacOS/cxEngineMac";
				COMBINE_HIDPI_IMAGES = YES;
				FRAMEWORK_SEARCH_PATHS = (
					"$(DEVELOPER_FRAMEWORKS_DIR)",
					"$(inherited)",
				);
				GCC_PRECOMPILE_PREFIX_HEADER = YES;
				GCC_PREFIX_HEADER = "cxEngineMac/cxEngineMac-Prefix.pch";
				INFOPLIST_FILE = "cxEngineMacTests/cxEngineMacTests-Info.plist";
				PRODUCT_NAME = "$(TARGET_NAME)";
				TEST_HOST = "$(BUNDLE_LOADER)";
				WRAPPER_EXTENSION = xctest;
			};
			name = Release;
		};
/* End XCBuildConfiguration section */

/* Begin XCConfigurationList section */
		8340AD1A180E8D3600250FCF /* Build configuration list for PBXProject "cxEngineMac" */ = {
			isa = XCConfigurationList;
			buildConfigurations = (
				8340AD4E180E8D3600250FCF /* Debug */,
				8340AD4F180E8D3600250FCF /* Release */,
			);
			defaultConfigurationIsVisible = 0;
			defaultConfigurationName = Release;
		};
		8340AD50180E8D3600250FCF /* Build configuration list for PBXNativeTarget "cxEngineMac" */ = {
			isa = XCConfigurationList;
			buildConfigurations = (
				8340AD51180E8D3600250FCF /* Debug */,
				8340AD52180E8D3600250FCF /* Release */,
			);
			defaultConfigurationIsVisible = 0;
			defaultConfigurationName = Release;
		};
		8340AD53180E8D3600250FCF /* Build configuration list for PBXNativeTarget "cxEngineMacTests" */ = {
			isa = XCConfigurationList;
			buildConfigurations = (
				8340AD54180E8D3600250FCF /* Debug */,
				8340AD55180E8D3600250FCF /* Release */,
			);
			defaultConfigurationIsVisible = 0;
			defaultConfigurationName = Release;
		};
/* End XCConfigurationList section */
	};
	rootObject = 8340AD17180E8D3600250FCF /* Project object */;
}
