// !$*UTF8*$!
{
	archiveVersion = 1;
	classes = {
	};
	objectVersion = 46;
	objects = {

/* Begin PBXBuildFile section */
		8341C64718227DF30045A66F /* aabb.c in Sources */ = {isa = PBXBuildFile; fileRef = 8341C5A518227DF20045A66F /* aabb.c */; };
		8341C64818227DF30045A66F /* mat3.c in Sources */ = {isa = PBXBuildFile; fileRef = 8341C5A818227DF20045A66F /* mat3.c */; };
		8341C64918227DF30045A66F /* mat4.c in Sources */ = {isa = PBXBuildFile; fileRef = 8341C5AA18227DF20045A66F /* mat4.c */; };
		8341C64A18227DF30045A66F /* mat4stack.c in Sources */ = {isa = PBXBuildFile; fileRef = 8341C5AC18227DF20045A66F /* mat4stack.c */; };
		8341C64B18227DF30045A66F /* matrix.c in Sources */ = {isa = PBXBuildFile; fileRef = 8341C5AE18227DF20045A66F /* matrix.c */; };
		8341C64C18227DF30045A66F /* plane.c in Sources */ = {isa = PBXBuildFile; fileRef = 8341C5B018227DF20045A66F /* plane.c */; };
		8341C64D18227DF30045A66F /* quaternion.c in Sources */ = {isa = PBXBuildFile; fileRef = 8341C5B218227DF20045A66F /* quaternion.c */; };
		8341C64E18227DF30045A66F /* ray2.c in Sources */ = {isa = PBXBuildFile; fileRef = 8341C5B418227DF20045A66F /* ray2.c */; };
		8341C64F18227DF30045A66F /* ray3.c in Sources */ = {isa = PBXBuildFile; fileRef = 8341C5B618227DF20045A66F /* ray3.c */; };
		8341C65018227DF30045A66F /* utility.c in Sources */ = {isa = PBXBuildFile; fileRef = 8341C5B818227DF20045A66F /* utility.c */; };
		8341C65118227DF30045A66F /* vec2.c in Sources */ = {isa = PBXBuildFile; fileRef = 8341C5BA18227DF20045A66F /* vec2.c */; };
		8341C65218227DF30045A66F /* vec3.c in Sources */ = {isa = PBXBuildFile; fileRef = 8341C5BC18227DF20045A66F /* vec3.c */; };
		8341C65318227DF30045A66F /* vec4.c in Sources */ = {isa = PBXBuildFile; fileRef = 8341C5BE18227DF20045A66F /* vec4.c */; };
		8341C68018227FA10045A66F /* cxAppDelegate.m in Sources */ = {isa = PBXBuildFile; fileRef = 8341C67A18227FA10045A66F /* cxAppDelegate.m */; };
		8341C68118227FA10045A66F /* cxEAGLView.m in Sources */ = {isa = PBXBuildFile; fileRef = 8341C67C18227FA10045A66F /* cxEAGLView.m */; };
		8341C68218227FA10045A66F /* cxUtil.m in Sources */ = {isa = PBXBuildFile; fileRef = 8341C67D18227FA10045A66F /* cxUtil.m */; };
		8341C68318227FA10045A66F /* cxViewController.m in Sources */ = {isa = PBXBuildFile; fileRef = 8341C67F18227FA10045A66F /* cxViewController.m */; };
		8344F0A618D3F3C50003E410 /* main.m in Sources */ = {isa = PBXBuildFile; fileRef = 8344F0A518D3F3C50003E410 /* main.m */; };
		8358342C185EB94D0057E40B /* cxPlayer.m in Sources */ = {isa = PBXBuildFile; fileRef = 8358342B185EB94D0057E40B /* cxPlayer.m */; };
		83B08D071909FCB5005A63D2 /* dump.c in Sources */ = {isa = PBXBuildFile; fileRef = 83B08CF51909FCB4005A63D2 /* dump.c */; };
		83B08D081909FCB5005A63D2 /* error.c in Sources */ = {isa = PBXBuildFile; fileRef = 83B08CF61909FCB4005A63D2 /* error.c */; };
		83B08D091909FCB5005A63D2 /* hashtable.c in Sources */ = {isa = PBXBuildFile; fileRef = 83B08CF71909FCB4005A63D2 /* hashtable.c */; };
		83B08D0A1909FCB5005A63D2 /* hashtable_seed.c in Sources */ = {isa = PBXBuildFile; fileRef = 83B08CF91909FCB4005A63D2 /* hashtable_seed.c */; };
		83B08D0B1909FCB5005A63D2 /* load.c in Sources */ = {isa = PBXBuildFile; fileRef = 83B08CFD1909FCB4005A63D2 /* load.c */; };
		83B08D0C1909FCB5005A63D2 /* memory.c in Sources */ = {isa = PBXBuildFile; fileRef = 83B08CFF1909FCB4005A63D2 /* memory.c */; };
		83B08D0D1909FCB5005A63D2 /* pack_unpack.c in Sources */ = {isa = PBXBuildFile; fileRef = 83B08D001909FCB4005A63D2 /* pack_unpack.c */; };
		83B08D0E1909FCB5005A63D2 /* strbuffer.c in Sources */ = {isa = PBXBuildFile; fileRef = 83B08D011909FCB4005A63D2 /* strbuffer.c */; };
		83B08D0F1909FCB5005A63D2 /* strconv.c in Sources */ = {isa = PBXBuildFile; fileRef = 83B08D031909FCB4005A63D2 /* strconv.c */; };
		83B08D101909FCB5005A63D2 /* utf.c in Sources */ = {isa = PBXBuildFile; fileRef = 83B08D041909FCB4005A63D2 /* utf.c */; };
		83B08D111909FCB5005A63D2 /* value.c in Sources */ = {isa = PBXBuildFile; fileRef = 83B08D061909FCB5005A63D2 /* value.c */; };
		83B995C91925C5A100FD6BC1 /* cxAction.c in Sources */ = {isa = PBXBuildFile; fileRef = 83B9959E1925C5A100FD6BC1 /* cxAction.c */; };
		83B995CA1925C5A100FD6BC1 /* cxBMPFont.c in Sources */ = {isa = PBXBuildFile; fileRef = 83B995A01925C5A100FD6BC1 /* cxBMPFont.c */; };
		83B995CB1925C5A100FD6BC1 /* cxController.c in Sources */ = {isa = PBXBuildFile; fileRef = 83B995A21925C5A100FD6BC1 /* cxController.c */; };
		83B995CC1925C5A100FD6BC1 /* cxEngine.c in Sources */ = {isa = PBXBuildFile; fileRef = 83B995A41925C5A100FD6BC1 /* cxEngine.c */; };
		83B995CD1925C5A100FD6BC1 /* cxGlobal.c in Sources */ = {isa = PBXBuildFile; fileRef = 83B995A61925C5A100FD6BC1 /* cxGlobal.c */; };
		83B995CE1925C5A100FD6BC1 /* cxIconv.c in Sources */ = {isa = PBXBuildFile; fileRef = 83B995A81925C5A100FD6BC1 /* cxIconv.c */; };
		83B995CF1925C5A100FD6BC1 /* cxJson.c in Sources */ = {isa = PBXBuildFile; fileRef = 83B995AB1925C5A100FD6BC1 /* cxJson.c */; };
		83B995D01925C5A100FD6BC1 /* cxMath.c in Sources */ = {isa = PBXBuildFile; fileRef = 83B995AD1925C5A100FD6BC1 /* cxMath.c */; };
		83B995D11925C5A100FD6BC1 /* cxMD5.c in Sources */ = {isa = PBXBuildFile; fileRef = 83B995AF1925C5A100FD6BC1 /* cxMD5.c */; };
		83B995D21925C5A100FD6BC1 /* cxMessage.c in Sources */ = {isa = PBXBuildFile; fileRef = 83B995B11925C5A100FD6BC1 /* cxMessage.c */; };
		83B995D31925C5A100FD6BC1 /* cxNumber.c in Sources */ = {isa = PBXBuildFile; fileRef = 83B995B31925C5A100FD6BC1 /* cxNumber.c */; };
		83B995D41925C5A100FD6BC1 /* cxOpenGL.c in Sources */ = {isa = PBXBuildFile; fileRef = 83B995B51925C5A100FD6BC1 /* cxOpenGL.c */; };
		83B995D51925C5A100FD6BC1 /* cxPlayer.c in Sources */ = {isa = PBXBuildFile; fileRef = 83B995B71925C5A100FD6BC1 /* cxPlayer.c */; };
		83B995D61925C5A100FD6BC1 /* cxRegex.c in Sources */ = {isa = PBXBuildFile; fileRef = 83B995B91925C5A100FD6BC1 /* cxRegex.c */; };
		83B995D71925C5A100FD6BC1 /* cxShader.c in Sources */ = {isa = PBXBuildFile; fileRef = 83B995BB1925C5A100FD6BC1 /* cxShader.c */; };
		83B995D81925C5A100FD6BC1 /* cxStream.c in Sources */ = {isa = PBXBuildFile; fileRef = 83B995BD1925C5A100FD6BC1 /* cxStream.c */; };
		83B995D91925C5A100FD6BC1 /* cxString.c in Sources */ = {isa = PBXBuildFile; fileRef = 83B995BF1925C5A100FD6BC1 /* cxString.c */; };
		83B995DA1925C5A100FD6BC1 /* cxTexture.c in Sources */ = {isa = PBXBuildFile; fileRef = 83B995C11925C5A100FD6BC1 /* cxTexture.c */; };
		83B995DB1925C5A100FD6BC1 /* cxUrlPath.c in Sources */ = {isa = PBXBuildFile; fileRef = 83B995C31925C5A100FD6BC1 /* cxUrlPath.c */; };
		83B995DC1925C5A100FD6BC1 /* cxUtil.c in Sources */ = {isa = PBXBuildFile; fileRef = 83B995C51925C5A100FD6BC1 /* cxUtil.c */; };
		83B995DD1925C5A100FD6BC1 /* cxView.c in Sources */ = {isa = PBXBuildFile; fileRef = 83B995C71925C5A100FD6BC1 /* cxView.c */; };
		83F7C61A1925C002005916D4 /* cxArray.c in Sources */ = {isa = PBXBuildFile; fileRef = 83F7C6061925C002005916D4 /* cxArray.c */; };
		83F7C61B1925C002005916D4 /* cxCore.c in Sources */ = {isa = PBXBuildFile; fileRef = 83F7C6091925C002005916D4 /* cxCore.c */; };
		83F7C61C1925C002005916D4 /* cxHash.c in Sources */ = {isa = PBXBuildFile; fileRef = 83F7C60B1925C002005916D4 /* cxHash.c */; };
		83F7C61D1925C002005916D4 /* cxList.c in Sources */ = {isa = PBXBuildFile; fileRef = 83F7C60D1925C002005916D4 /* cxList.c */; };
		83F7C61E1925C002005916D4 /* cxMemPool.c in Sources */ = {isa = PBXBuildFile; fileRef = 83F7C60F1925C002005916D4 /* cxMemPool.c */; };
		83F7C61F1925C002005916D4 /* cxProperty.c in Sources */ = {isa = PBXBuildFile; fileRef = 83F7C6111925C002005916D4 /* cxProperty.c */; };
		83F7C6201925C002005916D4 /* cxStack.c in Sources */ = {isa = PBXBuildFile; fileRef = 83F7C6131925C002005916D4 /* cxStack.c */; };
		83F7C6211925C002005916D4 /* cxType.c in Sources */ = {isa = PBXBuildFile; fileRef = 83F7C6151925C002005916D4 /* cxType.c */; };
/* End PBXBuildFile section */

/* Begin PBXCopyFilesBuildPhase section */
		8341C34918227C310045A66F /* CopyFiles */ = {
			isa = PBXCopyFilesBuildPhase;
			buildActionMask = 2147483647;
			dstPath = "include/$(PRODUCT_NAME)";
			dstSubfolderSpec = 16;
			files = (
			);
			runOnlyForDeploymentPostprocessing = 0;
		};
/* End PBXCopyFilesBuildPhase section */

/* Begin PBXFileReference section */
		8329627918D9C14E002AB028 /* cxEngine.pch */ = {isa = PBXFileReference; fileEncoding = 4; lastKnownFileType = sourcecode.c.h; path = cxEngine.pch; sourceTree = "<group>"; };
		8341C34B18227C310045A66F /* libcxEngineIOS.a */ = {isa = PBXFileReference; explicitFileType = archive.ar; includeInIndex = 0; path = libcxEngineIOS.a; sourceTree = BUILT_PRODUCTS_DIR; };
		8341C37E18227D2D0045A66F /* libz.dylib */ = {isa = PBXFileReference; lastKnownFileType = "compiled.mach-o.dylib"; name = libz.dylib; path = usr/lib/libz.dylib; sourceTree = SDKROOT; };
		8341C38018227D320045A66F /* libxml2.dylib */ = {isa = PBXFileReference; lastKnownFileType = "compiled.mach-o.dylib"; name = libxml2.dylib; path = usr/lib/libxml2.dylib; sourceTree = SDKROOT; };
		8341C38218227D380045A66F /* libiconv.dylib */ = {isa = PBXFileReference; lastKnownFileType = "compiled.mach-o.dylib"; name = libiconv.dylib; path = usr/lib/libiconv.dylib; sourceTree = SDKROOT; };
		8341C4F718227DDF0045A66F /* libdb.a */ = {isa = PBXFileReference; lastKnownFileType = archive.ar; name = libdb.a; path = libs/ios/lib/libdb.a; sourceTree = "<group>"; };
		8341C4F818227DDF0045A66F /* libevent.a */ = {isa = PBXFileReference; lastKnownFileType = archive.ar; name = libevent.a; path = libs/ios/lib/libevent.a; sourceTree = "<group>"; };
		8341C4F918227DDF0045A66F /* libfreetype.a */ = {isa = PBXFileReference; lastKnownFileType = archive.ar; name = libfreetype.a; path = libs/ios/lib/libfreetype.a; sourceTree = "<group>"; };
		8341C4FA18227DDF0045A66F /* libjpeg.a */ = {isa = PBXFileReference; lastKnownFileType = archive.ar; name = libjpeg.a; path = libs/ios/lib/libjpeg.a; sourceTree = "<group>"; };
		8341C4FB18227DDF0045A66F /* libpng.a */ = {isa = PBXFileReference; lastKnownFileType = archive.ar; name = libpng.a; path = libs/ios/lib/libpng.a; sourceTree = "<group>"; };
		8341C5A518227DF20045A66F /* aabb.c */ = {isa = PBXFileReference; fileEncoding = 4; lastKnownFileType = sourcecode.c.c; path = aabb.c; sourceTree = "<group>"; };
		8341C5A618227DF20045A66F /* aabb.h */ = {isa = PBXFileReference; fileEncoding = 4; lastKnownFileType = sourcecode.c.h; path = aabb.h; sourceTree = "<group>"; };
		8341C5A718227DF20045A66F /* kazmath.h */ = {isa = PBXFileReference; fileEncoding = 4; lastKnownFileType = sourcecode.c.h; path = kazmath.h; sourceTree = "<group>"; };
		8341C5A818227DF20045A66F /* mat3.c */ = {isa = PBXFileReference; fileEncoding = 4; lastKnownFileType = sourcecode.c.c; path = mat3.c; sourceTree = "<group>"; };
		8341C5A918227DF20045A66F /* mat3.h */ = {isa = PBXFileReference; fileEncoding = 4; lastKnownFileType = sourcecode.c.h; path = mat3.h; sourceTree = "<group>"; };
		8341C5AA18227DF20045A66F /* mat4.c */ = {isa = PBXFileReference; fileEncoding = 4; lastKnownFileType = sourcecode.c.c; path = mat4.c; sourceTree = "<group>"; };
		8341C5AB18227DF20045A66F /* mat4.h */ = {isa = PBXFileReference; fileEncoding = 4; lastKnownFileType = sourcecode.c.h; path = mat4.h; sourceTree = "<group>"; };
		8341C5AC18227DF20045A66F /* mat4stack.c */ = {isa = PBXFileReference; fileEncoding = 4; lastKnownFileType = sourcecode.c.c; path = mat4stack.c; sourceTree = "<group>"; };
		8341C5AD18227DF20045A66F /* mat4stack.h */ = {isa = PBXFileReference; fileEncoding = 4; lastKnownFileType = sourcecode.c.h; path = mat4stack.h; sourceTree = "<group>"; };
		8341C5AE18227DF20045A66F /* matrix.c */ = {isa = PBXFileReference; fileEncoding = 4; lastKnownFileType = sourcecode.c.c; path = matrix.c; sourceTree = "<group>"; };
		8341C5AF18227DF20045A66F /* matrix.h */ = {isa = PBXFileReference; fileEncoding = 4; lastKnownFileType = sourcecode.c.h; path = matrix.h; sourceTree = "<group>"; };
		8341C5B018227DF20045A66F /* plane.c */ = {isa = PBXFileReference; fileEncoding = 4; lastKnownFileType = sourcecode.c.c; path = plane.c; sourceTree = "<group>"; };
		8341C5B118227DF20045A66F /* plane.h */ = {isa = PBXFileReference; fileEncoding = 4; lastKnownFileType = sourcecode.c.h; path = plane.h; sourceTree = "<group>"; };
		8341C5B218227DF20045A66F /* quaternion.c */ = {isa = PBXFileReference; fileEncoding = 4; lastKnownFileType = sourcecode.c.c; path = quaternion.c; sourceTree = "<group>"; };
		8341C5B318227DF20045A66F /* quaternion.h */ = {isa = PBXFileReference; fileEncoding = 4; lastKnownFileType = sourcecode.c.h; path = quaternion.h; sourceTree = "<group>"; };
		8341C5B418227DF20045A66F /* ray2.c */ = {isa = PBXFileReference; fileEncoding = 4; lastKnownFileType = sourcecode.c.c; path = ray2.c; sourceTree = "<group>"; };
		8341C5B518227DF20045A66F /* ray2.h */ = {isa = PBXFileReference; fileEncoding = 4; lastKnownFileType = sourcecode.c.h; path = ray2.h; sourceTree = "<group>"; };
		8341C5B618227DF20045A66F /* ray3.c */ = {isa = PBXFileReference; fileEncoding = 4; lastKnownFileType = sourcecode.c.c; path = ray3.c; sourceTree = "<group>"; };
		8341C5B718227DF20045A66F /* ray3.h */ = {isa = PBXFileReference; fileEncoding = 4; lastKnownFileType = sourcecode.c.h; path = ray3.h; sourceTree = "<group>"; };
		8341C5B818227DF20045A66F /* utility.c */ = {isa = PBXFileReference; fileEncoding = 4; lastKnownFileType = sourcecode.c.c; path = utility.c; sourceTree = "<group>"; };
		8341C5B918227DF20045A66F /* utility.h */ = {isa = PBXFileReference; fileEncoding = 4; lastKnownFileType = sourcecode.c.h; path = utility.h; sourceTree = "<group>"; };
		8341C5BA18227DF20045A66F /* vec2.c */ = {isa = PBXFileReference; fileEncoding = 4; lastKnownFileType = sourcecode.c.c; path = vec2.c; sourceTree = "<group>"; };
		8341C5BB18227DF20045A66F /* vec2.h */ = {isa = PBXFileReference; fileEncoding = 4; lastKnownFileType = sourcecode.c.h; path = vec2.h; sourceTree = "<group>"; };
		8341C5BC18227DF20045A66F /* vec3.c */ = {isa = PBXFileReference; fileEncoding = 4; lastKnownFileType = sourcecode.c.c; path = vec3.c; sourceTree = "<group>"; };
		8341C5BD18227DF20045A66F /* vec3.h */ = {isa = PBXFileReference; fileEncoding = 4; lastKnownFileType = sourcecode.c.h; path = vec3.h; sourceTree = "<group>"; };
		8341C5BE18227DF20045A66F /* vec4.c */ = {isa = PBXFileReference; fileEncoding = 4; lastKnownFileType = sourcecode.c.c; path = vec4.c; sourceTree = "<group>"; };
		8341C5BF18227DF20045A66F /* vec4.h */ = {isa = PBXFileReference; fileEncoding = 4; lastKnownFileType = sourcecode.c.h; path = vec4.h; sourceTree = "<group>"; };
		8341C66C18227E680045A66F /* Foundation.framework */ = {isa = PBXFileReference; lastKnownFileType = wrapper.framework; name = Foundation.framework; path = System/Library/Frameworks/Foundation.framework; sourceTree = SDKROOT; };
		8341C66E18227E800045A66F /* UIKit.framework */ = {isa = PBXFileReference; lastKnownFileType = wrapper.framework; name = UIKit.framework; path = System/Library/Frameworks/UIKit.framework; sourceTree = SDKROOT; };
		8341C67018227E8A0045A66F /* CoreGraphics.framework */ = {isa = PBXFileReference; lastKnownFileType = wrapper.framework; name = CoreGraphics.framework; path = System/Library/Frameworks/CoreGraphics.framework; sourceTree = SDKROOT; };
		8341C67218227E9E0045A66F /* OpenGLES.framework */ = {isa = PBXFileReference; lastKnownFileType = wrapper.framework; name = OpenGLES.framework; path = System/Library/Frameworks/OpenGLES.framework; sourceTree = SDKROOT; };
		8341C67418227EA60045A66F /* OpenAL.framework */ = {isa = PBXFileReference; lastKnownFileType = wrapper.framework; name = OpenAL.framework; path = System/Library/Frameworks/OpenAL.framework; sourceTree = SDKROOT; };
		8341C67618227F030045A66F /* QuartzCore.framework */ = {isa = PBXFileReference; lastKnownFileType = wrapper.framework; name = QuartzCore.framework; path = System/Library/Frameworks/QuartzCore.framework; sourceTree = SDKROOT; };
		8341C67918227FA10045A66F /* cxAppDelegate.h */ = {isa = PBXFileReference; fileEncoding = 4; lastKnownFileType = sourcecode.c.h; path = cxAppDelegate.h; sourceTree = "<group>"; };
		8341C67A18227FA10045A66F /* cxAppDelegate.m */ = {isa = PBXFileReference; fileEncoding = 4; lastKnownFileType = sourcecode.c.objc; path = cxAppDelegate.m; sourceTree = "<group>"; };
		8341C67B18227FA10045A66F /* cxEAGLView.h */ = {isa = PBXFileReference; fileEncoding = 4; lastKnownFileType = sourcecode.c.h; path = cxEAGLView.h; sourceTree = "<group>"; };
		8341C67C18227FA10045A66F /* cxEAGLView.m */ = {isa = PBXFileReference; fileEncoding = 4; lastKnownFileType = sourcecode.c.objc; path = cxEAGLView.m; sourceTree = "<group>"; };
		8341C67D18227FA10045A66F /* cxUtil.m */ = {isa = PBXFileReference; fileEncoding = 4; lastKnownFileType = sourcecode.c.objc; path = cxUtil.m; sourceTree = "<group>"; };
		8341C67E18227FA10045A66F /* cxViewController.h */ = {isa = PBXFileReference; fileEncoding = 4; lastKnownFileType = sourcecode.c.h; path = cxViewController.h; sourceTree = "<group>"; };
		8341C67F18227FA10045A66F /* cxViewController.m */ = {isa = PBXFileReference; fileEncoding = 4; lastKnownFileType = sourcecode.c.objc; path = cxViewController.m; sourceTree = "<group>"; };
		8344F0A518D3F3C50003E410 /* main.m */ = {isa = PBXFileReference; fileEncoding = 4; lastKnownFileType = sourcecode.c.objc; path = main.m; sourceTree = "<group>"; };
		8358342B185EB94D0057E40B /* cxPlayer.m */ = {isa = PBXFileReference; fileEncoding = 4; lastKnownFileType = sourcecode.c.objc; path = cxPlayer.m; sourceTree = "<group>"; };
		83B08CF51909FCB4005A63D2 /* dump.c */ = {isa = PBXFileReference; fileEncoding = 4; lastKnownFileType = sourcecode.c.c; path = dump.c; sourceTree = "<group>"; };
		83B08CF61909FCB4005A63D2 /* error.c */ = {isa = PBXFileReference; fileEncoding = 4; lastKnownFileType = sourcecode.c.c; path = error.c; sourceTree = "<group>"; };
		83B08CF71909FCB4005A63D2 /* hashtable.c */ = {isa = PBXFileReference; fileEncoding = 4; lastKnownFileType = sourcecode.c.c; path = hashtable.c; sourceTree = "<group>"; };
		83B08CF81909FCB4005A63D2 /* hashtable.h */ = {isa = PBXFileReference; fileEncoding = 4; lastKnownFileType = sourcecode.c.h; path = hashtable.h; sourceTree = "<group>"; };
		83B08CF91909FCB4005A63D2 /* hashtable_seed.c */ = {isa = PBXFileReference; fileEncoding = 4; lastKnownFileType = sourcecode.c.c; path = hashtable_seed.c; sourceTree = "<group>"; };
		83B08CFA1909FCB4005A63D2 /* jansson.h */ = {isa = PBXFileReference; fileEncoding = 4; lastKnownFileType = sourcecode.c.h; path = jansson.h; sourceTree = "<group>"; };
		83B08CFB1909FCB4005A63D2 /* jansson_config.h */ = {isa = PBXFileReference; fileEncoding = 4; lastKnownFileType = sourcecode.c.h; path = jansson_config.h; sourceTree = "<group>"; };
		83B08CFC1909FCB4005A63D2 /* jansson_private.h */ = {isa = PBXFileReference; fileEncoding = 4; lastKnownFileType = sourcecode.c.h; path = jansson_private.h; sourceTree = "<group>"; };
		83B08CFD1909FCB4005A63D2 /* load.c */ = {isa = PBXFileReference; fileEncoding = 4; lastKnownFileType = sourcecode.c.c; path = load.c; sourceTree = "<group>"; };
		83B08CFE1909FCB4005A63D2 /* lookup3.h */ = {isa = PBXFileReference; fileEncoding = 4; lastKnownFileType = sourcecode.c.h; path = lookup3.h; sourceTree = "<group>"; };
		83B08CFF1909FCB4005A63D2 /* memory.c */ = {isa = PBXFileReference; fileEncoding = 4; lastKnownFileType = sourcecode.c.c; path = memory.c; sourceTree = "<group>"; };
		83B08D001909FCB4005A63D2 /* pack_unpack.c */ = {isa = PBXFileReference; fileEncoding = 4; lastKnownFileType = sourcecode.c.c; path = pack_unpack.c; sourceTree = "<group>"; };
		83B08D011909FCB4005A63D2 /* strbuffer.c */ = {isa = PBXFileReference; fileEncoding = 4; lastKnownFileType = sourcecode.c.c; path = strbuffer.c; sourceTree = "<group>"; };
		83B08D021909FCB4005A63D2 /* strbuffer.h */ = {isa = PBXFileReference; fileEncoding = 4; lastKnownFileType = sourcecode.c.h; path = strbuffer.h; sourceTree = "<group>"; };
		83B08D031909FCB4005A63D2 /* strconv.c */ = {isa = PBXFileReference; fileEncoding = 4; lastKnownFileType = sourcecode.c.c; path = strconv.c; sourceTree = "<group>"; };
		83B08D041909FCB4005A63D2 /* utf.c */ = {isa = PBXFileReference; fileEncoding = 4; lastKnownFileType = sourcecode.c.c; path = utf.c; sourceTree = "<group>"; };
		83B08D051909FCB4005A63D2 /* utf.h */ = {isa = PBXFileReference; fileEncoding = 4; lastKnownFileType = sourcecode.c.h; path = utf.h; sourceTree = "<group>"; };
		83B08D061909FCB5005A63D2 /* value.c */ = {isa = PBXFileReference; fileEncoding = 4; lastKnownFileType = sourcecode.c.c; path = value.c; sourceTree = "<group>"; };
		83B9959E1925C5A100FD6BC1 /* cxAction.c */ = {isa = PBXFileReference; fileEncoding = 4; lastKnownFileType = sourcecode.c.c; path = cxAction.c; sourceTree = "<group>"; };
		83B9959F1925C5A100FD6BC1 /* cxAction.h */ = {isa = PBXFileReference; fileEncoding = 4; lastKnownFileType = sourcecode.c.h; path = cxAction.h; sourceTree = "<group>"; };
		83B995A01925C5A100FD6BC1 /* cxBMPFont.c */ = {isa = PBXFileReference; fileEncoding = 4; lastKnownFileType = sourcecode.c.c; path = cxBMPFont.c; sourceTree = "<group>"; };
		83B995A11925C5A100FD6BC1 /* cxBMPFont.h */ = {isa = PBXFileReference; fileEncoding = 4; lastKnownFileType = sourcecode.c.h; path = cxBMPFont.h; sourceTree = "<group>"; };
		83B995A21925C5A100FD6BC1 /* cxController.c */ = {isa = PBXFileReference; fileEncoding = 4; lastKnownFileType = sourcecode.c.c; path = cxController.c; sourceTree = "<group>"; };
		83B995A31925C5A100FD6BC1 /* cxController.h */ = {isa = PBXFileReference; fileEncoding = 4; lastKnownFileType = sourcecode.c.h; path = cxController.h; sourceTree = "<group>"; };
		83B995A41925C5A100FD6BC1 /* cxEngine.c */ = {isa = PBXFileReference; fileEncoding = 4; lastKnownFileType = sourcecode.c.c; path = cxEngine.c; sourceTree = "<group>"; };
		83B995A51925C5A100FD6BC1 /* cxEngine.h */ = {isa = PBXFileReference; fileEncoding = 4; lastKnownFileType = sourcecode.c.h; path = cxEngine.h; sourceTree = "<group>"; };
		83B995A61925C5A100FD6BC1 /* cxGlobal.c */ = {isa = PBXFileReference; fileEncoding = 4; lastKnownFileType = sourcecode.c.c; path = cxGlobal.c; sourceTree = "<group>"; };
		83B995A71925C5A100FD6BC1 /* cxGlobal.h */ = {isa = PBXFileReference; fileEncoding = 4; lastKnownFileType = sourcecode.c.h; path = cxGlobal.h; sourceTree = "<group>"; };
		83B995A81925C5A100FD6BC1 /* cxIconv.c */ = {isa = PBXFileReference; fileEncoding = 4; lastKnownFileType = sourcecode.c.c; path = cxIconv.c; sourceTree = "<group>"; };
		83B995A91925C5A100FD6BC1 /* cxIconv.h */ = {isa = PBXFileReference; fileEncoding = 4; lastKnownFileType = sourcecode.c.h; path = cxIconv.h; sourceTree = "<group>"; };
		83B995AA1925C5A100FD6BC1 /* cxInput.h */ = {isa = PBXFileReference; fileEncoding = 4; lastKnownFileType = sourcecode.c.h; path = cxInput.h; sourceTree = "<group>"; };
		83B995AB1925C5A100FD6BC1 /* cxJson.c */ = {isa = PBXFileReference; fileEncoding = 4; lastKnownFileType = sourcecode.c.c; path = cxJson.c; sourceTree = "<group>"; };
		83B995AC1925C5A100FD6BC1 /* cxJson.h */ = {isa = PBXFileReference; fileEncoding = 4; lastKnownFileType = sourcecode.c.h; path = cxJson.h; sourceTree = "<group>"; };
		83B995AD1925C5A100FD6BC1 /* cxMath.c */ = {isa = PBXFileReference; fileEncoding = 4; lastKnownFileType = sourcecode.c.c; path = cxMath.c; sourceTree = "<group>"; };
		83B995AE1925C5A100FD6BC1 /* cxMath.h */ = {isa = PBXFileReference; fileEncoding = 4; lastKnownFileType = sourcecode.c.h; path = cxMath.h; sourceTree = "<group>"; };
		83B995AF1925C5A100FD6BC1 /* cxMD5.c */ = {isa = PBXFileReference; fileEncoding = 4; lastKnownFileType = sourcecode.c.c; path = cxMD5.c; sourceTree = "<group>"; };
		83B995B01925C5A100FD6BC1 /* cxMD5.h */ = {isa = PBXFileReference; fileEncoding = 4; lastKnownFileType = sourcecode.c.h; path = cxMD5.h; sourceTree = "<group>"; };
		83B995B11925C5A100FD6BC1 /* cxMessage.c */ = {isa = PBXFileReference; fileEncoding = 4; lastKnownFileType = sourcecode.c.c; path = cxMessage.c; sourceTree = "<group>"; };
		83B995B21925C5A100FD6BC1 /* cxMessage.h */ = {isa = PBXFileReference; fileEncoding = 4; lastKnownFileType = sourcecode.c.h; path = cxMessage.h; sourceTree = "<group>"; };
		83B995B31925C5A100FD6BC1 /* cxNumber.c */ = {isa = PBXFileReference; fileEncoding = 4; lastKnownFileType = sourcecode.c.c; path = cxNumber.c; sourceTree = "<group>"; };
		83B995B41925C5A100FD6BC1 /* cxNumber.h */ = {isa = PBXFileReference; fileEncoding = 4; lastKnownFileType = sourcecode.c.h; path = cxNumber.h; sourceTree = "<group>"; };
		83B995B51925C5A100FD6BC1 /* cxOpenGL.c */ = {isa = PBXFileReference; fileEncoding = 4; lastKnownFileType = sourcecode.c.c; path = cxOpenGL.c; sourceTree = "<group>"; };
		83B995B61925C5A100FD6BC1 /* cxOpenGL.h */ = {isa = PBXFileReference; fileEncoding = 4; lastKnownFileType = sourcecode.c.h; path = cxOpenGL.h; sourceTree = "<group>"; };
		83B995B71925C5A100FD6BC1 /* cxPlayer.c */ = {isa = PBXFileReference; fileEncoding = 4; lastKnownFileType = sourcecode.c.c; path = cxPlayer.c; sourceTree = "<group>"; };
		83B995B81925C5A100FD6BC1 /* cxPlayer.h */ = {isa = PBXFileReference; fileEncoding = 4; lastKnownFileType = sourcecode.c.h; path = cxPlayer.h; sourceTree = "<group>"; };
		83B995B91925C5A100FD6BC1 /* cxRegex.c */ = {isa = PBXFileReference; fileEncoding = 4; lastKnownFileType = sourcecode.c.c; path = cxRegex.c; sourceTree = "<group>"; };
		83B995BA1925C5A100FD6BC1 /* cxRegex.h */ = {isa = PBXFileReference; fileEncoding = 4; lastKnownFileType = sourcecode.c.h; path = cxRegex.h; sourceTree = "<group>"; };
		83B995BB1925C5A100FD6BC1 /* cxShader.c */ = {isa = PBXFileReference; fileEncoding = 4; lastKnownFileType = sourcecode.c.c; path = cxShader.c; sourceTree = "<group>"; };
		83B995BC1925C5A100FD6BC1 /* cxShader.h */ = {isa = PBXFileReference; fileEncoding = 4; lastKnownFileType = sourcecode.c.h; path = cxShader.h; sourceTree = "<group>"; };
		83B995BD1925C5A100FD6BC1 /* cxStream.c */ = {isa = PBXFileReference; fileEncoding = 4; lastKnownFileType = sourcecode.c.c; path = cxStream.c; sourceTree = "<group>"; };
		83B995BE1925C5A100FD6BC1 /* cxStream.h */ = {isa = PBXFileReference; fileEncoding = 4; lastKnownFileType = sourcecode.c.h; path = cxStream.h; sourceTree = "<group>"; };
		83B995BF1925C5A100FD6BC1 /* cxString.c */ = {isa = PBXFileReference; fileEncoding = 4; lastKnownFileType = sourcecode.c.c; path = cxString.c; sourceTree = "<group>"; };
		83B995C01925C5A100FD6BC1 /* cxString.h */ = {isa = PBXFileReference; fileEncoding = 4; lastKnownFileType = sourcecode.c.h; path = cxString.h; sourceTree = "<group>"; };
		83B995C11925C5A100FD6BC1 /* cxTexture.c */ = {isa = PBXFileReference; fileEncoding = 4; lastKnownFileType = sourcecode.c.c; path = cxTexture.c; sourceTree = "<group>"; };
		83B995C21925C5A100FD6BC1 /* cxTexture.h */ = {isa = PBXFileReference; fileEncoding = 4; lastKnownFileType = sourcecode.c.h; path = cxTexture.h; sourceTree = "<group>"; };
		83B995C31925C5A100FD6BC1 /* cxUrlPath.c */ = {isa = PBXFileReference; fileEncoding = 4; lastKnownFileType = sourcecode.c.c; path = cxUrlPath.c; sourceTree = "<group>"; };
		83B995C41925C5A100FD6BC1 /* cxUrlPath.h */ = {isa = PBXFileReference; fileEncoding = 4; lastKnownFileType = sourcecode.c.h; path = cxUrlPath.h; sourceTree = "<group>"; };
		83B995C51925C5A100FD6BC1 /* cxUtil.c */ = {isa = PBXFileReference; fileEncoding = 4; lastKnownFileType = sourcecode.c.c; path = cxUtil.c; sourceTree = "<group>"; };
		83B995C61925C5A100FD6BC1 /* cxUtil.h */ = {isa = PBXFileReference; fileEncoding = 4; lastKnownFileType = sourcecode.c.h; path = cxUtil.h; sourceTree = "<group>"; };
		83B995C71925C5A100FD6BC1 /* cxView.c */ = {isa = PBXFileReference; fileEncoding = 4; lastKnownFileType = sourcecode.c.c; path = cxView.c; sourceTree = "<group>"; };
		83B995C81925C5A100FD6BC1 /* cxView.h */ = {isa = PBXFileReference; fileEncoding = 4; lastKnownFileType = sourcecode.c.h; path = cxView.h; sourceTree = "<group>"; };
		83F7C6061925C002005916D4 /* cxArray.c */ = {isa = PBXFileReference; fileEncoding = 4; lastKnownFileType = sourcecode.c.c; path = cxArray.c; sourceTree = "<group>"; };
		83F7C6071925C002005916D4 /* cxArray.h */ = {isa = PBXFileReference; fileEncoding = 4; lastKnownFileType = sourcecode.c.h; path = cxArray.h; sourceTree = "<group>"; };
		83F7C6081925C002005916D4 /* cxBase.h */ = {isa = PBXFileReference; fileEncoding = 4; lastKnownFileType = sourcecode.c.h; path = cxBase.h; sourceTree = "<group>"; };
		83F7C6091925C002005916D4 /* cxCore.c */ = {isa = PBXFileReference; fileEncoding = 4; lastKnownFileType = sourcecode.c.c; path = cxCore.c; sourceTree = "<group>"; };
		83F7C60A1925C002005916D4 /* cxCore.h */ = {isa = PBXFileReference; fileEncoding = 4; lastKnownFileType = sourcecode.c.h; path = cxCore.h; sourceTree = "<group>"; };
		83F7C60B1925C002005916D4 /* cxHash.c */ = {isa = PBXFileReference; fileEncoding = 4; lastKnownFileType = sourcecode.c.c; path = cxHash.c; sourceTree = "<group>"; };
		83F7C60C1925C002005916D4 /* cxHash.h */ = {isa = PBXFileReference; fileEncoding = 4; lastKnownFileType = sourcecode.c.h; path = cxHash.h; sourceTree = "<group>"; };
		83F7C60D1925C002005916D4 /* cxList.c */ = {isa = PBXFileReference; fileEncoding = 4; lastKnownFileType = sourcecode.c.c; path = cxList.c; sourceTree = "<group>"; };
		83F7C60E1925C002005916D4 /* cxList.h */ = {isa = PBXFileReference; fileEncoding = 4; lastKnownFileType = sourcecode.c.h; path = cxList.h; sourceTree = "<group>"; };
		83F7C60F1925C002005916D4 /* cxMemPool.c */ = {isa = PBXFileReference; fileEncoding = 4; lastKnownFileType = sourcecode.c.c; path = cxMemPool.c; sourceTree = "<group>"; };
		83F7C6101925C002005916D4 /* cxMemPool.h */ = {isa = PBXFileReference; fileEncoding = 4; lastKnownFileType = sourcecode.c.h; path = cxMemPool.h; sourceTree = "<group>"; };
		83F7C6111925C002005916D4 /* cxProperty.c */ = {isa = PBXFileReference; fileEncoding = 4; lastKnownFileType = sourcecode.c.c; path = cxProperty.c; sourceTree = "<group>"; };
		83F7C6121925C002005916D4 /* cxProperty.h */ = {isa = PBXFileReference; fileEncoding = 4; lastKnownFileType = sourcecode.c.h; path = cxProperty.h; sourceTree = "<group>"; };
		83F7C6131925C002005916D4 /* cxStack.c */ = {isa = PBXFileReference; fileEncoding = 4; lastKnownFileType = sourcecode.c.c; path = cxStack.c; sourceTree = "<group>"; };
		83F7C6141925C002005916D4 /* cxStack.h */ = {isa = PBXFileReference; fileEncoding = 4; lastKnownFileType = sourcecode.c.h; path = cxStack.h; sourceTree = "<group>"; };
		83F7C6151925C002005916D4 /* cxType.c */ = {isa = PBXFileReference; fileEncoding = 4; lastKnownFileType = sourcecode.c.c; path = cxType.c; sourceTree = "<group>"; };
		83F7C6161925C002005916D4 /* cxType.h */ = {isa = PBXFileReference; fileEncoding = 4; lastKnownFileType = sourcecode.c.h; path = cxType.h; sourceTree = "<group>"; };
		83F7C6171925C002005916D4 /* utarray.h */ = {isa = PBXFileReference; fileEncoding = 4; lastKnownFileType = sourcecode.c.h; path = utarray.h; sourceTree = "<group>"; };
		83F7C6181925C002005916D4 /* uthash.h */ = {isa = PBXFileReference; fileEncoding = 4; lastKnownFileType = sourcecode.c.h; path = uthash.h; sourceTree = "<group>"; };
		83F7C6191925C002005916D4 /* utlist.h */ = {isa = PBXFileReference; fileEncoding = 4; lastKnownFileType = sourcecode.c.h; path = utlist.h; sourceTree = "<group>"; };
/* End PBXFileReference section */

/* Begin PBXFrameworksBuildPhase section */
		8341C34818227C310045A66F /* Frameworks */ = {
			isa = PBXFrameworksBuildPhase;
			buildActionMask = 2147483647;
			files = (
			);
			runOnlyForDeploymentPostprocessing = 0;
		};
/* End PBXFrameworksBuildPhase section */

/* Begin PBXGroup section */
		8341C34218227C310045A66F = {
			isa = PBXGroup;
			children = (
				83B9959D1925C5A100FD6BC1 /* engine */,
				83F7C6041925C002005916D4 /* cxCore */,
				8341C34D18227C310045A66F /* Frameworks */,
				8341C67818227FA10045A66F /* ios */,
				83B08CF21909FCB4005A63D2 /* jansson */,
				8341C5A418227DF20045A66F /* kazmath */,
				8341C34C18227C310045A66F /* Products */,
			);
			sourceTree = "<group>";
		};
		8341C34C18227C310045A66F /* Products */ = {
			isa = PBXGroup;
			children = (
				8341C34B18227C310045A66F /* libcxEngineIOS.a */,
			);
			name = Products;
			sourceTree = "<group>";
		};
		8341C34D18227C310045A66F /* Frameworks */ = {
			isa = PBXGroup;
			children = (
				8341C67618227F030045A66F /* QuartzCore.framework */,
				8341C67418227EA60045A66F /* OpenAL.framework */,
				8341C67218227E9E0045A66F /* OpenGLES.framework */,
				8341C67018227E8A0045A66F /* CoreGraphics.framework */,
				8341C66E18227E800045A66F /* UIKit.framework */,
				8341C66C18227E680045A66F /* Foundation.framework */,
				8341C4F718227DDF0045A66F /* libdb.a */,
				8341C4F818227DDF0045A66F /* libevent.a */,
				8341C4F918227DDF0045A66F /* libfreetype.a */,
				8341C4FA18227DDF0045A66F /* libjpeg.a */,
				8341C4FB18227DDF0045A66F /* libpng.a */,
				8341C38218227D380045A66F /* libiconv.dylib */,
				8341C38018227D320045A66F /* libxml2.dylib */,
				8341C37E18227D2D0045A66F /* libz.dylib */,
			);
			name = Frameworks;
			sourceTree = "<group>";
		};
		8341C5A418227DF20045A66F /* kazmath */ = {
			isa = PBXGroup;
			children = (
				8341C5A518227DF20045A66F /* aabb.c */,
				8341C5A618227DF20045A66F /* aabb.h */,
				8341C5A718227DF20045A66F /* kazmath.h */,
				8341C5A818227DF20045A66F /* mat3.c */,
				8341C5A918227DF20045A66F /* mat3.h */,
				8341C5AA18227DF20045A66F /* mat4.c */,
				8341C5AB18227DF20045A66F /* mat4.h */,
				8341C5AC18227DF20045A66F /* mat4stack.c */,
				8341C5AD18227DF20045A66F /* mat4stack.h */,
				8341C5AE18227DF20045A66F /* matrix.c */,
				8341C5AF18227DF20045A66F /* matrix.h */,
				8341C5B018227DF20045A66F /* plane.c */,
				8341C5B118227DF20045A66F /* plane.h */,
				8341C5B218227DF20045A66F /* quaternion.c */,
				8341C5B318227DF20045A66F /* quaternion.h */,
				8341C5B418227DF20045A66F /* ray2.c */,
				8341C5B518227DF20045A66F /* ray2.h */,
				8341C5B618227DF20045A66F /* ray3.c */,
				8341C5B718227DF20045A66F /* ray3.h */,
				8341C5B818227DF20045A66F /* utility.c */,
				8341C5B918227DF20045A66F /* utility.h */,
				8341C5BA18227DF20045A66F /* vec2.c */,
				8341C5BB18227DF20045A66F /* vec2.h */,
				8341C5BC18227DF20045A66F /* vec3.c */,
				8341C5BD18227DF20045A66F /* vec3.h */,
				8341C5BE18227DF20045A66F /* vec4.c */,
				8341C5BF18227DF20045A66F /* vec4.h */,
			);
			path = kazmath;
			sourceTree = "<group>";
		};
		8341C67818227FA10045A66F /* ios */ = {
			isa = PBXGroup;
			children = (
				8329627918D9C14E002AB028 /* cxEngine.pch */,
				8341C67918227FA10045A66F /* cxAppDelegate.h */,
				8341C67A18227FA10045A66F /* cxAppDelegate.m */,
				8341C67B18227FA10045A66F /* cxEAGLView.h */,
				8341C67C18227FA10045A66F /* cxEAGLView.m */,
				8341C67D18227FA10045A66F /* cxUtil.m */,
				8341C67E18227FA10045A66F /* cxViewController.h */,
				8341C67F18227FA10045A66F /* cxViewController.m */,
				8358342B185EB94D0057E40B /* cxPlayer.m */,
				8344F0A518D3F3C50003E410 /* main.m */,
			);
			path = ios;
			sourceTree = "<group>";
		};
		83B08CF21909FCB4005A63D2 /* jansson */ = {
			isa = PBXGroup;
			children = (
				83B08CF51909FCB4005A63D2 /* dump.c */,
				83B08CF61909FCB4005A63D2 /* error.c */,
				83B08CF71909FCB4005A63D2 /* hashtable.c */,
				83B08CF81909FCB4005A63D2 /* hashtable.h */,
				83B08CF91909FCB4005A63D2 /* hashtable_seed.c */,
				83B08CFA1909FCB4005A63D2 /* jansson.h */,
				83B08CFB1909FCB4005A63D2 /* jansson_config.h */,
				83B08CFC1909FCB4005A63D2 /* jansson_private.h */,
				83B08CFD1909FCB4005A63D2 /* load.c */,
				83B08CFE1909FCB4005A63D2 /* lookup3.h */,
				83B08CFF1909FCB4005A63D2 /* memory.c */,
				83B08D001909FCB4005A63D2 /* pack_unpack.c */,
				83B08D011909FCB4005A63D2 /* strbuffer.c */,
				83B08D021909FCB4005A63D2 /* strbuffer.h */,
				83B08D031909FCB4005A63D2 /* strconv.c */,
				83B08D041909FCB4005A63D2 /* utf.c */,
				83B08D051909FCB4005A63D2 /* utf.h */,
				83B08D061909FCB5005A63D2 /* value.c */,
			);
			path = jansson;
			sourceTree = "<group>";
		};
		83B9959D1925C5A100FD6BC1 /* engine */ = {
			isa = PBXGroup;
			children = (
				83B9959E1925C5A100FD6BC1 /* cxAction.c */,
				83B9959F1925C5A100FD6BC1 /* cxAction.h */,
				83B995A01925C5A100FD6BC1 /* cxBMPFont.c */,
				83B995A11925C5A100FD6BC1 /* cxBMPFont.h */,
				83B995A21925C5A100FD6BC1 /* cxController.c */,
				83B995A31925C5A100FD6BC1 /* cxController.h */,
				83B995A41925C5A100FD6BC1 /* cxEngine.c */,
				83B995A51925C5A100FD6BC1 /* cxEngine.h */,
				83B995A61925C5A100FD6BC1 /* cxGlobal.c */,
				83B995A71925C5A100FD6BC1 /* cxGlobal.h */,
				83B995A81925C5A100FD6BC1 /* cxIconv.c */,
				83B995A91925C5A100FD6BC1 /* cxIconv.h */,
				83B995AA1925C5A100FD6BC1 /* cxInput.h */,
				83B995AB1925C5A100FD6BC1 /* cxJson.c */,
				83B995AC1925C5A100FD6BC1 /* cxJson.h */,
				83B995AD1925C5A100FD6BC1 /* cxMath.c */,
				83B995AE1925C5A100FD6BC1 /* cxMath.h */,
				83B995AF1925C5A100FD6BC1 /* cxMD5.c */,
				83B995B01925C5A100FD6BC1 /* cxMD5.h */,
				83B995B11925C5A100FD6BC1 /* cxMessage.c */,
				83B995B21925C5A100FD6BC1 /* cxMessage.h */,
				83B995B31925C5A100FD6BC1 /* cxNumber.c */,
				83B995B41925C5A100FD6BC1 /* cxNumber.h */,
				83B995B51925C5A100FD6BC1 /* cxOpenGL.c */,
				83B995B61925C5A100FD6BC1 /* cxOpenGL.h */,
				83B995B71925C5A100FD6BC1 /* cxPlayer.c */,
				83B995B81925C5A100FD6BC1 /* cxPlayer.h */,
				83B995B91925C5A100FD6BC1 /* cxRegex.c */,
				83B995BA1925C5A100FD6BC1 /* cxRegex.h */,
				83B995BB1925C5A100FD6BC1 /* cxShader.c */,
				83B995BC1925C5A100FD6BC1 /* cxShader.h */,
				83B995BD1925C5A100FD6BC1 /* cxStream.c */,
				83B995BE1925C5A100FD6BC1 /* cxStream.h */,
				83B995BF1925C5A100FD6BC1 /* cxString.c */,
				83B995C01925C5A100FD6BC1 /* cxString.h */,
				83B995C11925C5A100FD6BC1 /* cxTexture.c */,
				83B995C21925C5A100FD6BC1 /* cxTexture.h */,
				83B995C31925C5A100FD6BC1 /* cxUrlPath.c */,
				83B995C41925C5A100FD6BC1 /* cxUrlPath.h */,
				83B995C51925C5A100FD6BC1 /* cxUtil.c */,
				83B995C61925C5A100FD6BC1 /* cxUtil.h */,
				83B995C71925C5A100FD6BC1 /* cxView.c */,
				83B995C81925C5A100FD6BC1 /* cxView.h */,
			);
			path = engine;
			sourceTree = "<group>";
		};
		83F7C6041925C002005916D4 /* cxCore */ = {
			isa = PBXGroup;
			children = (
				83F7C6061925C002005916D4 /* cxArray.c */,
				83F7C6071925C002005916D4 /* cxArray.h */,
				83F7C6081925C002005916D4 /* cxBase.h */,
				83F7C6091925C002005916D4 /* cxCore.c */,
				83F7C60A1925C002005916D4 /* cxCore.h */,
				83F7C60B1925C002005916D4 /* cxHash.c */,
				83F7C60C1925C002005916D4 /* cxHash.h */,
				83F7C60D1925C002005916D4 /* cxList.c */,
				83F7C60E1925C002005916D4 /* cxList.h */,
				83F7C60F1925C002005916D4 /* cxMemPool.c */,
				83F7C6101925C002005916D4 /* cxMemPool.h */,
				83F7C6111925C002005916D4 /* cxProperty.c */,
				83F7C6121925C002005916D4 /* cxProperty.h */,
				83F7C6131925C002005916D4 /* cxStack.c */,
				83F7C6141925C002005916D4 /* cxStack.h */,
				83F7C6151925C002005916D4 /* cxType.c */,
				83F7C6161925C002005916D4 /* cxType.h */,
				83F7C6171925C002005916D4 /* utarray.h */,
				83F7C6181925C002005916D4 /* uthash.h */,
				83F7C6191925C002005916D4 /* utlist.h */,
			);
			path = cxCore;
			sourceTree = "<group>";
		};
/* End PBXGroup section */

/* Begin PBXNativeTarget section */
		8341C34A18227C310045A66F /* cxEngineIOS */ = {
			isa = PBXNativeTarget;
			buildConfigurationList = 8341C36E18227C310045A66F /* Build configuration list for PBXNativeTarget "cxEngineIOS" */;
			buildPhases = (
				8341C34718227C310045A66F /* Sources */,
				8341C34818227C310045A66F /* Frameworks */,
				8341C34918227C310045A66F /* CopyFiles */,
			);
			buildRules = (
			);
			dependencies = (
			);
			name = cxEngineIOS;
			productName = cxEngineIOS;
			productReference = 8341C34B18227C310045A66F /* libcxEngineIOS.a */;
			productType = "com.apple.product-type.library.static";
		};
/* End PBXNativeTarget section */

/* Begin PBXProject section */
		8341C34318227C310045A66F /* Project object */ = {
			isa = PBXProject;
			attributes = {
				LastUpgradeCheck = 0510;
				ORGANIZATIONNAME = xuhua;
			};
			buildConfigurationList = 8341C34618227C310045A66F /* Build configuration list for PBXProject "cxEngineIOS" */;
			compatibilityVersion = "Xcode 3.2";
			developmentRegion = English;
			hasScannedForEncodings = 0;
			knownRegions = (
				en,
			);
			mainGroup = 8341C34218227C310045A66F;
			productRefGroup = 8341C34C18227C310045A66F /* Products */;
			projectDirPath = "";
			projectRoot = "";
			targets = (
				8341C34A18227C310045A66F /* cxEngineIOS */,
			);
		};
/* End PBXProject section */

/* Begin PBXSourcesBuildPhase section */
		8341C34718227C310045A66F /* Sources */ = {
			isa = PBXSourcesBuildPhase;
			buildActionMask = 2147483647;
			files = (
				83B995DC1925C5A100FD6BC1 /* cxUtil.c in Sources */,
				8341C64A18227DF30045A66F /* mat4stack.c in Sources */,
				83B995DB1925C5A100FD6BC1 /* cxUrlPath.c in Sources */,
				83F7C61A1925C002005916D4 /* cxArray.c in Sources */,
				83F7C61F1925C002005916D4 /* cxProperty.c in Sources */,
				83F7C61B1925C002005916D4 /* cxCore.c in Sources */,
				8341C65218227DF30045A66F /* vec3.c in Sources */,
				8341C65318227DF30045A66F /* vec4.c in Sources */,
				8341C65018227DF30045A66F /* utility.c in Sources */,
				83B995D51925C5A100FD6BC1 /* cxPlayer.c in Sources */,
				83B995D61925C5A100FD6BC1 /* cxRegex.c in Sources */,
				83B08D0F1909FCB5005A63D2 /* strconv.c in Sources */,
				8341C64918227DF30045A66F /* mat4.c in Sources */,
				8341C68018227FA10045A66F /* cxAppDelegate.m in Sources */,
				83F7C61C1925C002005916D4 /* cxHash.c in Sources */,
				8344F0A618D3F3C50003E410 /* main.m in Sources */,
				83B995D21925C5A100FD6BC1 /* cxMessage.c in Sources */,
				83F7C6211925C002005916D4 /* cxType.c in Sources */,
				83B995CA1925C5A100FD6BC1 /* cxBMPFont.c in Sources */,
				83B08D0E1909FCB5005A63D2 /* strbuffer.c in Sources */,
				83B08D071909FCB5005A63D2 /* dump.c in Sources */,
				83B995CC1925C5A100FD6BC1 /* cxEngine.c in Sources */,
				8341C64E18227DF30045A66F /* ray2.c in Sources */,
				83B08D0D1909FCB5005A63D2 /* pack_unpack.c in Sources */,
				83B08D0A1909FCB5005A63D2 /* hashtable_seed.c in Sources */,
				83B08D0B1909FCB5005A63D2 /* load.c in Sources */,
				83B995CF1925C5A100FD6BC1 /* cxJson.c in Sources */,
				8341C64B18227DF30045A66F /* matrix.c in Sources */,
				83B08D111909FCB5005A63D2 /* value.c in Sources */,
				83B995CD1925C5A100FD6BC1 /* cxGlobal.c in Sources */,
				8358342C185EB94D0057E40B /* cxPlayer.m in Sources */,
				8341C64D18227DF30045A66F /* quaternion.c in Sources */,
				83B08D101909FCB5005A63D2 /* utf.c in Sources */,
				83B08D081909FCB5005A63D2 /* error.c in Sources */,
				83F7C61D1925C002005916D4 /* cxList.c in Sources */,
				8341C65118227DF30045A66F /* vec2.c in Sources */,
				8341C68118227FA10045A66F /* cxEAGLView.m in Sources */,
				83B08D0C1909FCB5005A63D2 /* memory.c in Sources */,
				83B995D81925C5A100FD6BC1 /* cxStream.c in Sources */,
				83F7C61E1925C002005916D4 /* cxMemPool.c in Sources */,
				8341C68318227FA10045A66F /* cxViewController.m in Sources */,
				83B995D91925C5A100FD6BC1 /* cxString.c in Sources */,
				83B995CB1925C5A100FD6BC1 /* cxController.c in Sources */,
				83B995DD1925C5A100FD6BC1 /* cxView.c in Sources */,
				83B995D01925C5A100FD6BC1 /* cxMath.c in Sources */,
				8341C64718227DF30045A66F /* aabb.c in Sources */,
				83B995D71925C5A100FD6BC1 /* cxShader.c in Sources */,
				83B995D41925C5A100FD6BC1 /* cxOpenGL.c in Sources */,
				83B995D11925C5A100FD6BC1 /* cxMD5.c in Sources */,
				8341C64818227DF30045A66F /* mat3.c in Sources */,
				8341C64F18227DF30045A66F /* ray3.c in Sources */,
				83B995DA1925C5A100FD6BC1 /* cxTexture.c in Sources */,
				83F7C6201925C002005916D4 /* cxStack.c in Sources */,
				83B08D091909FCB5005A63D2 /* hashtable.c in Sources */,
				83B995CE1925C5A100FD6BC1 /* cxIconv.c in Sources */,
				83B995C91925C5A100FD6BC1 /* cxAction.c in Sources */,
				83B995D31925C5A100FD6BC1 /* cxNumber.c in Sources */,
				8341C64C18227DF30045A66F /* plane.c in Sources */,
				8341C68218227FA10045A66F /* cxUtil.m in Sources */,
			);
			runOnlyForDeploymentPostprocessing = 0;
		};
/* End PBXSourcesBuildPhase section */

/* Begin XCBuildConfiguration section */
		8341C36C18227C310045A66F /* Debug */ = {
			isa = XCBuildConfiguration;
			buildSettings = {
				ALWAYS_SEARCH_USER_PATHS = NO;
				CLANG_CXX_LANGUAGE_STANDARD = "gnu++0x";
				CLANG_CXX_LIBRARY = "libc++";
				CLANG_ENABLE_MODULES = YES;
				CLANG_ENABLE_OBJC_ARC = YES;
				CLANG_WARN_BOOL_CONVERSION = YES;
				CLANG_WARN_CONSTANT_CONVERSION = YES;
				CLANG_WARN_DIRECT_OBJC_ISA_USAGE = YES_ERROR;
				CLANG_WARN_EMPTY_BODY = YES;
				CLANG_WARN_ENUM_CONVERSION = YES;
				CLANG_WARN_INT_CONVERSION = YES;
				CLANG_WARN_OBJC_ROOT_CLASS = YES_ERROR;
				CLANG_WARN__DUPLICATE_METHOD_MATCH = YES;
				COPY_PHASE_STRIP = NO;
				GCC_C_LANGUAGE_STANDARD = gnu99;
				GCC_DYNAMIC_NO_PIC = NO;
				GCC_OPTIMIZATION_LEVEL = 0;
				GCC_PREPROCESSOR_DEFINITIONS = (
					"DEBUG=1",
					"$(inherited)",
				);
				GCC_SYMBOLS_PRIVATE_EXTERN = NO;
				GCC_WARN_64_TO_32_BIT_CONVERSION = YES;
				GCC_WARN_ABOUT_RETURN_TYPE = YES_ERROR;
				GCC_WARN_UNDECLARED_SELECTOR = YES;
				GCC_WARN_UNINITIALIZED_AUTOS = YES;
				GCC_WARN_UNUSED_FUNCTION = YES;
				GCC_WARN_UNUSED_VARIABLE = YES;
				IPHONEOS_DEPLOYMENT_TARGET = 7.0;
				ONLY_ACTIVE_ARCH = NO;
				SDKROOT = iphoneos;
			};
			name = Debug;
		};
		8341C36D18227C310045A66F /* Release */ = {
			isa = XCBuildConfiguration;
			buildSettings = {
				ALWAYS_SEARCH_USER_PATHS = NO;
				CLANG_CXX_LANGUAGE_STANDARD = "gnu++0x";
				CLANG_CXX_LIBRARY = "libc++";
				CLANG_ENABLE_MODULES = YES;
				CLANG_ENABLE_OBJC_ARC = YES;
				CLANG_WARN_BOOL_CONVERSION = YES;
				CLANG_WARN_CONSTANT_CONVERSION = YES;
				CLANG_WARN_DIRECT_OBJC_ISA_USAGE = YES_ERROR;
				CLANG_WARN_EMPTY_BODY = YES;
				CLANG_WARN_ENUM_CONVERSION = YES;
				CLANG_WARN_INT_CONVERSION = YES;
				CLANG_WARN_OBJC_ROOT_CLASS = YES_ERROR;
				CLANG_WARN__DUPLICATE_METHOD_MATCH = YES;
				COPY_PHASE_STRIP = YES;
				ENABLE_NS_ASSERTIONS = NO;
				GCC_C_LANGUAGE_STANDARD = gnu99;
				GCC_WARN_64_TO_32_BIT_CONVERSION = YES;
				GCC_WARN_ABOUT_RETURN_TYPE = YES_ERROR;
				GCC_WARN_UNDECLARED_SELECTOR = YES;
				GCC_WARN_UNINITIALIZED_AUTOS = YES;
				GCC_WARN_UNUSED_FUNCTION = YES;
				GCC_WARN_UNUSED_VARIABLE = YES;
				IPHONEOS_DEPLOYMENT_TARGET = 7.0;
				ONLY_ACTIVE_ARCH = NO;
				SDKROOT = iphoneos;
				VALIDATE_PRODUCT = YES;
			};
			name = Release;
		};
		8341C36F18227C310045A66F /* Debug */ = {
			isa = XCBuildConfiguration;
			buildSettings = {
				CLANG_ENABLE_OBJC_ARC = NO;
				DSTROOT = /tmp/cxEngineIOS.dst;
				GCC_PRECOMPILE_PREFIX_HEADER = YES;
				GCC_PREFIX_HEADER = ios/cxEngine.pch;
				GCC_PREPROCESSOR_DEFINITIONS = (
					"DEBUG=1",
					"CX_TARGET_IOS=1",
				);
				HEADER_SEARCH_PATHS = (
					"$(SRCROOT)",
					"$(SRCROOT)/libs/ios/include",
				);
				LIBRARY_SEARCH_PATHS = (
					"$(SRCROOT)/libs/ios/lib",
					/Users/xuhua/cxEngine/libs/ios/lib,
				);
				OTHER_LDFLAGS = "-ObjC";
				PRODUCT_NAME = "$(TARGET_NAME)";
				SKIP_INSTALL = YES;
				VALID_ARCHS = "armv7 armv7s";
			};
			name = Debug;
		};
		8341C37018227C310045A66F /* Release */ = {
			isa = XCBuildConfiguration;
			buildSettings = {
				CLANG_ENABLE_OBJC_ARC = NO;
				DSTROOT = /tmp/cxEngineIOS.dst;
				GCC_PRECOMPILE_PREFIX_HEADER = YES;
				GCC_PREFIX_HEADER = ios/cxEngine.pch;
				GCC_PREPROCESSOR_DEFINITIONS = (
					"CX_TARGET_IOS=1",
					"NDEBUG=1",
				);
				HEADER_SEARCH_PATHS = (
					"$(SRCROOT)",
					"$(SRCROOT)/libs/ios/include",
				);
				LIBRARY_SEARCH_PATHS = (
					"$(SRCROOT)/libs/ios/lib",
					/Users/xuhua/cxEngine/libs/ios/lib,
				);
				OTHER_LDFLAGS = "-ObjC";
				PRODUCT_NAME = "$(TARGET_NAME)";
				SKIP_INSTALL = YES;
				VALID_ARCHS = "armv7 armv7s";
			};
			name = Release;
		};
/* End XCBuildConfiguration section */

/* Begin XCConfigurationList section */
		8341C34618227C310045A66F /* Build configuration list for PBXProject "cxEngineIOS" */ = {
			isa = XCConfigurationList;
			buildConfigurations = (
				8341C36C18227C310045A66F /* Debug */,
				8341C36D18227C310045A66F /* Release */,
			);
			defaultConfigurationIsVisible = 0;
			defaultConfigurationName = Release;
		};
		8341C36E18227C310045A66F /* Build configuration list for PBXNativeTarget "cxEngineIOS" */ = {
			isa = XCConfigurationList;
			buildConfigurations = (
				8341C36F18227C310045A66F /* Debug */,
				8341C37018227C310045A66F /* Release */,
			);
			defaultConfigurationIsVisible = 0;
			defaultConfigurationName = Release;
		};
/* End XCConfigurationList section */
	};
	rootObject = 8341C34318227C310045A66F /* Project object */;
}
